// !$*UTF8*$!
{
	archiveVersion = 1;
	classes = {
	};
	objectVersion = 55;
	objects = {

/* Begin PBXBuildFile section */
		FAD84D0B2711C9FB0068BA5E /* Assets.xcassets in Resources */ = {isa = PBXBuildFile; fileRef = FAD84D0A2711C9FB0068BA5E /* Assets.xcassets */; };
		FAE13DD6271068E40077C3B1 /* AppDelegate.swift in Sources */ = {isa = PBXBuildFile; fileRef = FAE13DD5271068E40077C3B1 /* AppDelegate.swift */; };
		FAE13DD8271068E40077C3B1 /* SceneDelegate.swift in Sources */ = {isa = PBXBuildFile; fileRef = FAE13DD7271068E40077C3B1 /* SceneDelegate.swift */; };
		FAE13DDA271068E40077C3B1 /* ViewController.swift in Sources */ = {isa = PBXBuildFile; fileRef = FAE13DD9271068E40077C3B1 /* ViewController.swift */; };
		FAE13DDD271068E40077C3B1 /* Main.storyboard in Resources */ = {isa = PBXBuildFile; fileRef = FAE13DDB271068E40077C3B1 /* Main.storyboard */; };
		FAE13DE2271068E60077C3B1 /* LaunchScreen.storyboard in Resources */ = {isa = PBXBuildFile; fileRef = FAE13DE0271068E60077C3B1 /* LaunchScreen.storyboard */; };
		FAE13DEC27107DE90077C3B1 /* ResturantDetailController.swift in Sources */ = {isa = PBXBuildFile; fileRef = FAE13DEB27107DE90077C3B1 /* ResturantDetailController.swift */; };
		FAE13DEE271081600077C3B1 /* ResturantModel.swift in Sources */ = {isa = PBXBuildFile; fileRef = FAE13DED271081600077C3B1 /* ResturantModel.swift */; };
		FAE13DF027109EB10077C3B1 /* ResturantTableViewController.swift in Sources */ = {isa = PBXBuildFile; fileRef = FAE13DEF27109EB10077C3B1 /* ResturantTableViewController.swift */; };
		FAE13DF22710ADAC0077C3B1 /* ResturantCell.swift in Sources */ = {isa = PBXBuildFile; fileRef = FAE13DF12710ADAC0077C3B1 /* ResturantCell.swift */; };
/* End PBXBuildFile section */

/* Begin PBXFileReference section */
		FAD84D0A2711C9FB0068BA5E /* Assets.xcassets */ = {isa = PBXFileReference; lastKnownFileType = folder.assetcatalog; path = Assets.xcassets; sourceTree = "<group>"; };
		FAE13DD2271068E40077C3B1 /* RAPP.app */ = {isa = PBXFileReference; explicitFileType = wrapper.application; includeInIndex = 0; path = RAPP.app; sourceTree = BUILT_PRODUCTS_DIR; };
		FAE13DD5271068E40077C3B1 /* AppDelegate.swift */ = {isa = PBXFileReference; lastKnownFileType = sourcecode.swift; path = AppDelegate.swift; sourceTree = "<group>"; };
		FAE13DD7271068E40077C3B1 /* SceneDelegate.swift */ = {isa = PBXFileReference; lastKnownFileType = sourcecode.swift; path = SceneDelegate.swift; sourceTree = "<group>"; };
		FAE13DD9271068E40077C3B1 /* ViewController.swift */ = {isa = PBXFileReference; lastKnownFileType = sourcecode.swift; path = ViewController.swift; sourceTree = "<group>"; };
		FAE13DDC271068E40077C3B1 /* Base */ = {isa = PBXFileReference; lastKnownFileType = file.storyboard; name = Base; path = Base.lproj/Main.storyboard; sourceTree = "<group>"; };
		FAE13DE1271068E60077C3B1 /* Base */ = {isa = PBXFileReference; lastKnownFileType = file.storyboard; name = Base; path = Base.lproj/LaunchScreen.storyboard; sourceTree = "<group>"; };
		FAE13DE3271068E60077C3B1 /* Info.plist */ = {isa = PBXFileReference; lastKnownFileType = text.plist.xml; path = Info.plist; sourceTree = "<group>"; };
		FAE13DEB27107DE90077C3B1 /* ResturantDetailController.swift */ = {isa = PBXFileReference; lastKnownFileType = sourcecode.swift; path = ResturantDetailController.swift; sourceTree = "<group>"; };
		FAE13DED271081600077C3B1 /* ResturantModel.swift */ = {isa = PBXFileReference; lastKnownFileType = sourcecode.swift; path = ResturantModel.swift; sourceTree = "<group>"; };
		FAE13DEF27109EB10077C3B1 /* ResturantTableViewController.swift */ = {isa = PBXFileReference; lastKnownFileType = sourcecode.swift; path = ResturantTableViewController.swift; sourceTree = "<group>"; };
		FAE13DF12710ADAC0077C3B1 /* ResturantCell.swift */ = {isa = PBXFileReference; lastKnownFileType = sourcecode.swift; path = ResturantCell.swift; sourceTree = "<group>"; };
/* End PBXFileReference section */

/* Begin PBXFrameworksBuildPhase section */
		FAE13DCF271068E40077C3B1 /* Frameworks */ = {
			isa = PBXFrameworksBuildPhase;
			buildActionMask = 2147483647;
			files = (
			);
			runOnlyForDeploymentPostprocessing = 0;
		};
/* End PBXFrameworksBuildPhase section */

/* Begin PBXGroup section */
		FAE13DC9271068E40077C3B1 = {
			isa = PBXGroup;
			children = (
				FAE13DD4271068E40077C3B1 /* RAPP */,
				FAE13DD3271068E40077C3B1 /* Products */,
			);
			sourceTree = "<group>";
		};
		FAE13DD3271068E40077C3B1 /* Products */ = {
			isa = PBXGroup;
			children = (
				FAE13DD2271068E40077C3B1 /* RAPP.app */,
			);
			name = Products;
			sourceTree = "<group>";
		};
		FAE13DD4271068E40077C3B1 /* RAPP */ = {
			isa = PBXGroup;
			children = (
				FAE13DD5271068E40077C3B1 /* AppDelegate.swift */,
				FAE13DD7271068E40077C3B1 /* SceneDelegate.swift */,
				FAE13DD9271068E40077C3B1 /* ViewController.swift */,
				FAE13DDB271068E40077C3B1 /* Main.storyboard */,
				FAE13DF12710ADAC0077C3B1 /* ResturantCell.swift */,
				FAE13DEF27109EB10077C3B1 /* ResturantTableViewController.swift */,
				FAE13DEB27107DE90077C3B1 /* ResturantDetailController.swift */,
				FAE13DED271081600077C3B1 /* ResturantModel.swift */,
				FAE13DE0271068E60077C3B1 /* LaunchScreen.storyboard */,
				FAE13DE3271068E60077C3B1 /* Info.plist */,
				FAD84D0A2711C9FB0068BA5E /* Assets.xcassets */,
			);
			path = RAPP;
			sourceTree = "<group>";
		};
/* End PBXGroup section */

/* Begin PBXNativeTarget section */
		FAE13DD1271068E40077C3B1 /* RAPP */ = {
			isa = PBXNativeTarget;
			buildConfigurationList = FAE13DE6271068E60077C3B1 /* Build configuration list for PBXNativeTarget "RAPP" */;
			buildPhases = (
				FAE13DCE271068E40077C3B1 /* Sources */,
				FAE13DCF271068E40077C3B1 /* Frameworks */,
				FAE13DD0271068E40077C3B1 /* Resources */,
			);
			buildRules = (
			);
			dependencies = (
			);
			name = RAPP;
			productName = RAPP;
			productReference = FAE13DD2271068E40077C3B1 /* RAPP.app */;
			productType = "com.apple.product-type.application";
		};
/* End PBXNativeTarget section */

/* Begin PBXProject section */
		FAE13DCA271068E40077C3B1 /* Project object */ = {
			isa = PBXProject;
			attributes = {
				BuildIndependentTargetsInParallel = 1;
				LastSwiftUpdateCheck = 1300;
				LastUpgradeCheck = 1300;
				TargetAttributes = {
					FAE13DD1271068E40077C3B1 = {
						CreatedOnToolsVersion = 13.0;
					};
				};
			};
			buildConfigurationList = FAE13DCD271068E40077C3B1 /* Build configuration list for PBXProject "RAPP" */;
			compatibilityVersion = "Xcode 13.0";
			developmentRegion = en;
			hasScannedForEncodings = 0;
			knownRegions = (
				en,
				Base,
			);
			mainGroup = FAE13DC9271068E40077C3B1;
			productRefGroup = FAE13DD3271068E40077C3B1 /* Products */;
			projectDirPath = "";
			projectRoot = "";
			targets = (
				FAE13DD1271068E40077C3B1 /* RAPP */,
			);
		};
/* End PBXProject section */

/* Begin PBXResourcesBuildPhase section */
		FAE13DD0271068E40077C3B1 /* Resources */ = {
			isa = PBXResourcesBuildPhase;
			buildActionMask = 2147483647;
			files = (
				FAE13DE2271068E60077C3B1 /* LaunchScreen.storyboard in Resources */,
				FAD84D0B2711C9FB0068BA5E /* Assets.xcassets in Resources */,
				FAE13DDD271068E40077C3B1 /* Main.storyboard in Resources */,
			);
			runOnlyForDeploymentPostprocessing = 0;
		};
/* End PBXResourcesBuildPhase section */

/* Begin PBXSourcesBuildPhase section */
		FAE13DCE271068E40077C3B1 /* Sources */ = {
			isa = PBXSourcesBuildPhase;
			buildActionMask = 2147483647;
			files = (
				FAE13DEE271081600077C3B1 /* ResturantModel.swift in Sources */,
				FAE13DDA271068E40077C3B1 /* ViewController.swift in Sources */,
				FAE13DF027109EB10077C3B1 /* ResturantTableViewController.swift in Sources */,
				FAE13DEC27107DE90077C3B1 /* ResturantDetailController.swift in Sources */,
				FAE13DD6271068E40077C3B1 /* AppDelegate.swift in Sources */,
				FAE13DF22710ADAC0077C3B1 /* ResturantCell.swift in Sources */,
				FAE13DD8271068E40077C3B1 /* SceneDelegate.swift in Sources */,
			);
			runOnlyForDeploymentPostprocessing = 0;
		};
/* End PBXSourcesBuildPhase section */

/* Begin PBXVariantGroup section */
		FAE13DDB271068E40077C3B1 /* Main.storyboard */ = {
			isa = PBXVariantGroup;
			children = (
				FAE13DDC271068E40077C3B1 /* Base */,
			);
			name = Main.storyboard;
			sourceTree = "<group>";
		};
		FAE13DE0271068E60077C3B1 /* LaunchScreen.storyboard */ = {
			isa = PBXVariantGroup;
			children = (
				FAE13DE1271068E60077C3B1 /* Base */,
			);
			name = LaunchScreen.storyboard;
			sourceTree = "<group>";
		};
/* End PBXVariantGroup section */

/* Begin XCBuildConfiguration section */
		FAE13DE4271068E60077C3B1 /* Debug */ = {
			isa = XCBuildConfiguration;
			buildSettings = {
				ALWAYS_SEARCH_USER_PATHS = NO;
				CLANG_ANALYZER_NONNULL = YES;
				CLANG_ANALYZER_NUMBER_OBJECT_CONVERSION = YES_AGGRESSIVE;
				CLANG_CXX_LANGUAGE_STANDARD = "gnu++17";
				CLANG_CXX_LIBRARY = "libc++";
				CLANG_ENABLE_MODULES = YES;
				CLANG_ENABLE_OBJC_ARC = YES;
				CLANG_ENABLE_OBJC_WEAK = YES;
				CLANG_WARN_BLOCK_CAPTURE_AUTORELEASING = YES;
				CLANG_WARN_BOOL_CONVERSION = YES;
				CLANG_WARN_COMMA = YES;
				CLANG_WARN_CONSTANT_CONVERSION = YES;
				CLANG_WARN_DEPRECATED_OBJC_IMPLEMENTATIONS = YES;
				CLANG_WARN_DIRECT_OBJC_ISA_USAGE = YES_ERROR;
				CLANG_WARN_DOCUMENTATION_COMMENTS = YES;
				CLANG_WARN_EMPTY_BODY = YES;
				CLANG_WARN_ENUM_CONVERSION = YES;
				CLANG_WARN_INFINITE_RECURSION = YES;
				CLANG_WARN_INT_CONVERSION = YES;
				CLANG_WARN_NON_LITERAL_NULL_CONVERSION = YES;
				CLANG_WARN_OBJC_IMPLICIT_RETAIN_SELF = YES;
				CLANG_WARN_OBJC_LITERAL_CONVERSION = YES;
				CLANG_WARN_OBJC_ROOT_CLASS = YES_ERROR;
				CLANG_WARN_QUOTED_INCLUDE_IN_FRAMEWORK_HEADER = YES;
				CLANG_WARN_RANGE_LOOP_ANALYSIS = YES;
				CLANG_WARN_STRICT_PROTOTYPES = YES;
				CLANG_WARN_SUSPICIOUS_MOVE = YES;
				CLANG_WARN_UNGUARDED_AVAILABILITY = YES_AGGRESSIVE;
				CLANG_WARN_UNREACHABLE_CODE = YES;
				CLANG_WARN__DUPLICATE_METHOD_MATCH = YES;
				COPY_PHASE_STRIP = NO;
				DEBUG_INFORMATION_FORMAT = dwarf;
				ENABLE_STRICT_OBJC_MSGSEND = YES;
				ENABLE_TESTABILITY = YES;
				GCC_C_LANGUAGE_STANDARD = gnu11;
				GCC_DYNAMIC_NO_PIC = NO;
				GCC_NO_COMMON_BLOCKS = YES;
				GCC_OPTIMIZATION_LEVEL = 0;
				GCC_PREPROCESSOR_DEFINITIONS = (
					"DEBUG=1",
					"$(inherited)",
				);
				GCC_WARN_64_TO_32_BIT_CONVERSION = YES;
				GCC_WARN_ABOUT_RETURN_TYPE = YES_ERROR;
				GCC_WARN_UNDECLARED_SELECTOR = YES;
				GCC_WARN_UNINITIALIZED_AUTOS = YES_AGGRESSIVE;
				GCC_WARN_UNUSED_FUNCTION = YES;
				GCC_WARN_UNUSED_VARIABLE = YES;
				IPHONEOS_DEPLOYMENT_TARGET = 15.0;
				MTL_ENABLE_DEBUG_INFO = INCLUDE_SOURCE;
				MTL_FAST_MATH = YES;
				ONLY_ACTIVE_ARCH = YES;
				SDKROOT = iphoneos;
				SWIFT_ACTIVE_COMPILATION_CONDITIONS = DEBUG;
				SWIFT_OPTIMIZATION_LEVEL = "-Onone";
			};
			name = Debug;
		};
		FAE13DE5271068E60077C3B1 /* Release */ = {
			isa = XCBuildConfiguration;
			buildSettings = {
				ALWAYS_SEARCH_USER_PATHS = NO;
				CLANG_ANALYZER_NONNULL = YES;
				CLANG_ANALYZER_NUMBER_OBJECT_CONVERSION = YES_AGGRESSIVE;
				CLANG_CXX_LANGUAGE_STANDARD = "gnu++17";
				CLANG_CXX_LIBRARY = "libc++";
				CLANG_ENABLE_MODULES = YES;
				CLANG_ENABLE_OBJC_ARC = YES;
				CLANG_ENABLE_OBJC_WEAK = YES;
				CLANG_WARN_BLOCK_CAPTURE_AUTORELEASING = YES;
				CLANG_WARN_BOOL_CONVERSION = YES;
				CLANG_WARN_COMMA = YES;
				CLANG_WARN_CONSTANT_CONVERSION = YES;
				CLANG_WARN_DEPRECATED_OBJC_IMPLEMENTATIONS = YES;
				CLANG_WARN_DIRECT_OBJC_ISA_USAGE = YES_ERROR;
				CLANG_WARN_DOCUMENTATION_COMMENTS = YES;
				CLANG_WARN_EMPTY_BODY = YES;
				CLANG_WARN_ENUM_CONVERSION = YES;
				CLANG_WARN_INFINITE_RECURSION = YES;
				CLANG_WARN_INT_CONVERSION = YES;
				CLANG_WARN_NON_LITERAL_NULL_CONVERSION = YES;
				CLANG_WARN_OBJC_IMPLICIT_RETAIN_SELF = YES;
				CLANG_WARN_OBJC_LITERAL_CONVERSION = YES;
				CLANG_WARN_OBJC_ROOT_CLASS = YES_ERROR;
				CLANG_WARN_QUOTED_INCLUDE_IN_FRAMEWORK_HEADER = YES;
				CLANG_WARN_RANGE_LOOP_ANALYSIS = YES;
				CLANG_WARN_STRICT_PROTOTYPES = YES;
				CLANG_WARN_SUSPICIOUS_MOVE = YES;
				CLANG_WARN_UNGUARDED_AVAILABILITY = YES_AGGRESSIVE;
				CLANG_WARN_UNREACHABLE_CODE = YES;
				CLANG_WARN__DUPLICATE_METHOD_MATCH = YES;
				COPY_PHASE_STRIP = NO;
				DEBUG_INFORMATION_FORMAT = "dwarf-with-dsym";
				ENABLE_NS_ASSERTIONS = NO;
				ENABLE_STRICT_OBJC_MSGSEND = YES;
				GCC_C_LANGUAGE_STANDARD = gnu11;
				GCC_NO_COMMON_BLOCKS = YES;
				GCC_WARN_64_TO_32_BIT_CONVERSION = YES;
				GCC_WARN_ABOUT_RETURN_TYPE = YES_ERROR;
				GCC_WARN_UNDECLARED_SELECTOR = YES;
				GCC_WARN_UNINITIALIZED_AUTOS = YES_AGGRESSIVE;
				GCC_WARN_UNUSED_FUNCTION = YES;
				GCC_WARN_UNUSED_VARIABLE = YES;
				IPHONEOS_DEPLOYMENT_TARGET = 15.0;
				MTL_ENABLE_DEBUG_INFO = NO;
				MTL_FAST_MATH = YES;
				SDKROOT = iphoneos;
				SWIFT_COMPILATION_MODE = wholemodule;
				SWIFT_OPTIMIZATION_LEVEL = "-O";
				VALIDATE_PRODUCT = YES;
			};
			name = Release;
		};
		FAE13DE7271068E60077C3B1 /* Debug */ = {
			isa = XCBuildConfiguration;
			buildSettings = {
				ASSETCATALOG_COMPILER_APPICON_NAME = AppIcon;
				ASSETCATALOG_COMPILER_GLOBAL_ACCENT_COLOR_NAME = AccentColor;
				CODE_SIGN_STYLE = Automatic;
				CURRENT_PROJECT_VERSION = 1;
				GENERATE_INFOPLIST_FILE = YES;
				INFOPLIST_FILE = RAPP/Info.plist;
				INFOPLIST_KEY_UIApplicationSupportsIndirectInputEvents = YES;
				INFOPLIST_KEY_UILaunchStoryboardName = LaunchScreen;
				INFOPLIST_KEY_UIMainStoryboardFile = Main;
				INFOPLIST_KEY_UISupportedInterfaceOrientations_iPad = "UIInterfaceOrientationPortrait UIInterfaceOrientationPortraitUpsideDown UIInterfaceOrientationLandscapeLeft UIInterfaceOrientationLandscapeRight";
				INFOPLIST_KEY_UISupportedInterfaceOrientations_iPhone = "UIInterfaceOrientationPortrait UIInterfaceOrientationLandscapeLeft UIInterfaceOrientationLandscapeRight";
				LD_RUNPATH_SEARCH_PATHS = (
					"$(inherited)",
					"@executable_path/Frameworks",
				);
				MARKETING_VERSION = 1.0;
				PRODUCT_BUNDLE_IDENTIFIER = l.RAPP;
				PRODUCT_NAME = "$(TARGET_NAME)";
				SWIFT_EMIT_LOC_STRINGS = YES;
				SWIFT_VERSION = 5.0;
				TARGETED_DEVICE_FAMILY = "1,2";
			};
			name = Debug;
		};
		FAE13DE8271068E60077C3B1 /* Release */ = {
			isa = XCBuildConfiguration;
			buildSettings = {
				ASSETCATALOG_COMPILER_APPICON_NAME = AppIcon;
				ASSETCATALOG_COMPILER_GLOBAL_ACCENT_COLOR_NAME = AccentColor;
				CODE_SIGN_STYLE = Automatic;
				CURRENT_PROJECT_VERSION = 1;
				GENERATE_INFOPLIST_FILE = YES;
				INFOPLIST_FILE = RAPP/Info.plist;
				INFOPLIST_KEY_UIApplicationSupportsIndirectInputEvents = YES;
				INFOPLIST_KEY_UILaunchStoryboardName = LaunchScreen;
				INFOPLIST_KEY_UIMainStoryboardFile = Main;
				INFOPLIST_KEY_UISupportedInterfaceOrientations_iPad = "UIInterfaceOrientationPortrait UIInterfaceOrientationPortraitUpsideDown UIInterfaceOrientationLandscapeLeft UIInterfaceOrientationLandscapeRight";
				INFOPLIST_KEY_UISupportedInterfaceOrientations_iPhone = "UIInterfaceOrientationPortrait UIInterfaceOrientationLandscapeLeft UIInterfaceOrientationLandscapeRight";
				LD_RUNPATH_SEARCH_PATHS = (
					"$(inherited)",
					"@executable_path/Frameworks",
				);
				MARKETING_VERSION = 1.0;
				PRODUCT_BUNDLE_IDENTIFIER = l.RAPP;
				PRODUCT_NAME = "$(TARGET_NAME)";
				SWIFT_EMIT_LOC_STRINGS = YES;
				SWIFT_VERSION = 5.0;
				TARGETED_DEVICE_FAMILY = "1,2";
			};
			name = Release;
		};
/* End XCBuildConfiguration section */

/* Begin XCConfigurationList section */
		FAE13DCD271068E40077C3B1 /* Build configuration list for PBXProject "RAPP" */ = {
			isa = XCConfigurationList;
			buildConfigurations = (
				FAE13DE4271068E60077C3B1 /* Debug */,
				FAE13DE5271068E60077C3B1 /* Release */,
			);
			defaultConfigurationIsVisible = 0;
			defaultConfigurationName = Release;
		};
		FAE13DE6271068E60077C3B1 /* Build configuration list for PBXNativeTarget "RAPP" */ = {
			isa = XCConfigurationList;
			buildConfigurations = (
				FAE13DE7271068E60077C3B1 /* Debug */,
				FAE13DE8271068E60077C3B1 /* Release */,
			);
			defaultConfigurationIsVisible = 0;
			defaultConfigurationName = Release;
		};
/* End XCConfigurationList section */
	};
	rootObject = FAE13DCA271068E40077C3B1 /* Project object */;
}
