// !$*UTF8*$!
{
	archiveVersion = 1;
	classes = {
	};
	objectVersion = 55;
	objects = {

/* Begin PBXBuildFile section */
		569AF953270E4A070068905F /* AppDelegate.swift in Sources */ = {isa = PBXBuildFile; fileRef = 569AF952270E4A070068905F /* AppDelegate.swift */; };
		569AF955270E4A070068905F /* SceneDelegate.swift in Sources */ = {isa = PBXBuildFile; fileRef = 569AF954270E4A070068905F /* SceneDelegate.swift */; };
		569AF95A270E4A070068905F /* Main.storyboard in Resources */ = {isa = PBXBuildFile; fileRef = 569AF958270E4A070068905F /* Main.storyboard */; };
		569AF95C270E4A0B0068905F /* Assets.xcassets in Resources */ = {isa = PBXBuildFile; fileRef = 569AF95B270E4A0B0068905F /* Assets.xcassets */; };
		569AF95F270E4A0B0068905F /* LaunchScreen.storyboard in Resources */ = {isa = PBXBuildFile; fileRef = 569AF95D270E4A0B0068905F /* LaunchScreen.storyboard */; };
		569AF967270E4A330068905F /* Resturant.swift in Sources */ = {isa = PBXBuildFile; fileRef = 569AF966270E4A330068905F /* Resturant.swift */; };
		569AF969270F00800068905F /* ResturantCell.swift in Sources */ = {isa = PBXBuildFile; fileRef = 569AF968270F00800068905F /* ResturantCell.swift */; };
		569AF96F270F0A330068905F /* ResturantListVC.swift in Sources */ = {isa = PBXBuildFile; fileRef = 569AF96E270F0A330068905F /* ResturantListVC.swift */; };
		569AF971270F26E90068905F /* ResturantMenuVC.swift in Sources */ = {isa = PBXBuildFile; fileRef = 569AF970270F26E90068905F /* ResturantMenuVC.swift */; };
		569AF973270F35CD0068905F /* MenuCell.swift in Sources */ = {isa = PBXBuildFile; fileRef = 569AF972270F35CD0068905F /* MenuCell.swift */; };
/* End PBXBuildFile section */

/* Begin PBXFileReference section */
		569AF94F270E4A070068905F /* Jahez Project2.app */ = {isa = PBXFileReference; explicitFileType = wrapper.application; includeInIndex = 0; path = "Jahez Project2.app"; sourceTree = BUILT_PRODUCTS_DIR; };
		569AF952270E4A070068905F /* AppDelegate.swift */ = {isa = PBXFileReference; lastKnownFileType = sourcecode.swift; path = AppDelegate.swift; sourceTree = "<group>"; };
		569AF954270E4A070068905F /* SceneDelegate.swift */ = {isa = PBXFileReference; lastKnownFileType = sourcecode.swift; path = SceneDelegate.swift; sourceTree = "<group>"; };
		569AF959270E4A070068905F /* Base */ = {isa = PBXFileReference; lastKnownFileType = file.storyboard; name = Base; path = Base.lproj/Main.storyboard; sourceTree = "<group>"; };
		569AF95B270E4A0B0068905F /* Assets.xcassets */ = {isa = PBXFileReference; lastKnownFileType = folder.assetcatalog; path = Assets.xcassets; sourceTree = "<group>"; };
		569AF95E270E4A0B0068905F /* Base */ = {isa = PBXFileReference; lastKnownFileType = file.storyboard; name = Base; path = Base.lproj/LaunchScreen.storyboard; sourceTree = "<group>"; };
		569AF960270E4A0B0068905F /* Info.plist */ = {isa = PBXFileReference; lastKnownFileType = text.plist.xml; path = Info.plist; sourceTree = "<group>"; };
		569AF966270E4A330068905F /* Resturant.swift */ = {isa = PBXFileReference; lastKnownFileType = sourcecode.swift; path = Resturant.swift; sourceTree = "<group>"; };
		569AF968270F00800068905F /* ResturantCell.swift */ = {isa = PBXFileReference; lastKnownFileType = sourcecode.swift; path = ResturantCell.swift; sourceTree = "<group>"; };
		569AF96E270F0A330068905F /* ResturantListVC.swift */ = {isa = PBXFileReference; lastKnownFileType = sourcecode.swift; path = ResturantListVC.swift; sourceTree = "<group>"; };
		569AF970270F26E90068905F /* ResturantMenuVC.swift */ = {isa = PBXFileReference; lastKnownFileType = sourcecode.swift; path = ResturantMenuVC.swift; sourceTree = "<group>"; };
		569AF972270F35CD0068905F /* MenuCell.swift */ = {isa = PBXFileReference; lastKnownFileType = sourcecode.swift; path = MenuCell.swift; sourceTree = "<group>"; };
/* End PBXFileReference section */

/* Begin PBXFrameworksBuildPhase section */
		569AF94C270E4A070068905F /* Frameworks */ = {
			isa = PBXFrameworksBuildPhase;
			buildActionMask = 2147483647;
			files = (
			);
			runOnlyForDeploymentPostprocessing = 0;
		};
/* End PBXFrameworksBuildPhase section */

/* Begin PBXGroup section */
		569AF946270E4A070068905F = {
			isa = PBXGroup;
			children = (
				569AF951270E4A070068905F /* Jahez Project2 */,
				569AF950270E4A070068905F /* Products */,
			);
			sourceTree = "<group>";
		};
		569AF950270E4A070068905F /* Products */ = {
			isa = PBXGroup;
			children = (
				569AF94F270E4A070068905F /* Jahez Project2.app */,
			);
			name = Products;
			sourceTree = "<group>";
		};
		569AF951270E4A070068905F /* Jahez Project2 */ = {
			isa = PBXGroup;
			children = (
				569AF952270E4A070068905F /* AppDelegate.swift */,
				569AF954270E4A070068905F /* SceneDelegate.swift */,
				569AF966270E4A330068905F /* Resturant.swift */,
				569AF968270F00800068905F /* ResturantCell.swift */,
				569AF96E270F0A330068905F /* ResturantListVC.swift */,
				569AF970270F26E90068905F /* ResturantMenuVC.swift */,
				569AF972270F35CD0068905F /* MenuCell.swift */,
				569AF958270E4A070068905F /* Main.storyboard */,
				569AF95B270E4A0B0068905F /* Assets.xcassets */,
				569AF95D270E4A0B0068905F /* LaunchScreen.storyboard */,
				569AF960270E4A0B0068905F /* Info.plist */,
			);
			path = "Jahez Project2";
			sourceTree = "<group>";
		};
/* End PBXGroup section */

/* Begin PBXNativeTarget section */
		569AF94E270E4A070068905F /* Jahez Project2 */ = {
			isa = PBXNativeTarget;
			buildConfigurationList = 569AF963270E4A0B0068905F /* Build configuration list for PBXNativeTarget "Jahez Project2" */;
			buildPhases = (
				569AF94B270E4A070068905F /* Sources */,
				569AF94C270E4A070068905F /* Frameworks */,
				569AF94D270E4A070068905F /* Resources */,
			);
			buildRules = (
			);
			dependencies = (
			);
			name = "Jahez Project2";
			productName = "Jahez Project2";
			productReference = 569AF94F270E4A070068905F /* Jahez Project2.app */;
			productType = "com.apple.product-type.application";
		};
/* End PBXNativeTarget section */

/* Begin PBXProject section */
		569AF947270E4A070068905F /* Project object */ = {
			isa = PBXProject;
			attributes = {
				BuildIndependentTargetsInParallel = 1;
				LastSwiftUpdateCheck = 1300;
				LastUpgradeCheck = 1300;
				TargetAttributes = {
					569AF94E270E4A070068905F = {
						CreatedOnToolsVersion = 13.0;
					};
				};
			};
			buildConfigurationList = 569AF94A270E4A070068905F /* Build configuration list for PBXProject "Jahez Project2" */;
			compatibilityVersion = "Xcode 13.0";
			developmentRegion = en;
			hasScannedForEncodings = 0;
			knownRegions = (
				en,
				Base,
			);
			mainGroup = 569AF946270E4A070068905F;
			productRefGroup = 569AF950270E4A070068905F /* Products */;
			projectDirPath = "";
			projectRoot = "";
			targets = (
				569AF94E270E4A070068905F /* Jahez Project2 */,
			);
		};
/* End PBXProject section */

/* Begin PBXResourcesBuildPhase section */
		569AF94D270E4A070068905F /* Resources */ = {
			isa = PBXResourcesBuildPhase;
			buildActionMask = 2147483647;
			files = (
				569AF95F270E4A0B0068905F /* LaunchScreen.storyboard in Resources */,
				569AF95C270E4A0B0068905F /* Assets.xcassets in Resources */,
				569AF95A270E4A070068905F /* Main.storyboard in Resources */,
			);
			runOnlyForDeploymentPostprocessing = 0;
		};
/* End PBXResourcesBuildPhase section */

/* Begin PBXSourcesBuildPhase section */
		569AF94B270E4A070068905F /* Sources */ = {
			isa = PBXSourcesBuildPhase;
			buildActionMask = 2147483647;
			files = (
				569AF973270F35CD0068905F /* MenuCell.swift in Sources */,
				569AF96F270F0A330068905F /* ResturantListVC.swift in Sources */,
				569AF953270E4A070068905F /* AppDelegate.swift in Sources */,
				569AF967270E4A330068905F /* Resturant.swift in Sources */,
				569AF969270F00800068905F /* ResturantCell.swift in Sources */,
				569AF971270F26E90068905F /* ResturantMenuVC.swift in Sources */,
				569AF955270E4A070068905F /* SceneDelegate.swift in Sources */,
			);
			runOnlyForDeploymentPostprocessing = 0;
		};
/* End PBXSourcesBuildPhase section */

/* Begin PBXVariantGroup section */
		569AF958270E4A070068905F /* Main.storyboard */ = {
			isa = PBXVariantGroup;
			children = (
				569AF959270E4A070068905F /* Base */,
			);
			name = Main.storyboard;
			sourceTree = "<group>";
		};
		569AF95D270E4A0B0068905F /* LaunchScreen.storyboard */ = {
			isa = PBXVariantGroup;
			children = (
				569AF95E270E4A0B0068905F /* Base */,
			);
			name = LaunchScreen.storyboard;
			sourceTree = "<group>";
		};
/* End PBXVariantGroup section */

/* Begin XCBuildConfiguration section */
		569AF961270E4A0B0068905F /* Debug */ = {
			isa = XCBuildConfiguration;
			buildSettings = {
				ALWAYS_SEARCH_USER_PATHS = NO;
				CLANG_ANALYZER_NONNULL = YES;
				CLANG_ANALYZER_NUMBER_OBJECT_CONVERSION = YES_AGGRESSIVE;
				CLANG_CXX_LANGUAGE_STANDARD = "gnu++17";
				CLANG_CXX_LIBRARY = "libc++";
				CLANG_ENABLE_MODULES = YES;
				CLANG_ENABLE_OBJC_ARC = YES;
				CLANG_ENABLE_OBJC_WEAK = YES;
				CLANG_WARN_BLOCK_CAPTURE_AUTORELEASING = YES;
				CLANG_WARN_BOOL_CONVERSION = YES;
				CLANG_WARN_COMMA = YES;
				CLANG_WARN_CONSTANT_CONVERSION = YES;
				CLANG_WARN_DEPRECATED_OBJC_IMPLEMENTATIONS = YES;
				CLANG_WARN_DIRECT_OBJC_ISA_USAGE = YES_ERROR;
				CLANG_WARN_DOCUMENTATION_COMMENTS = YES;
				CLANG_WARN_EMPTY_BODY = YES;
				CLANG_WARN_ENUM_CONVERSION = YES;
				CLANG_WARN_INFINITE_RECURSION = YES;
				CLANG_WARN_INT_CONVERSION = YES;
				CLANG_WARN_NON_LITERAL_NULL_CONVERSION = YES;
				CLANG_WARN_OBJC_IMPLICIT_RETAIN_SELF = YES;
				CLANG_WARN_OBJC_LITERAL_CONVERSION = YES;
				CLANG_WARN_OBJC_ROOT_CLASS = YES_ERROR;
				CLANG_WARN_QUOTED_INCLUDE_IN_FRAMEWORK_HEADER = YES;
				CLANG_WARN_RANGE_LOOP_ANALYSIS = YES;
				CLANG_WARN_STRICT_PROTOTYPES = YES;
				CLANG_WARN_SUSPICIOUS_MOVE = YES;
				CLANG_WARN_UNGUARDED_AVAILABILITY = YES_AGGRESSIVE;
				CLANG_WARN_UNREACHABLE_CODE = YES;
				CLANG_WARN__DUPLICATE_METHOD_MATCH = YES;
				COPY_PHASE_STRIP = NO;
				DEBUG_INFORMATION_FORMAT = dwarf;
				ENABLE_STRICT_OBJC_MSGSEND = YES;
				ENABLE_TESTABILITY = YES;
				GCC_C_LANGUAGE_STANDARD = gnu11;
				GCC_DYNAMIC_NO_PIC = NO;
				GCC_NO_COMMON_BLOCKS = YES;
				GCC_OPTIMIZATION_LEVEL = 0;
				GCC_PREPROCESSOR_DEFINITIONS = (
					"DEBUG=1",
					"$(inherited)",
				);
				GCC_WARN_64_TO_32_BIT_CONVERSION = YES;
				GCC_WARN_ABOUT_RETURN_TYPE = YES_ERROR;
				GCC_WARN_UNDECLARED_SELECTOR = YES;
				GCC_WARN_UNINITIALIZED_AUTOS = YES_AGGRESSIVE;
				GCC_WARN_UNUSED_FUNCTION = YES;
				GCC_WARN_UNUSED_VARIABLE = YES;
				IPHONEOS_DEPLOYMENT_TARGET = 15.0;
				MTL_ENABLE_DEBUG_INFO = INCLUDE_SOURCE;
				MTL_FAST_MATH = YES;
				ONLY_ACTIVE_ARCH = YES;
				SDKROOT = iphoneos;
				SWIFT_ACTIVE_COMPILATION_CONDITIONS = DEBUG;
				SWIFT_OPTIMIZATION_LEVEL = "-Onone";
			};
			name = Debug;
		};
		569AF962270E4A0B0068905F /* Release */ = {
			isa = XCBuildConfiguration;
			buildSettings = {
				ALWAYS_SEARCH_USER_PATHS = NO;
				CLANG_ANALYZER_NONNULL = YES;
				CLANG_ANALYZER_NUMBER_OBJECT_CONVERSION = YES_AGGRESSIVE;
				CLANG_CXX_LANGUAGE_STANDARD = "gnu++17";
				CLANG_CXX_LIBRARY = "libc++";
				CLANG_ENABLE_MODULES = YES;
				CLANG_ENABLE_OBJC_ARC = YES;
				CLANG_ENABLE_OBJC_WEAK = YES;
				CLANG_WARN_BLOCK_CAPTURE_AUTORELEASING = YES;
				CLANG_WARN_BOOL_CONVERSION = YES;
				CLANG_WARN_COMMA = YES;
				CLANG_WARN_CONSTANT_CONVERSION = YES;
				CLANG_WARN_DEPRECATED_OBJC_IMPLEMENTATIONS = YES;
				CLANG_WARN_DIRECT_OBJC_ISA_USAGE = YES_ERROR;
				CLANG_WARN_DOCUMENTATION_COMMENTS = YES;
				CLANG_WARN_EMPTY_BODY = YES;
				CLANG_WARN_ENUM_CONVERSION = YES;
				CLANG_WARN_INFINITE_RECURSION = YES;
				CLANG_WARN_INT_CONVERSION = YES;
				CLANG_WARN_NON_LITERAL_NULL_CONVERSION = YES;
				CLANG_WARN_OBJC_IMPLICIT_RETAIN_SELF = YES;
				CLANG_WARN_OBJC_LITERAL_CONVERSION = YES;
				CLANG_WARN_OBJC_ROOT_CLASS = YES_ERROR;
				CLANG_WARN_QUOTED_INCLUDE_IN_FRAMEWORK_HEADER = YES;
				CLANG_WARN_RANGE_LOOP_ANALYSIS = YES;
				CLANG_WARN_STRICT_PROTOTYPES = YES;
				CLANG_WARN_SUSPICIOUS_MOVE = YES;
				CLANG_WARN_UNGUARDED_AVAILABILITY = YES_AGGRESSIVE;
				CLANG_WARN_UNREACHABLE_CODE = YES;
				CLANG_WARN__DUPLICATE_METHOD_MATCH = YES;
				COPY_PHASE_STRIP = NO;
				DEBUG_INFORMATION_FORMAT = "dwarf-with-dsym";
				ENABLE_NS_ASSERTIONS = NO;
				ENABLE_STRICT_OBJC_MSGSEND = YES;
				GCC_C_LANGUAGE_STANDARD = gnu11;
				GCC_NO_COMMON_BLOCKS = YES;
				GCC_WARN_64_TO_32_BIT_CONVERSION = YES;
				GCC_WARN_ABOUT_RETURN_TYPE = YES_ERROR;
				GCC_WARN_UNDECLARED_SELECTOR = YES;
				GCC_WARN_UNINITIALIZED_AUTOS = YES_AGGRESSIVE;
				GCC_WARN_UNUSED_FUNCTION = YES;
				GCC_WARN_UNUSED_VARIABLE = YES;
				IPHONEOS_DEPLOYMENT_TARGET = 15.0;
				MTL_ENABLE_DEBUG_INFO = NO;
				MTL_FAST_MATH = YES;
				SDKROOT = iphoneos;
				SWIFT_COMPILATION_MODE = wholemodule;
				SWIFT_OPTIMIZATION_LEVEL = "-O";
				VALIDATE_PRODUCT = YES;
			};
			name = Release;
		};
		569AF964270E4A0B0068905F /* Debug */ = {
			isa = XCBuildConfiguration;
			buildSettings = {
				ASSETCATALOG_COMPILER_APPICON_NAME = AppIcon;
				ASSETCATALOG_COMPILER_GLOBAL_ACCENT_COLOR_NAME = AccentColor;
				CODE_SIGN_STYLE = Automatic;
				CURRENT_PROJECT_VERSION = 1;
				DEVELOPMENT_TEAM = 2VKRHK5LM7;
				GENERATE_INFOPLIST_FILE = YES;
				INFOPLIST_FILE = "Jahez Project2/Info.plist";
				INFOPLIST_KEY_UIApplicationSupportsIndirectInputEvents = YES;
				INFOPLIST_KEY_UILaunchStoryboardName = LaunchScreen;
				INFOPLIST_KEY_UIMainStoryboardFile = Main;
				INFOPLIST_KEY_UISupportedInterfaceOrientations_iPad = "UIInterfaceOrientationPortrait UIInterfaceOrientationPortraitUpsideDown UIInterfaceOrientationLandscapeLeft UIInterfaceOrientationLandscapeRight";
				INFOPLIST_KEY_UISupportedInterfaceOrientations_iPhone = "UIInterfaceOrientationPortrait UIInterfaceOrientationLandscapeLeft UIInterfaceOrientationLandscapeRight";
				LD_RUNPATH_SEARCH_PATHS = (
					"$(inherited)",
					"@executable_path/Frameworks",
				);
				MARKETING_VERSION = 1.0;
				PRODUCT_BUNDLE_IDENTIFIER = "sara.sara.Jahez-Project2";
				PRODUCT_NAME = "$(TARGET_NAME)";
				SWIFT_EMIT_LOC_STRINGS = YES;
				SWIFT_VERSION = 5.0;
				TARGETED_DEVICE_FAMILY = "1,2";
			};
			name = Debug;
		};
		569AF965270E4A0B0068905F /* Release */ = {
			isa = XCBuildConfiguration;
			buildSettings = {
				ASSETCATALOG_COMPILER_APPICON_NAME = AppIcon;
				ASSETCATALOG_COMPILER_GLOBAL_ACCENT_COLOR_NAME = AccentColor;
				CODE_SIGN_STYLE = Automatic;
				CURRENT_PROJECT_VERSION = 1;
				DEVELOPMENT_TEAM = 2VKRHK5LM7;
				GENERATE_INFOPLIST_FILE = YES;
				INFOPLIST_FILE = "Jahez Project2/Info.plist";
				INFOPLIST_KEY_UIApplicationSupportsIndirectInputEvents = YES;
				INFOPLIST_KEY_UILaunchStoryboardName = LaunchScreen;
				INFOPLIST_KEY_UIMainStoryboardFile = Main;
				INFOPLIST_KEY_UISupportedInterfaceOrientations_iPad = "UIInterfaceOrientationPortrait UIInterfaceOrientationPortraitUpsideDown UIInterfaceOrientationLandscapeLeft UIInterfaceOrientationLandscapeRight";
				INFOPLIST_KEY_UISupportedInterfaceOrientations_iPhone = "UIInterfaceOrientationPortrait UIInterfaceOrientationLandscapeLeft UIInterfaceOrientationLandscapeRight";
				LD_RUNPATH_SEARCH_PATHS = (
					"$(inherited)",
					"@executable_path/Frameworks",
				);
				MARKETING_VERSION = 1.0;
				PRODUCT_BUNDLE_IDENTIFIER = "sara.sara.Jahez-Project2";
				PRODUCT_NAME = "$(TARGET_NAME)";
				SWIFT_EMIT_LOC_STRINGS = YES;
				SWIFT_VERSION = 5.0;
				TARGETED_DEVICE_FAMILY = "1,2";
			};
			name = Release;
		};
/* End XCBuildConfiguration section */

/* Begin XCConfigurationList section */
		569AF94A270E4A070068905F /* Build configuration list for PBXProject "Jahez Project2" */ = {
			isa = XCConfigurationList;
			buildConfigurations = (
				569AF961270E4A0B0068905F /* Debug */,
				569AF962270E4A0B0068905F /* Release */,
			);
			defaultConfigurationIsVisible = 0;
			defaultConfigurationName = Release;
		};
		569AF963270E4A0B0068905F /* Build configuration list for PBXNativeTarget "Jahez Project2" */ = {
			isa = XCConfigurationList;
			buildConfigurations = (
				569AF964270E4A0B0068905F /* Debug */,
				569AF965270E4A0B0068905F /* Release */,
			);
			defaultConfigurationIsVisible = 0;
			defaultConfigurationName = Release;
		};
/* End XCConfigurationList section */
	};
	rootObject = 569AF947270E4A070068905F /* Project object */;
}
