// !$*UTF8*$!
{
	archiveVersion = 1;
	classes = {
	};
	objectVersion = 55;
	objects = {

/* Begin PBXBuildFile section */
		F3D1713D2712C04B00ABFFD3 /* AppDelegate.swift in Sources */ = {isa = PBXBuildFile; fileRef = F3D1713C2712C04B00ABFFD3 /* AppDelegate.swift */; };
		F3D1713F2712C04B00ABFFD3 /* SceneDelegate.swift in Sources */ = {isa = PBXBuildFile; fileRef = F3D1713E2712C04B00ABFFD3 /* SceneDelegate.swift */; };
		F3D171442712C04B00ABFFD3 /* Main.storyboard in Resources */ = {isa = PBXBuildFile; fileRef = F3D171422712C04B00ABFFD3 /* Main.storyboard */; };
		F3D171462712C04F00ABFFD3 /* Assets.xcassets in Resources */ = {isa = PBXBuildFile; fileRef = F3D171452712C04F00ABFFD3 /* Assets.xcassets */; };
		F3D171492712C04F00ABFFD3 /* LaunchScreen.storyboard in Resources */ = {isa = PBXBuildFile; fileRef = F3D171472712C04F00ABFFD3 /* LaunchScreen.storyboard */; };
		F3D171512712CDBE00ABFFD3 /* vc1.swift in Sources */ = {isa = PBXBuildFile; fileRef = F3D171502712CDBE00ABFFD3 /* vc1.swift */; };
		F3D171532712CE0B00ABFFD3 /* VC2.swift in Sources */ = {isa = PBXBuildFile; fileRef = F3D171522712CE0B00ABFFD3 /* VC2.swift */; };
		F3D171552712D0E500ABFFD3 /* Cell1.swift in Sources */ = {isa = PBXBuildFile; fileRef = F3D171542712D0E500ABFFD3 /* Cell1.swift */; };
		F3D171572712D10800ABFFD3 /* Cell2.swift in Sources */ = {isa = PBXBuildFile; fileRef = F3D171562712D10800ABFFD3 /* Cell2.swift */; };
		F3D171592712DA7E00ABFFD3 /* Data.swift in Sources */ = {isa = PBXBuildFile; fileRef = F3D171582712DA7E00ABFFD3 /* Data.swift */; };
/* End PBXBuildFile section */

/* Begin PBXFileReference section */
		F3D171392712C04B00ABFFD3 /* jahezplus21.app */ = {isa = PBXFileReference; explicitFileType = wrapper.application; includeInIndex = 0; path = jahezplus21.app; sourceTree = BUILT_PRODUCTS_DIR; };
		F3D1713C2712C04B00ABFFD3 /* AppDelegate.swift */ = {isa = PBXFileReference; lastKnownFileType = sourcecode.swift; path = AppDelegate.swift; sourceTree = "<group>"; };
		F3D1713E2712C04B00ABFFD3 /* SceneDelegate.swift */ = {isa = PBXFileReference; lastKnownFileType = sourcecode.swift; path = SceneDelegate.swift; sourceTree = "<group>"; };
		F3D171432712C04B00ABFFD3 /* Base */ = {isa = PBXFileReference; lastKnownFileType = file.storyboard; name = Base; path = Base.lproj/Main.storyboard; sourceTree = "<group>"; };
		F3D171452712C04F00ABFFD3 /* Assets.xcassets */ = {isa = PBXFileReference; lastKnownFileType = folder.assetcatalog; path = Assets.xcassets; sourceTree = "<group>"; };
		F3D171482712C04F00ABFFD3 /* Base */ = {isa = PBXFileReference; lastKnownFileType = file.storyboard; name = Base; path = Base.lproj/LaunchScreen.storyboard; sourceTree = "<group>"; };
		F3D1714A2712C04F00ABFFD3 /* Info.plist */ = {isa = PBXFileReference; lastKnownFileType = text.plist.xml; path = Info.plist; sourceTree = "<group>"; };
		F3D171502712CDBE00ABFFD3 /* vc1.swift */ = {isa = PBXFileReference; lastKnownFileType = sourcecode.swift; path = vc1.swift; sourceTree = "<group>"; };
		F3D171522712CE0B00ABFFD3 /* VC2.swift */ = {isa = PBXFileReference; lastKnownFileType = sourcecode.swift; path = VC2.swift; sourceTree = "<group>"; };
		F3D171542712D0E500ABFFD3 /* Cell1.swift */ = {isa = PBXFileReference; lastKnownFileType = sourcecode.swift; path = Cell1.swift; sourceTree = "<group>"; };
		F3D171562712D10800ABFFD3 /* Cell2.swift */ = {isa = PBXFileReference; lastKnownFileType = sourcecode.swift; path = Cell2.swift; sourceTree = "<group>"; };
		F3D171582712DA7E00ABFFD3 /* Data.swift */ = {isa = PBXFileReference; lastKnownFileType = sourcecode.swift; path = Data.swift; sourceTree = "<group>"; };
/* End PBXFileReference section */

/* Begin PBXFrameworksBuildPhase section */
		F3D171362712C04B00ABFFD3 /* Frameworks */ = {
			isa = PBXFrameworksBuildPhase;
			buildActionMask = 2147483647;
			files = (
			);
			runOnlyForDeploymentPostprocessing = 0;
		};
/* End PBXFrameworksBuildPhase section */

/* Begin PBXGroup section */
		F3D171302712C04B00ABFFD3 = {
			isa = PBXGroup;
			children = (
				F3D1713B2712C04B00ABFFD3 /* jahezplus21 */,
				F3D1713A2712C04B00ABFFD3 /* Products */,
			);
			sourceTree = "<group>";
		};
		F3D1713A2712C04B00ABFFD3 /* Products */ = {
			isa = PBXGroup;
			children = (
				F3D171392712C04B00ABFFD3 /* jahezplus21.app */,
			);
			name = Products;
			sourceTree = "<group>";
		};
		F3D1713B2712C04B00ABFFD3 /* jahezplus21 */ = {
			isa = PBXGroup;
			children = (
				F3D171502712CDBE00ABFFD3 /* vc1.swift */,
				F3D171542712D0E500ABFFD3 /* Cell1.swift */,
				F3D171522712CE0B00ABFFD3 /* VC2.swift */,
				F3D171562712D10800ABFFD3 /* Cell2.swift */,
				F3D1713C2712C04B00ABFFD3 /* AppDelegate.swift */,
				F3D1713E2712C04B00ABFFD3 /* SceneDelegate.swift */,
				F3D171582712DA7E00ABFFD3 /* Data.swift */,
				F3D171422712C04B00ABFFD3 /* Main.storyboard */,
				F3D171452712C04F00ABFFD3 /* Assets.xcassets */,
				F3D171472712C04F00ABFFD3 /* LaunchScreen.storyboard */,
				F3D1714A2712C04F00ABFFD3 /* Info.plist */,
			);
			path = jahezplus21;
			sourceTree = "<group>";
		};
/* End PBXGroup section */

/* Begin PBXNativeTarget section */
		F3D171382712C04B00ABFFD3 /* jahezplus21 */ = {
			isa = PBXNativeTarget;
			buildConfigurationList = F3D1714D2712C04F00ABFFD3 /* Build configuration list for PBXNativeTarget "jahezplus21" */;
			buildPhases = (
				F3D171352712C04B00ABFFD3 /* Sources */,
				F3D171362712C04B00ABFFD3 /* Frameworks */,
				F3D171372712C04B00ABFFD3 /* Resources */,
			);
			buildRules = (
			);
			dependencies = (
			);
			name = jahezplus21;
			productName = jahezplus21;
			productReference = F3D171392712C04B00ABFFD3 /* jahezplus21.app */;
			productType = "com.apple.product-type.application";
		};
/* End PBXNativeTarget section */

/* Begin PBXProject section */
		F3D171312712C04B00ABFFD3 /* Project object */ = {
			isa = PBXProject;
			attributes = {
				BuildIndependentTargetsInParallel = 1;
				LastSwiftUpdateCheck = 1300;
				LastUpgradeCheck = 1300;
				TargetAttributes = {
					F3D171382712C04B00ABFFD3 = {
						CreatedOnToolsVersion = 13.0;
					};
				};
			};
			buildConfigurationList = F3D171342712C04B00ABFFD3 /* Build configuration list for PBXProject "jahezplus21" */;
			compatibilityVersion = "Xcode 13.0";
			developmentRegion = en;
			hasScannedForEncodings = 0;
			knownRegions = (
				en,
				Base,
			);
			mainGroup = F3D171302712C04B00ABFFD3;
			productRefGroup = F3D1713A2712C04B00ABFFD3 /* Products */;
			projectDirPath = "";
			projectRoot = "";
			targets = (
				F3D171382712C04B00ABFFD3 /* jahezplus21 */,
			);
		};
/* End PBXProject section */

/* Begin PBXResourcesBuildPhase section */
		F3D171372712C04B00ABFFD3 /* Resources */ = {
			isa = PBXResourcesBuildPhase;
			buildActionMask = 2147483647;
			files = (
				F3D171492712C04F00ABFFD3 /* LaunchScreen.storyboard in Resources */,
				F3D171462712C04F00ABFFD3 /* Assets.xcassets in Resources */,
				F3D171442712C04B00ABFFD3 /* Main.storyboard in Resources */,
			);
			runOnlyForDeploymentPostprocessing = 0;
		};
/* End PBXResourcesBuildPhase section */

/* Begin PBXSourcesBuildPhase section */
		F3D171352712C04B00ABFFD3 /* Sources */ = {
			isa = PBXSourcesBuildPhase;
			buildActionMask = 2147483647;
			files = (
				F3D171592712DA7E00ABFFD3 /* Data.swift in Sources */,
				F3D171572712D10800ABFFD3 /* Cell2.swift in Sources */,
				F3D171552712D0E500ABFFD3 /* Cell1.swift in Sources */,
				F3D1713D2712C04B00ABFFD3 /* AppDelegate.swift in Sources */,
				F3D171512712CDBE00ABFFD3 /* vc1.swift in Sources */,
				F3D1713F2712C04B00ABFFD3 /* SceneDelegate.swift in Sources */,
				F3D171532712CE0B00ABFFD3 /* VC2.swift in Sources */,
			);
			runOnlyForDeploymentPostprocessing = 0;
		};
/* End PBXSourcesBuildPhase section */

/* Begin PBXVariantGroup section */
		F3D171422712C04B00ABFFD3 /* Main.storyboard */ = {
			isa = PBXVariantGroup;
			children = (
				F3D171432712C04B00ABFFD3 /* Base */,
			);
			name = Main.storyboard;
			sourceTree = "<group>";
		};
		F3D171472712C04F00ABFFD3 /* LaunchScreen.storyboard */ = {
			isa = PBXVariantGroup;
			children = (
				F3D171482712C04F00ABFFD3 /* Base */,
			);
			name = LaunchScreen.storyboard;
			sourceTree = "<group>";
		};
/* End PBXVariantGroup section */

/* Begin XCBuildConfiguration section */
		F3D1714B2712C04F00ABFFD3 /* Debug */ = {
			isa = XCBuildConfiguration;
			buildSettings = {
				ALWAYS_SEARCH_USER_PATHS = NO;
				CLANG_ANALYZER_NONNULL = YES;
				CLANG_ANALYZER_NUMBER_OBJECT_CONVERSION = YES_AGGRESSIVE;
				CLANG_CXX_LANGUAGE_STANDARD = "gnu++17";
				CLANG_CXX_LIBRARY = "libc++";
				CLANG_ENABLE_MODULES = YES;
				CLANG_ENABLE_OBJC_ARC = YES;
				CLANG_ENABLE_OBJC_WEAK = YES;
				CLANG_WARN_BLOCK_CAPTURE_AUTORELEASING = YES;
				CLANG_WARN_BOOL_CONVERSION = YES;
				CLANG_WARN_COMMA = YES;
				CLANG_WARN_CONSTANT_CONVERSION = YES;
				CLANG_WARN_DEPRECATED_OBJC_IMPLEMENTATIONS = YES;
				CLANG_WARN_DIRECT_OBJC_ISA_USAGE = YES_ERROR;
				CLANG_WARN_DOCUMENTATION_COMMENTS = YES;
				CLANG_WARN_EMPTY_BODY = YES;
				CLANG_WARN_ENUM_CONVERSION = YES;
				CLANG_WARN_INFINITE_RECURSION = YES;
				CLANG_WARN_INT_CONVERSION = YES;
				CLANG_WARN_NON_LITERAL_NULL_CONVERSION = YES;
				CLANG_WARN_OBJC_IMPLICIT_RETAIN_SELF = YES;
				CLANG_WARN_OBJC_LITERAL_CONVERSION = YES;
				CLANG_WARN_OBJC_ROOT_CLASS = YES_ERROR;
				CLANG_WARN_QUOTED_INCLUDE_IN_FRAMEWORK_HEADER = YES;
				CLANG_WARN_RANGE_LOOP_ANALYSIS = YES;
				CLANG_WARN_STRICT_PROTOTYPES = YES;
				CLANG_WARN_SUSPICIOUS_MOVE = YES;
				CLANG_WARN_UNGUARDED_AVAILABILITY = YES_AGGRESSIVE;
				CLANG_WARN_UNREACHABLE_CODE = YES;
				CLANG_WARN__DUPLICATE_METHOD_MATCH = YES;
				COPY_PHASE_STRIP = NO;
				DEBUG_INFORMATION_FORMAT = dwarf;
				ENABLE_STRICT_OBJC_MSGSEND = YES;
				ENABLE_TESTABILITY = YES;
				GCC_C_LANGUAGE_STANDARD = gnu11;
				GCC_DYNAMIC_NO_PIC = NO;
				GCC_NO_COMMON_BLOCKS = YES;
				GCC_OPTIMIZATION_LEVEL = 0;
				GCC_PREPROCESSOR_DEFINITIONS = (
					"DEBUG=1",
					"$(inherited)",
				);
				GCC_WARN_64_TO_32_BIT_CONVERSION = YES;
				GCC_WARN_ABOUT_RETURN_TYPE = YES_ERROR;
				GCC_WARN_UNDECLARED_SELECTOR = YES;
				GCC_WARN_UNINITIALIZED_AUTOS = YES_AGGRESSIVE;
				GCC_WARN_UNUSED_FUNCTION = YES;
				GCC_WARN_UNUSED_VARIABLE = YES;
				IPHONEOS_DEPLOYMENT_TARGET = 15.0;
				MTL_ENABLE_DEBUG_INFO = INCLUDE_SOURCE;
				MTL_FAST_MATH = YES;
				ONLY_ACTIVE_ARCH = YES;
				SDKROOT = iphoneos;
				SWIFT_ACTIVE_COMPILATION_CONDITIONS = DEBUG;
				SWIFT_OPTIMIZATION_LEVEL = "-Onone";
			};
			name = Debug;
		};
		F3D1714C2712C04F00ABFFD3 /* Release */ = {
			isa = XCBuildConfiguration;
			buildSettings = {
				ALWAYS_SEARCH_USER_PATHS = NO;
				CLANG_ANALYZER_NONNULL = YES;
				CLANG_ANALYZER_NUMBER_OBJECT_CONVERSION = YES_AGGRESSIVE;
				CLANG_CXX_LANGUAGE_STANDARD = "gnu++17";
				CLANG_CXX_LIBRARY = "libc++";
				CLANG_ENABLE_MODULES = YES;
				CLANG_ENABLE_OBJC_ARC = YES;
				CLANG_ENABLE_OBJC_WEAK = YES;
				CLANG_WARN_BLOCK_CAPTURE_AUTORELEASING = YES;
				CLANG_WARN_BOOL_CONVERSION = YES;
				CLANG_WARN_COMMA = YES;
				CLANG_WARN_CONSTANT_CONVERSION = YES;
				CLANG_WARN_DEPRECATED_OBJC_IMPLEMENTATIONS = YES;
				CLANG_WARN_DIRECT_OBJC_ISA_USAGE = YES_ERROR;
				CLANG_WARN_DOCUMENTATION_COMMENTS = YES;
				CLANG_WARN_EMPTY_BODY = YES;
				CLANG_WARN_ENUM_CONVERSION = YES;
				CLANG_WARN_INFINITE_RECURSION = YES;
				CLANG_WARN_INT_CONVERSION = YES;
				CLANG_WARN_NON_LITERAL_NULL_CONVERSION = YES;
				CLANG_WARN_OBJC_IMPLICIT_RETAIN_SELF = YES;
				CLANG_WARN_OBJC_LITERAL_CONVERSION = YES;
				CLANG_WARN_OBJC_ROOT_CLASS = YES_ERROR;
				CLANG_WARN_QUOTED_INCLUDE_IN_FRAMEWORK_HEADER = YES;
				CLANG_WARN_RANGE_LOOP_ANALYSIS = YES;
				CLANG_WARN_STRICT_PROTOTYPES = YES;
				CLANG_WARN_SUSPICIOUS_MOVE = YES;
				CLANG_WARN_UNGUARDED_AVAILABILITY = YES_AGGRESSIVE;
				CLANG_WARN_UNREACHABLE_CODE = YES;
				CLANG_WARN__DUPLICATE_METHOD_MATCH = YES;
				COPY_PHASE_STRIP = NO;
				DEBUG_INFORMATION_FORMAT = "dwarf-with-dsym";
				ENABLE_NS_ASSERTIONS = NO;
				ENABLE_STRICT_OBJC_MSGSEND = YES;
				GCC_C_LANGUAGE_STANDARD = gnu11;
				GCC_NO_COMMON_BLOCKS = YES;
				GCC_WARN_64_TO_32_BIT_CONVERSION = YES;
				GCC_WARN_ABOUT_RETURN_TYPE = YES_ERROR;
				GCC_WARN_UNDECLARED_SELECTOR = YES;
				GCC_WARN_UNINITIALIZED_AUTOS = YES_AGGRESSIVE;
				GCC_WARN_UNUSED_FUNCTION = YES;
				GCC_WARN_UNUSED_VARIABLE = YES;
				IPHONEOS_DEPLOYMENT_TARGET = 15.0;
				MTL_ENABLE_DEBUG_INFO = NO;
				MTL_FAST_MATH = YES;
				SDKROOT = iphoneos;
				SWIFT_COMPILATION_MODE = wholemodule;
				SWIFT_OPTIMIZATION_LEVEL = "-O";
				VALIDATE_PRODUCT = YES;
			};
			name = Release;
		};
		F3D1714E2712C04F00ABFFD3 /* Debug */ = {
			isa = XCBuildConfiguration;
			buildSettings = {
				ASSETCATALOG_COMPILER_APPICON_NAME = AppIcon;
				ASSETCATALOG_COMPILER_GLOBAL_ACCENT_COLOR_NAME = AccentColor;
				CODE_SIGN_STYLE = Automatic;
				CURRENT_PROJECT_VERSION = 1;
				GENERATE_INFOPLIST_FILE = YES;
				INFOPLIST_FILE = jahezplus21/Info.plist;
				INFOPLIST_KEY_UIApplicationSupportsIndirectInputEvents = YES;
				INFOPLIST_KEY_UILaunchStoryboardName = LaunchScreen;
				INFOPLIST_KEY_UIMainStoryboardFile = Main;
				INFOPLIST_KEY_UISupportedInterfaceOrientations_iPad = "UIInterfaceOrientationPortrait UIInterfaceOrientationPortraitUpsideDown UIInterfaceOrientationLandscapeLeft UIInterfaceOrientationLandscapeRight";
				INFOPLIST_KEY_UISupportedInterfaceOrientations_iPhone = "UIInterfaceOrientationPortrait UIInterfaceOrientationLandscapeLeft UIInterfaceOrientationLandscapeRight";
				LD_RUNPATH_SEARCH_PATHS = (
					"$(inherited)",
					"@executable_path/Frameworks",
				);
				MARKETING_VERSION = 1.0;
				PRODUCT_BUNDLE_IDENTIFIER = kholod.com.jahezplus21;
				PRODUCT_NAME = "$(TARGET_NAME)";
				SWIFT_EMIT_LOC_STRINGS = YES;
				SWIFT_VERSION = 5.0;
				TARGETED_DEVICE_FAMILY = "1,2";
			};
			name = Debug;
		};
		F3D1714F2712C04F00ABFFD3 /* Release */ = {
			isa = XCBuildConfiguration;
			buildSettings = {
				ASSETCATALOG_COMPILER_APPICON_NAME = AppIcon;
				ASSETCATALOG_COMPILER_GLOBAL_ACCENT_COLOR_NAME = AccentColor;
				CODE_SIGN_STYLE = Automatic;
				CURRENT_PROJECT_VERSION = 1;
				GENERATE_INFOPLIST_FILE = YES;
				INFOPLIST_FILE = jahezplus21/Info.plist;
				INFOPLIST_KEY_UIApplicationSupportsIndirectInputEvents = YES;
				INFOPLIST_KEY_UILaunchStoryboardName = LaunchScreen;
				INFOPLIST_KEY_UIMainStoryboardFile = Main;
				INFOPLIST_KEY_UISupportedInterfaceOrientations_iPad = "UIInterfaceOrientationPortrait UIInterfaceOrientationPortraitUpsideDown UIInterfaceOrientationLandscapeLeft UIInterfaceOrientationLandscapeRight";
				INFOPLIST_KEY_UISupportedInterfaceOrientations_iPhone = "UIInterfaceOrientationPortrait UIInterfaceOrientationLandscapeLeft UIInterfaceOrientationLandscapeRight";
				LD_RUNPATH_SEARCH_PATHS = (
					"$(inherited)",
					"@executable_path/Frameworks",
				);
				MARKETING_VERSION = 1.0;
				PRODUCT_BUNDLE_IDENTIFIER = kholod.com.jahezplus21;
				PRODUCT_NAME = "$(TARGET_NAME)";
				SWIFT_EMIT_LOC_STRINGS = YES;
				SWIFT_VERSION = 5.0;
				TARGETED_DEVICE_FAMILY = "1,2";
			};
			name = Release;
		};
/* End XCBuildConfiguration section */

/* Begin XCConfigurationList section */
		F3D171342712C04B00ABFFD3 /* Build configuration list for PBXProject "jahezplus21" */ = {
			isa = XCConfigurationList;
			buildConfigurations = (
				F3D1714B2712C04F00ABFFD3 /* Debug */,
				F3D1714C2712C04F00ABFFD3 /* Release */,
			);
			defaultConfigurationIsVisible = 0;
			defaultConfigurationName = Release;
		};
		F3D1714D2712C04F00ABFFD3 /* Build configuration list for PBXNativeTarget "jahezplus21" */ = {
			isa = XCConfigurationList;
			buildConfigurations = (
				F3D1714E2712C04F00ABFFD3 /* Debug */,
				F3D1714F2712C04F00ABFFD3 /* Release */,
			);
			defaultConfigurationIsVisible = 0;
			defaultConfigurationName = Release;
		};
/* End XCConfigurationList section */
	};
	rootObject = F3D171312712C04B00ABFFD3 /* Project object */;
}
