// !$*UTF8*$!
{
	archiveVersion = 1;
	classes = {
	};
	objectVersion = 55;
	objects = {

/* Begin PBXBuildFile section */
		960DA7432712C08A0028ECAE /* AppDelegate.swift in Sources */ = {isa = PBXBuildFile; fileRef = 960DA7422712C08A0028ECAE /* AppDelegate.swift */; };
		960DA7452712C08A0028ECAE /* SceneDelegate.swift in Sources */ = {isa = PBXBuildFile; fileRef = 960DA7442712C08A0028ECAE /* SceneDelegate.swift */; };
		960DA74A2712C08A0028ECAE /* Main.storyboard in Resources */ = {isa = PBXBuildFile; fileRef = 960DA7482712C08A0028ECAE /* Main.storyboard */; };
		960DA74C2712C08C0028ECAE /* Assets.xcassets in Resources */ = {isa = PBXBuildFile; fileRef = 960DA74B2712C08C0028ECAE /* Assets.xcassets */; };
		960DA74F2712C08C0028ECAE /* LaunchScreen.storyboard in Resources */ = {isa = PBXBuildFile; fileRef = 960DA74D2712C08C0028ECAE /* LaunchScreen.storyboard */; };
		960DA7572712CDE40028ECAE /* VC1.swift in Sources */ = {isa = PBXBuildFile; fileRef = 960DA7562712CDE40028ECAE /* VC1.swift */; };
		960DA7592712CE030028ECAE /* VC2.swift in Sources */ = {isa = PBXBuildFile; fileRef = 960DA7582712CE030028ECAE /* VC2.swift */; };
		960DA75B2712D0DE0028ECAE /* Cell1.swift in Sources */ = {isa = PBXBuildFile; fileRef = 960DA75A2712D0DE0028ECAE /* Cell1.swift */; };
		960DA75D2712D0F20028ECAE /* Cell2.swift in Sources */ = {isa = PBXBuildFile; fileRef = 960DA75C2712D0F20028ECAE /* Cell2.swift */; };
		960DA75F2712DA810028ECAE /* Data.swift in Sources */ = {isa = PBXBuildFile; fileRef = 960DA75E2712DA810028ECAE /* Data.swift */; };
/* End PBXBuildFile section */

/* Begin PBXFileReference section */
		960DA73F2712C08A0028ECAE /* deliveryfood.app */ = {isa = PBXFileReference; explicitFileType = wrapper.application; includeInIndex = 0; path = deliveryfood.app; sourceTree = BUILT_PRODUCTS_DIR; };
		960DA7422712C08A0028ECAE /* AppDelegate.swift */ = {isa = PBXFileReference; lastKnownFileType = sourcecode.swift; path = AppDelegate.swift; sourceTree = "<group>"; };
		960DA7442712C08A0028ECAE /* SceneDelegate.swift */ = {isa = PBXFileReference; lastKnownFileType = sourcecode.swift; path = SceneDelegate.swift; sourceTree = "<group>"; };
		960DA7492712C08A0028ECAE /* Base */ = {isa = PBXFileReference; lastKnownFileType = file.storyboard; name = Base; path = Base.lproj/Main.storyboard; sourceTree = "<group>"; };
		960DA74B2712C08C0028ECAE /* Assets.xcassets */ = {isa = PBXFileReference; lastKnownFileType = folder.assetcatalog; path = Assets.xcassets; sourceTree = "<group>"; };
		960DA74E2712C08C0028ECAE /* Base */ = {isa = PBXFileReference; lastKnownFileType = file.storyboard; name = Base; path = Base.lproj/LaunchScreen.storyboard; sourceTree = "<group>"; };
		960DA7502712C08C0028ECAE /* Info.plist */ = {isa = PBXFileReference; lastKnownFileType = text.plist.xml; path = Info.plist; sourceTree = "<group>"; };
		960DA7562712CDE40028ECAE /* VC1.swift */ = {isa = PBXFileReference; lastKnownFileType = sourcecode.swift; path = VC1.swift; sourceTree = "<group>"; };
		960DA7582712CE030028ECAE /* VC2.swift */ = {isa = PBXFileReference; lastKnownFileType = sourcecode.swift; path = VC2.swift; sourceTree = "<group>"; };
		960DA75A2712D0DE0028ECAE /* Cell1.swift */ = {isa = PBXFileReference; lastKnownFileType = sourcecode.swift; path = Cell1.swift; sourceTree = "<group>"; };
		960DA75C2712D0F20028ECAE /* Cell2.swift */ = {isa = PBXFileReference; lastKnownFileType = sourcecode.swift; path = Cell2.swift; sourceTree = "<group>"; };
		960DA75E2712DA810028ECAE /* Data.swift */ = {isa = PBXFileReference; lastKnownFileType = sourcecode.swift; path = Data.swift; sourceTree = "<group>"; };
/* End PBXFileReference section */

/* Begin PBXFrameworksBuildPhase section */
		960DA73C2712C08A0028ECAE /* Frameworks */ = {
			isa = PBXFrameworksBuildPhase;
			buildActionMask = 2147483647;
			files = (
			);
			runOnlyForDeploymentPostprocessing = 0;
		};
/* End PBXFrameworksBuildPhase section */

/* Begin PBXGroup section */
		960DA7362712C08A0028ECAE = {
			isa = PBXGroup;
			children = (
				960DA7412712C08A0028ECAE /* deliveryfood */,
				960DA7402712C08A0028ECAE /* Products */,
			);
			sourceTree = "<group>";
		};
		960DA7402712C08A0028ECAE /* Products */ = {
			isa = PBXGroup;
			children = (
				960DA73F2712C08A0028ECAE /* deliveryfood.app */,
			);
			name = Products;
			sourceTree = "<group>";
		};
		960DA7412712C08A0028ECAE /* deliveryfood */ = {
			isa = PBXGroup;
			children = (
				960DA7422712C08A0028ECAE /* AppDelegate.swift */,
				960DA7442712C08A0028ECAE /* SceneDelegate.swift */,
				960DA7562712CDE40028ECAE /* VC1.swift */,
				960DA75A2712D0DE0028ECAE /* Cell1.swift */,
				960DA7582712CE030028ECAE /* VC2.swift */,
				960DA75C2712D0F20028ECAE /* Cell2.swift */,
				960DA7482712C08A0028ECAE /* Main.storyboard */,
				960DA75E2712DA810028ECAE /* Data.swift */,
				960DA74B2712C08C0028ECAE /* Assets.xcassets */,
				960DA74D2712C08C0028ECAE /* LaunchScreen.storyboard */,
				960DA7502712C08C0028ECAE /* Info.plist */,
			);
			path = deliveryfood;
			sourceTree = "<group>";
		};
/* End PBXGroup section */

/* Begin PBXNativeTarget section */
		960DA73E2712C08A0028ECAE /* deliveryfood */ = {
			isa = PBXNativeTarget;
			buildConfigurationList = 960DA7532712C08C0028ECAE /* Build configuration list for PBXNativeTarget "deliveryfood" */;
			buildPhases = (
				960DA73B2712C08A0028ECAE /* Sources */,
				960DA73C2712C08A0028ECAE /* Frameworks */,
				960DA73D2712C08A0028ECAE /* Resources */,
			);
			buildRules = (
			);
			dependencies = (
			);
			name = deliveryfood;
			productName = deliveryfood;
			productReference = 960DA73F2712C08A0028ECAE /* deliveryfood.app */;
			productType = "com.apple.product-type.application";
		};
/* End PBXNativeTarget section */

/* Begin PBXProject section */
		960DA7372712C08A0028ECAE /* Project object */ = {
			isa = PBXProject;
			attributes = {
				BuildIndependentTargetsInParallel = 1;
				LastSwiftUpdateCheck = 1300;
				LastUpgradeCheck = 1300;
				TargetAttributes = {
					960DA73E2712C08A0028ECAE = {
						CreatedOnToolsVersion = 13.0;
					};
				};
			};
			buildConfigurationList = 960DA73A2712C08A0028ECAE /* Build configuration list for PBXProject "deliveryfood" */;
			compatibilityVersion = "Xcode 13.0";
			developmentRegion = en;
			hasScannedForEncodings = 0;
			knownRegions = (
				en,
				Base,
			);
			mainGroup = 960DA7362712C08A0028ECAE;
			productRefGroup = 960DA7402712C08A0028ECAE /* Products */;
			projectDirPath = "";
			projectRoot = "";
			targets = (
				960DA73E2712C08A0028ECAE /* deliveryfood */,
			);
		};
/* End PBXProject section */

/* Begin PBXResourcesBuildPhase section */
		960DA73D2712C08A0028ECAE /* Resources */ = {
			isa = PBXResourcesBuildPhase;
			buildActionMask = 2147483647;
			files = (
				960DA74F2712C08C0028ECAE /* LaunchScreen.storyboard in Resources */,
				960DA74C2712C08C0028ECAE /* Assets.xcassets in Resources */,
				960DA74A2712C08A0028ECAE /* Main.storyboard in Resources */,
			);
			runOnlyForDeploymentPostprocessing = 0;
		};
/* End PBXResourcesBuildPhase section */

/* Begin PBXSourcesBuildPhase section */
		960DA73B2712C08A0028ECAE /* Sources */ = {
			isa = PBXSourcesBuildPhase;
			buildActionMask = 2147483647;
			files = (
				960DA75F2712DA810028ECAE /* Data.swift in Sources */,
				960DA75D2712D0F20028ECAE /* Cell2.swift in Sources */,
				960DA75B2712D0DE0028ECAE /* Cell1.swift in Sources */,
				960DA7572712CDE40028ECAE /* VC1.swift in Sources */,
				960DA7432712C08A0028ECAE /* AppDelegate.swift in Sources */,
				960DA7452712C08A0028ECAE /* SceneDelegate.swift in Sources */,
				960DA7592712CE030028ECAE /* VC2.swift in Sources */,
			);
			runOnlyForDeploymentPostprocessing = 0;
		};
/* End PBXSourcesBuildPhase section */

/* Begin PBXVariantGroup section */
		960DA7482712C08A0028ECAE /* Main.storyboard */ = {
			isa = PBXVariantGroup;
			children = (
				960DA7492712C08A0028ECAE /* Base */,
			);
			name = Main.storyboard;
			sourceTree = "<group>";
		};
		960DA74D2712C08C0028ECAE /* LaunchScreen.storyboard */ = {
			isa = PBXVariantGroup;
			children = (
				960DA74E2712C08C0028ECAE /* Base */,
			);
			name = LaunchScreen.storyboard;
			sourceTree = "<group>";
		};
/* End PBXVariantGroup section */

/* Begin XCBuildConfiguration section */
		960DA7512712C08C0028ECAE /* Debug */ = {
			isa = XCBuildConfiguration;
			buildSettings = {
				ALWAYS_SEARCH_USER_PATHS = NO;
				CLANG_ANALYZER_NONNULL = YES;
				CLANG_ANALYZER_NUMBER_OBJECT_CONVERSION = YES_AGGRESSIVE;
				CLANG_CXX_LANGUAGE_STANDARD = "gnu++17";
				CLANG_CXX_LIBRARY = "libc++";
				CLANG_ENABLE_MODULES = YES;
				CLANG_ENABLE_OBJC_ARC = YES;
				CLANG_ENABLE_OBJC_WEAK = YES;
				CLANG_WARN_BLOCK_CAPTURE_AUTORELEASING = YES;
				CLANG_WARN_BOOL_CONVERSION = YES;
				CLANG_WARN_COMMA = YES;
				CLANG_WARN_CONSTANT_CONVERSION = YES;
				CLANG_WARN_DEPRECATED_OBJC_IMPLEMENTATIONS = YES;
				CLANG_WARN_DIRECT_OBJC_ISA_USAGE = YES_ERROR;
				CLANG_WARN_DOCUMENTATION_COMMENTS = YES;
				CLANG_WARN_EMPTY_BODY = YES;
				CLANG_WARN_ENUM_CONVERSION = YES;
				CLANG_WARN_INFINITE_RECURSION = YES;
				CLANG_WARN_INT_CONVERSION = YES;
				CLANG_WARN_NON_LITERAL_NULL_CONVERSION = YES;
				CLANG_WARN_OBJC_IMPLICIT_RETAIN_SELF = YES;
				CLANG_WARN_OBJC_LITERAL_CONVERSION = YES;
				CLANG_WARN_OBJC_ROOT_CLASS = YES_ERROR;
				CLANG_WARN_QUOTED_INCLUDE_IN_FRAMEWORK_HEADER = YES;
				CLANG_WARN_RANGE_LOOP_ANALYSIS = YES;
				CLANG_WARN_STRICT_PROTOTYPES = YES;
				CLANG_WARN_SUSPICIOUS_MOVE = YES;
				CLANG_WARN_UNGUARDED_AVAILABILITY = YES_AGGRESSIVE;
				CLANG_WARN_UNREACHABLE_CODE = YES;
				CLANG_WARN__DUPLICATE_METHOD_MATCH = YES;
				COPY_PHASE_STRIP = NO;
				DEBUG_INFORMATION_FORMAT = dwarf;
				ENABLE_STRICT_OBJC_MSGSEND = YES;
				ENABLE_TESTABILITY = YES;
				GCC_C_LANGUAGE_STANDARD = gnu11;
				GCC_DYNAMIC_NO_PIC = NO;
				GCC_NO_COMMON_BLOCKS = YES;
				GCC_OPTIMIZATION_LEVEL = 0;
				GCC_PREPROCESSOR_DEFINITIONS = (
					"DEBUG=1",
					"$(inherited)",
				);
				GCC_WARN_64_TO_32_BIT_CONVERSION = YES;
				GCC_WARN_ABOUT_RETURN_TYPE = YES_ERROR;
				GCC_WARN_UNDECLARED_SELECTOR = YES;
				GCC_WARN_UNINITIALIZED_AUTOS = YES_AGGRESSIVE;
				GCC_WARN_UNUSED_FUNCTION = YES;
				GCC_WARN_UNUSED_VARIABLE = YES;
				IPHONEOS_DEPLOYMENT_TARGET = 15.0;
				MTL_ENABLE_DEBUG_INFO = INCLUDE_SOURCE;
				MTL_FAST_MATH = YES;
				ONLY_ACTIVE_ARCH = YES;
				SDKROOT = iphoneos;
				SWIFT_ACTIVE_COMPILATION_CONDITIONS = DEBUG;
				SWIFT_OPTIMIZATION_LEVEL = "-Onone";
			};
			name = Debug;
		};
		960DA7522712C08C0028ECAE /* Release */ = {
			isa = XCBuildConfiguration;
			buildSettings = {
				ALWAYS_SEARCH_USER_PATHS = NO;
				CLANG_ANALYZER_NONNULL = YES;
				CLANG_ANALYZER_NUMBER_OBJECT_CONVERSION = YES_AGGRESSIVE;
				CLANG_CXX_LANGUAGE_STANDARD = "gnu++17";
				CLANG_CXX_LIBRARY = "libc++";
				CLANG_ENABLE_MODULES = YES;
				CLANG_ENABLE_OBJC_ARC = YES;
				CLANG_ENABLE_OBJC_WEAK = YES;
				CLANG_WARN_BLOCK_CAPTURE_AUTORELEASING = YES;
				CLANG_WARN_BOOL_CONVERSION = YES;
				CLANG_WARN_COMMA = YES;
				CLANG_WARN_CONSTANT_CONVERSION = YES;
				CLANG_WARN_DEPRECATED_OBJC_IMPLEMENTATIONS = YES;
				CLANG_WARN_DIRECT_OBJC_ISA_USAGE = YES_ERROR;
				CLANG_WARN_DOCUMENTATION_COMMENTS = YES;
				CLANG_WARN_EMPTY_BODY = YES;
				CLANG_WARN_ENUM_CONVERSION = YES;
				CLANG_WARN_INFINITE_RECURSION = YES;
				CLANG_WARN_INT_CONVERSION = YES;
				CLANG_WARN_NON_LITERAL_NULL_CONVERSION = YES;
				CLANG_WARN_OBJC_IMPLICIT_RETAIN_SELF = YES;
				CLANG_WARN_OBJC_LITERAL_CONVERSION = YES;
				CLANG_WARN_OBJC_ROOT_CLASS = YES_ERROR;
				CLANG_WARN_QUOTED_INCLUDE_IN_FRAMEWORK_HEADER = YES;
				CLANG_WARN_RANGE_LOOP_ANALYSIS = YES;
				CLANG_WARN_STRICT_PROTOTYPES = YES;
				CLANG_WARN_SUSPICIOUS_MOVE = YES;
				CLANG_WARN_UNGUARDED_AVAILABILITY = YES_AGGRESSIVE;
				CLANG_WARN_UNREACHABLE_CODE = YES;
				CLANG_WARN__DUPLICATE_METHOD_MATCH = YES;
				COPY_PHASE_STRIP = NO;
				DEBUG_INFORMATION_FORMAT = "dwarf-with-dsym";
				ENABLE_NS_ASSERTIONS = NO;
				ENABLE_STRICT_OBJC_MSGSEND = YES;
				GCC_C_LANGUAGE_STANDARD = gnu11;
				GCC_NO_COMMON_BLOCKS = YES;
				GCC_WARN_64_TO_32_BIT_CONVERSION = YES;
				GCC_WARN_ABOUT_RETURN_TYPE = YES_ERROR;
				GCC_WARN_UNDECLARED_SELECTOR = YES;
				GCC_WARN_UNINITIALIZED_AUTOS = YES_AGGRESSIVE;
				GCC_WARN_UNUSED_FUNCTION = YES;
				GCC_WARN_UNUSED_VARIABLE = YES;
				IPHONEOS_DEPLOYMENT_TARGET = 15.0;
				MTL_ENABLE_DEBUG_INFO = NO;
				MTL_FAST_MATH = YES;
				SDKROOT = iphoneos;
				SWIFT_COMPILATION_MODE = wholemodule;
				SWIFT_OPTIMIZATION_LEVEL = "-O";
				VALIDATE_PRODUCT = YES;
			};
			name = Release;
		};
		960DA7542712C08C0028ECAE /* Debug */ = {
			isa = XCBuildConfiguration;
			buildSettings = {
				ASSETCATALOG_COMPILER_APPICON_NAME = AppIcon;
				ASSETCATALOG_COMPILER_GLOBAL_ACCENT_COLOR_NAME = AccentColor;
				CODE_SIGN_STYLE = Automatic;
				CURRENT_PROJECT_VERSION = 1;
				DEVELOPMENT_TEAM = UHBQU77Z37;
				GENERATE_INFOPLIST_FILE = YES;
				INFOPLIST_FILE = deliveryfood/Info.plist;
				INFOPLIST_KEY_UIApplicationSupportsIndirectInputEvents = YES;
				INFOPLIST_KEY_UILaunchStoryboardName = LaunchScreen;
				INFOPLIST_KEY_UIMainStoryboardFile = Main;
				INFOPLIST_KEY_UISupportedInterfaceOrientations_iPad = "UIInterfaceOrientationPortrait UIInterfaceOrientationPortraitUpsideDown UIInterfaceOrientationLandscapeLeft UIInterfaceOrientationLandscapeRight";
				INFOPLIST_KEY_UISupportedInterfaceOrientations_iPhone = "UIInterfaceOrientationPortrait UIInterfaceOrientationLandscapeLeft UIInterfaceOrientationLandscapeRight";
				LD_RUNPATH_SEARCH_PATHS = (
					"$(inherited)",
					"@executable_path/Frameworks",
				);
				MARKETING_VERSION = 1.0;
				PRODUCT_BUNDLE_IDENTIFIER = com.saraM.deliveryfood;
				PRODUCT_NAME = "$(TARGET_NAME)";
				SWIFT_EMIT_LOC_STRINGS = YES;
				SWIFT_VERSION = 5.0;
				TARGETED_DEVICE_FAMILY = "1,2";
			};
			name = Debug;
		};
		960DA7552712C08C0028ECAE /* Release */ = {
			isa = XCBuildConfiguration;
			buildSettings = {
				ASSETCATALOG_COMPILER_APPICON_NAME = AppIcon;
				ASSETCATALOG_COMPILER_GLOBAL_ACCENT_COLOR_NAME = AccentColor;
				CODE_SIGN_STYLE = Automatic;
				CURRENT_PROJECT_VERSION = 1;
				DEVELOPMENT_TEAM = UHBQU77Z37;
				GENERATE_INFOPLIST_FILE = YES;
				INFOPLIST_FILE = deliveryfood/Info.plist;
				INFOPLIST_KEY_UIApplicationSupportsIndirectInputEvents = YES;
				INFOPLIST_KEY_UILaunchStoryboardName = LaunchScreen;
				INFOPLIST_KEY_UIMainStoryboardFile = Main;
				INFOPLIST_KEY_UISupportedInterfaceOrientations_iPad = "UIInterfaceOrientationPortrait UIInterfaceOrientationPortraitUpsideDown UIInterfaceOrientationLandscapeLeft UIInterfaceOrientationLandscapeRight";
				INFOPLIST_KEY_UISupportedInterfaceOrientations_iPhone = "UIInterfaceOrientationPortrait UIInterfaceOrientationLandscapeLeft UIInterfaceOrientationLandscapeRight";
				LD_RUNPATH_SEARCH_PATHS = (
					"$(inherited)",
					"@executable_path/Frameworks",
				);
				MARKETING_VERSION = 1.0;
				PRODUCT_BUNDLE_IDENTIFIER = com.saraM.deliveryfood;
				PRODUCT_NAME = "$(TARGET_NAME)";
				SWIFT_EMIT_LOC_STRINGS = YES;
				SWIFT_VERSION = 5.0;
				TARGETED_DEVICE_FAMILY = "1,2";
			};
			name = Release;
		};
/* End XCBuildConfiguration section */

/* Begin XCConfigurationList section */
		960DA73A2712C08A0028ECAE /* Build configuration list for PBXProject "deliveryfood" */ = {
			isa = XCConfigurationList;
			buildConfigurations = (
				960DA7512712C08C0028ECAE /* Debug */,
				960DA7522712C08C0028ECAE /* Release */,
			);
			defaultConfigurationIsVisible = 0;
			defaultConfigurationName = Release;
		};
		960DA7532712C08C0028ECAE /* Build configuration list for PBXNativeTarget "deliveryfood" */ = {
			isa = XCConfigurationList;
			buildConfigurations = (
				960DA7542712C08C0028ECAE /* Debug */,
				960DA7552712C08C0028ECAE /* Release */,
			);
			defaultConfigurationIsVisible = 0;
			defaultConfigurationName = Release;
		};
/* End XCConfigurationList section */
	};
	rootObject = 960DA7372712C08A0028ECAE /* Project object */;
}
