// !$*UTF8*$!
{
	archiveVersion = 1;
	classes = {
	};
	objectVersion = 55;
	objects = {

/* Begin PBXBuildFile section */
		EE5893D42712C12800DA8A40 /* AppDelegate.swift in Sources */ = {isa = PBXBuildFile; fileRef = EE5893D32712C12800DA8A40 /* AppDelegate.swift */; };
		EE5893D62712C12800DA8A40 /* SceneDelegate.swift in Sources */ = {isa = PBXBuildFile; fileRef = EE5893D52712C12800DA8A40 /* SceneDelegate.swift */; };
		EE5893DB2712C12800DA8A40 /* Main.storyboard in Resources */ = {isa = PBXBuildFile; fileRef = EE5893D92712C12800DA8A40 /* Main.storyboard */; };
		EE5893DD2712C12900DA8A40 /* Assets.xcassets in Resources */ = {isa = PBXBuildFile; fileRef = EE5893DC2712C12900DA8A40 /* Assets.xcassets */; };
		EE5893E02712C12900DA8A40 /* LaunchScreen.storyboard in Resources */ = {isa = PBXBuildFile; fileRef = EE5893DE2712C12900DA8A40 /* LaunchScreen.storyboard */; };
		EE5893E82712CDCB00DA8A40 /* VC1.swift in Sources */ = {isa = PBXBuildFile; fileRef = EE5893E72712CDCB00DA8A40 /* VC1.swift */; };
		EE5893EA2712CE0600DA8A40 /* VC2.swift in Sources */ = {isa = PBXBuildFile; fileRef = EE5893E92712CE0600DA8A40 /* VC2.swift */; };
		EE5893EC2712D0E900DA8A40 /* Cell1.swift in Sources */ = {isa = PBXBuildFile; fileRef = EE5893EB2712D0E900DA8A40 /* Cell1.swift */; };
		EE5893EE2712D10800DA8A40 /* Cell2.swift in Sources */ = {isa = PBXBuildFile; fileRef = EE5893ED2712D10800DA8A40 /* Cell2.swift */; };
		EE5893F02712DA8400DA8A40 /* Data.swift in Sources */ = {isa = PBXBuildFile; fileRef = EE5893EF2712DA8400DA8A40 /* Data.swift */; };
/* End PBXBuildFile section */

/* Begin PBXFileReference section */
		EE5893D02712C12800DA8A40 /* Jahez22.app */ = {isa = PBXFileReference; explicitFileType = wrapper.application; includeInIndex = 0; path = Jahez22.app; sourceTree = BUILT_PRODUCTS_DIR; };
		EE5893D32712C12800DA8A40 /* AppDelegate.swift */ = {isa = PBXFileReference; lastKnownFileType = sourcecode.swift; path = AppDelegate.swift; sourceTree = "<group>"; };
		EE5893D52712C12800DA8A40 /* SceneDelegate.swift */ = {isa = PBXFileReference; lastKnownFileType = sourcecode.swift; path = SceneDelegate.swift; sourceTree = "<group>"; };
		EE5893DA2712C12800DA8A40 /* Base */ = {isa = PBXFileReference; lastKnownFileType = file.storyboard; name = Base; path = Base.lproj/Main.storyboard; sourceTree = "<group>"; };
		EE5893DC2712C12900DA8A40 /* Assets.xcassets */ = {isa = PBXFileReference; lastKnownFileType = folder.assetcatalog; path = Assets.xcassets; sourceTree = "<group>"; };
		EE5893DF2712C12900DA8A40 /* Base */ = {isa = PBXFileReference; lastKnownFileType = file.storyboard; name = Base; path = Base.lproj/LaunchScreen.storyboard; sourceTree = "<group>"; };
		EE5893E12712C12900DA8A40 /* Info.plist */ = {isa = PBXFileReference; lastKnownFileType = text.plist.xml; path = Info.plist; sourceTree = "<group>"; };
		EE5893E72712CDCB00DA8A40 /* VC1.swift */ = {isa = PBXFileReference; lastKnownFileType = sourcecode.swift; path = VC1.swift; sourceTree = "<group>"; };
		EE5893E92712CE0600DA8A40 /* VC2.swift */ = {isa = PBXFileReference; lastKnownFileType = sourcecode.swift; path = VC2.swift; sourceTree = "<group>"; };
		EE5893EB2712D0E900DA8A40 /* Cell1.swift */ = {isa = PBXFileReference; lastKnownFileType = sourcecode.swift; path = Cell1.swift; sourceTree = "<group>"; };
		EE5893ED2712D10800DA8A40 /* Cell2.swift */ = {isa = PBXFileReference; lastKnownFileType = sourcecode.swift; path = Cell2.swift; sourceTree = "<group>"; };
		EE5893EF2712DA8400DA8A40 /* Data.swift */ = {isa = PBXFileReference; lastKnownFileType = sourcecode.swift; path = Data.swift; sourceTree = "<group>"; };
/* End PBXFileReference section */

/* Begin PBXFrameworksBuildPhase section */
		EE5893CD2712C12800DA8A40 /* Frameworks */ = {
			isa = PBXFrameworksBuildPhase;
			buildActionMask = 2147483647;
			files = (
			);
			runOnlyForDeploymentPostprocessing = 0;
		};
/* End PBXFrameworksBuildPhase section */

/* Begin PBXGroup section */
		EE5893C72712C12800DA8A40 = {
			isa = PBXGroup;
			children = (
				EE5893D22712C12800DA8A40 /* Jahez22 */,
				EE5893D12712C12800DA8A40 /* Products */,
			);
			sourceTree = "<group>";
		};
		EE5893D12712C12800DA8A40 /* Products */ = {
			isa = PBXGroup;
			children = (
				EE5893D02712C12800DA8A40 /* Jahez22.app */,
			);
			name = Products;
			sourceTree = "<group>";
		};
		EE5893D22712C12800DA8A40 /* Jahez22 */ = {
			isa = PBXGroup;
			children = (
				EE5893D32712C12800DA8A40 /* AppDelegate.swift */,
				EE5893D52712C12800DA8A40 /* SceneDelegate.swift */,
				EE5893E72712CDCB00DA8A40 /* VC1.swift */,
				EE5893EB2712D0E900DA8A40 /* Cell1.swift */,
				EE5893E92712CE0600DA8A40 /* VC2.swift */,
				EE5893ED2712D10800DA8A40 /* Cell2.swift */,
				EE5893EF2712DA8400DA8A40 /* Data.swift */,
				EE5893D92712C12800DA8A40 /* Main.storyboard */,
				EE5893DC2712C12900DA8A40 /* Assets.xcassets */,
				EE5893DE2712C12900DA8A40 /* LaunchScreen.storyboard */,
				EE5893E12712C12900DA8A40 /* Info.plist */,
			);
			path = Jahez22;
			sourceTree = "<group>";
		};
/* End PBXGroup section */

/* Begin PBXNativeTarget section */
		EE5893CF2712C12800DA8A40 /* Jahez22 */ = {
			isa = PBXNativeTarget;
			buildConfigurationList = EE5893E42712C12900DA8A40 /* Build configuration list for PBXNativeTarget "Jahez22" */;
			buildPhases = (
				EE5893CC2712C12800DA8A40 /* Sources */,
				EE5893CD2712C12800DA8A40 /* Frameworks */,
				EE5893CE2712C12800DA8A40 /* Resources */,
			);
			buildRules = (
			);
			dependencies = (
			);
			name = Jahez22;
			productName = Jahez22;
			productReference = EE5893D02712C12800DA8A40 /* Jahez22.app */;
			productType = "com.apple.product-type.application";
		};
/* End PBXNativeTarget section */

/* Begin PBXProject section */
		EE5893C82712C12800DA8A40 /* Project object */ = {
			isa = PBXProject;
			attributes = {
				BuildIndependentTargetsInParallel = 1;
				LastSwiftUpdateCheck = 1300;
				LastUpgradeCheck = 1300;
				TargetAttributes = {
					EE5893CF2712C12800DA8A40 = {
						CreatedOnToolsVersion = 13.0;
					};
				};
			};
			buildConfigurationList = EE5893CB2712C12800DA8A40 /* Build configuration list for PBXProject "Jahez22" */;
			compatibilityVersion = "Xcode 13.0";
			developmentRegion = en;
			hasScannedForEncodings = 0;
			knownRegions = (
				en,
				Base,
			);
			mainGroup = EE5893C72712C12800DA8A40;
			productRefGroup = EE5893D12712C12800DA8A40 /* Products */;
			projectDirPath = "";
			projectRoot = "";
			targets = (
				EE5893CF2712C12800DA8A40 /* Jahez22 */,
			);
		};
/* End PBXProject section */

/* Begin PBXResourcesBuildPhase section */
		EE5893CE2712C12800DA8A40 /* Resources */ = {
			isa = PBXResourcesBuildPhase;
			buildActionMask = 2147483647;
			files = (
				EE5893E02712C12900DA8A40 /* LaunchScreen.storyboard in Resources */,
				EE5893DD2712C12900DA8A40 /* Assets.xcassets in Resources */,
				EE5893DB2712C12800DA8A40 /* Main.storyboard in Resources */,
			);
			runOnlyForDeploymentPostprocessing = 0;
		};
/* End PBXResourcesBuildPhase section */

/* Begin PBXSourcesBuildPhase section */
		EE5893CC2712C12800DA8A40 /* Sources */ = {
			isa = PBXSourcesBuildPhase;
			buildActionMask = 2147483647;
			files = (
				EE5893F02712DA8400DA8A40 /* Data.swift in Sources */,
				EE5893EE2712D10800DA8A40 /* Cell2.swift in Sources */,
				EE5893EC2712D0E900DA8A40 /* Cell1.swift in Sources */,
				EE5893E82712CDCB00DA8A40 /* VC1.swift in Sources */,
				EE5893D42712C12800DA8A40 /* AppDelegate.swift in Sources */,
				EE5893D62712C12800DA8A40 /* SceneDelegate.swift in Sources */,
				EE5893EA2712CE0600DA8A40 /* VC2.swift in Sources */,
			);
			runOnlyForDeploymentPostprocessing = 0;
		};
/* End PBXSourcesBuildPhase section */

/* Begin PBXVariantGroup section */
		EE5893D92712C12800DA8A40 /* Main.storyboard */ = {
			isa = PBXVariantGroup;
			children = (
				EE5893DA2712C12800DA8A40 /* Base */,
			);
			name = Main.storyboard;
			sourceTree = "<group>";
		};
		EE5893DE2712C12900DA8A40 /* LaunchScreen.storyboard */ = {
			isa = PBXVariantGroup;
			children = (
				EE5893DF2712C12900DA8A40 /* Base */,
			);
			name = LaunchScreen.storyboard;
			sourceTree = "<group>";
		};
/* End PBXVariantGroup section */

/* Begin XCBuildConfiguration section */
		EE5893E22712C12900DA8A40 /* Debug */ = {
			isa = XCBuildConfiguration;
			buildSettings = {
				ALWAYS_SEARCH_USER_PATHS = NO;
				CLANG_ANALYZER_NONNULL = YES;
				CLANG_ANALYZER_NUMBER_OBJECT_CONVERSION = YES_AGGRESSIVE;
				CLANG_CXX_LANGUAGE_STANDARD = "gnu++17";
				CLANG_CXX_LIBRARY = "libc++";
				CLANG_ENABLE_MODULES = YES;
				CLANG_ENABLE_OBJC_ARC = YES;
				CLANG_ENABLE_OBJC_WEAK = YES;
				CLANG_WARN_BLOCK_CAPTURE_AUTORELEASING = YES;
				CLANG_WARN_BOOL_CONVERSION = YES;
				CLANG_WARN_COMMA = YES;
				CLANG_WARN_CONSTANT_CONVERSION = YES;
				CLANG_WARN_DEPRECATED_OBJC_IMPLEMENTATIONS = YES;
				CLANG_WARN_DIRECT_OBJC_ISA_USAGE = YES_ERROR;
				CLANG_WARN_DOCUMENTATION_COMMENTS = YES;
				CLANG_WARN_EMPTY_BODY = YES;
				CLANG_WARN_ENUM_CONVERSION = YES;
				CLANG_WARN_INFINITE_RECURSION = YES;
				CLANG_WARN_INT_CONVERSION = YES;
				CLANG_WARN_NON_LITERAL_NULL_CONVERSION = YES;
				CLANG_WARN_OBJC_IMPLICIT_RETAIN_SELF = YES;
				CLANG_WARN_OBJC_LITERAL_CONVERSION = YES;
				CLANG_WARN_OBJC_ROOT_CLASS = YES_ERROR;
				CLANG_WARN_QUOTED_INCLUDE_IN_FRAMEWORK_HEADER = YES;
				CLANG_WARN_RANGE_LOOP_ANALYSIS = YES;
				CLANG_WARN_STRICT_PROTOTYPES = YES;
				CLANG_WARN_SUSPICIOUS_MOVE = YES;
				CLANG_WARN_UNGUARDED_AVAILABILITY = YES_AGGRESSIVE;
				CLANG_WARN_UNREACHABLE_CODE = YES;
				CLANG_WARN__DUPLICATE_METHOD_MATCH = YES;
				COPY_PHASE_STRIP = NO;
				DEBUG_INFORMATION_FORMAT = dwarf;
				ENABLE_STRICT_OBJC_MSGSEND = YES;
				ENABLE_TESTABILITY = YES;
				GCC_C_LANGUAGE_STANDARD = gnu11;
				GCC_DYNAMIC_NO_PIC = NO;
				GCC_NO_COMMON_BLOCKS = YES;
				GCC_OPTIMIZATION_LEVEL = 0;
				GCC_PREPROCESSOR_DEFINITIONS = (
					"DEBUG=1",
					"$(inherited)",
				);
				GCC_WARN_64_TO_32_BIT_CONVERSION = YES;
				GCC_WARN_ABOUT_RETURN_TYPE = YES_ERROR;
				GCC_WARN_UNDECLARED_SELECTOR = YES;
				GCC_WARN_UNINITIALIZED_AUTOS = YES_AGGRESSIVE;
				GCC_WARN_UNUSED_FUNCTION = YES;
				GCC_WARN_UNUSED_VARIABLE = YES;
				IPHONEOS_DEPLOYMENT_TARGET = 15.0;
				MTL_ENABLE_DEBUG_INFO = INCLUDE_SOURCE;
				MTL_FAST_MATH = YES;
				ONLY_ACTIVE_ARCH = YES;
				SDKROOT = iphoneos;
				SWIFT_ACTIVE_COMPILATION_CONDITIONS = DEBUG;
				SWIFT_OPTIMIZATION_LEVEL = "-Onone";
			};
			name = Debug;
		};
		EE5893E32712C12900DA8A40 /* Release */ = {
			isa = XCBuildConfiguration;
			buildSettings = {
				ALWAYS_SEARCH_USER_PATHS = NO;
				CLANG_ANALYZER_NONNULL = YES;
				CLANG_ANALYZER_NUMBER_OBJECT_CONVERSION = YES_AGGRESSIVE;
				CLANG_CXX_LANGUAGE_STANDARD = "gnu++17";
				CLANG_CXX_LIBRARY = "libc++";
				CLANG_ENABLE_MODULES = YES;
				CLANG_ENABLE_OBJC_ARC = YES;
				CLANG_ENABLE_OBJC_WEAK = YES;
				CLANG_WARN_BLOCK_CAPTURE_AUTORELEASING = YES;
				CLANG_WARN_BOOL_CONVERSION = YES;
				CLANG_WARN_COMMA = YES;
				CLANG_WARN_CONSTANT_CONVERSION = YES;
				CLANG_WARN_DEPRECATED_OBJC_IMPLEMENTATIONS = YES;
				CLANG_WARN_DIRECT_OBJC_ISA_USAGE = YES_ERROR;
				CLANG_WARN_DOCUMENTATION_COMMENTS = YES;
				CLANG_WARN_EMPTY_BODY = YES;
				CLANG_WARN_ENUM_CONVERSION = YES;
				CLANG_WARN_INFINITE_RECURSION = YES;
				CLANG_WARN_INT_CONVERSION = YES;
				CLANG_WARN_NON_LITERAL_NULL_CONVERSION = YES;
				CLANG_WARN_OBJC_IMPLICIT_RETAIN_SELF = YES;
				CLANG_WARN_OBJC_LITERAL_CONVERSION = YES;
				CLANG_WARN_OBJC_ROOT_CLASS = YES_ERROR;
				CLANG_WARN_QUOTED_INCLUDE_IN_FRAMEWORK_HEADER = YES;
				CLANG_WARN_RANGE_LOOP_ANALYSIS = YES;
				CLANG_WARN_STRICT_PROTOTYPES = YES;
				CLANG_WARN_SUSPICIOUS_MOVE = YES;
				CLANG_WARN_UNGUARDED_AVAILABILITY = YES_AGGRESSIVE;
				CLANG_WARN_UNREACHABLE_CODE = YES;
				CLANG_WARN__DUPLICATE_METHOD_MATCH = YES;
				COPY_PHASE_STRIP = NO;
				DEBUG_INFORMATION_FORMAT = "dwarf-with-dsym";
				ENABLE_NS_ASSERTIONS = NO;
				ENABLE_STRICT_OBJC_MSGSEND = YES;
				GCC_C_LANGUAGE_STANDARD = gnu11;
				GCC_NO_COMMON_BLOCKS = YES;
				GCC_WARN_64_TO_32_BIT_CONVERSION = YES;
				GCC_WARN_ABOUT_RETURN_TYPE = YES_ERROR;
				GCC_WARN_UNDECLARED_SELECTOR = YES;
				GCC_WARN_UNINITIALIZED_AUTOS = YES_AGGRESSIVE;
				GCC_WARN_UNUSED_FUNCTION = YES;
				GCC_WARN_UNUSED_VARIABLE = YES;
				IPHONEOS_DEPLOYMENT_TARGET = 15.0;
				MTL_ENABLE_DEBUG_INFO = NO;
				MTL_FAST_MATH = YES;
				SDKROOT = iphoneos;
				SWIFT_COMPILATION_MODE = wholemodule;
				SWIFT_OPTIMIZATION_LEVEL = "-O";
				VALIDATE_PRODUCT = YES;
			};
			name = Release;
		};
		EE5893E52712C12900DA8A40 /* Debug */ = {
			isa = XCBuildConfiguration;
			buildSettings = {
				ASSETCATALOG_COMPILER_APPICON_NAME = AppIcon;
				ASSETCATALOG_COMPILER_GLOBAL_ACCENT_COLOR_NAME = AccentColor;
				CODE_SIGN_STYLE = Automatic;
				CURRENT_PROJECT_VERSION = 1;
				GENERATE_INFOPLIST_FILE = YES;
				INFOPLIST_FILE = Jahez22/Info.plist;
				INFOPLIST_KEY_UIApplicationSupportsIndirectInputEvents = YES;
				INFOPLIST_KEY_UILaunchStoryboardName = LaunchScreen;
				INFOPLIST_KEY_UIMainStoryboardFile = Main;
				INFOPLIST_KEY_UISupportedInterfaceOrientations_iPad = "UIInterfaceOrientationPortrait UIInterfaceOrientationPortraitUpsideDown UIInterfaceOrientationLandscapeLeft UIInterfaceOrientationLandscapeRight";
				INFOPLIST_KEY_UISupportedInterfaceOrientations_iPhone = "UIInterfaceOrientationPortrait UIInterfaceOrientationLandscapeLeft UIInterfaceOrientationLandscapeRight";
				LD_RUNPATH_SEARCH_PATHS = (
					"$(inherited)",
					"@executable_path/Frameworks",
				);
				MARKETING_VERSION = 1.0;
				PRODUCT_BUNDLE_IDENTIFIER = sally.com.Jahez22;
				PRODUCT_NAME = "$(TARGET_NAME)";
				SWIFT_EMIT_LOC_STRINGS = YES;
				SWIFT_VERSION = 5.0;
				TARGETED_DEVICE_FAMILY = "1,2";
			};
			name = Debug;
		};
		EE5893E62712C12900DA8A40 /* Release */ = {
			isa = XCBuildConfiguration;
			buildSettings = {
				ASSETCATALOG_COMPILER_APPICON_NAME = AppIcon;
				ASSETCATALOG_COMPILER_GLOBAL_ACCENT_COLOR_NAME = AccentColor;
				CODE_SIGN_STYLE = Automatic;
				CURRENT_PROJECT_VERSION = 1;
				GENERATE_INFOPLIST_FILE = YES;
				INFOPLIST_FILE = Jahez22/Info.plist;
				INFOPLIST_KEY_UIApplicationSupportsIndirectInputEvents = YES;
				INFOPLIST_KEY_UILaunchStoryboardName = LaunchScreen;
				INFOPLIST_KEY_UIMainStoryboardFile = Main;
				INFOPLIST_KEY_UISupportedInterfaceOrientations_iPad = "UIInterfaceOrientationPortrait UIInterfaceOrientationPortraitUpsideDown UIInterfaceOrientationLandscapeLeft UIInterfaceOrientationLandscapeRight";
				INFOPLIST_KEY_UISupportedInterfaceOrientations_iPhone = "UIInterfaceOrientationPortrait UIInterfaceOrientationLandscapeLeft UIInterfaceOrientationLandscapeRight";
				LD_RUNPATH_SEARCH_PATHS = (
					"$(inherited)",
					"@executable_path/Frameworks",
				);
				MARKETING_VERSION = 1.0;
				PRODUCT_BUNDLE_IDENTIFIER = sally.com.Jahez22;
				PRODUCT_NAME = "$(TARGET_NAME)";
				SWIFT_EMIT_LOC_STRINGS = YES;
				SWIFT_VERSION = 5.0;
				TARGETED_DEVICE_FAMILY = "1,2";
			};
			name = Release;
		};
/* End XCBuildConfiguration section */

/* Begin XCConfigurationList section */
		EE5893CB2712C12800DA8A40 /* Build configuration list for PBXProject "Jahez22" */ = {
			isa = XCConfigurationList;
			buildConfigurations = (
				EE5893E22712C12900DA8A40 /* Debug */,
				EE5893E32712C12900DA8A40 /* Release */,
			);
			defaultConfigurationIsVisible = 0;
			defaultConfigurationName = Release;
		};
		EE5893E42712C12900DA8A40 /* Build configuration list for PBXNativeTarget "Jahez22" */ = {
			isa = XCConfigurationList;
			buildConfigurations = (
				EE5893E52712C12900DA8A40 /* Debug */,
				EE5893E62712C12900DA8A40 /* Release */,
			);
			defaultConfigurationIsVisible = 0;
			defaultConfigurationName = Release;
		};
/* End XCConfigurationList section */
	};
	rootObject = EE5893C82712C12800DA8A40 /* Project object */;
}
