// !$*UTF8*$!
{
	archiveVersion = 1;
	classes = {
	};
	objectVersion = 55;
	objects = {

/* Begin PBXBuildFile section */
		5ECD7F63270DD4140055A951 /* AppDelegate.swift in Sources */ = {isa = PBXBuildFile; fileRef = 5ECD7F62270DD4140055A951 /* AppDelegate.swift */; };
		5ECD7F65270DD4140055A951 /* SceneDelegate.swift in Sources */ = {isa = PBXBuildFile; fileRef = 5ECD7F64270DD4140055A951 /* SceneDelegate.swift */; };
		5ECD7F6A270DD4140055A951 /* Main.storyboard in Resources */ = {isa = PBXBuildFile; fileRef = 5ECD7F68270DD4140055A951 /* Main.storyboard */; };
		5ECD7F6C270DD4150055A951 /* Assets.xcassets in Resources */ = {isa = PBXBuildFile; fileRef = 5ECD7F6B270DD4150055A951 /* Assets.xcassets */; };
		5ECD7F6F270DD4150055A951 /* LaunchScreen.storyboard in Resources */ = {isa = PBXBuildFile; fileRef = 5ECD7F6D270DD4150055A951 /* LaunchScreen.storyboard */; };
		5ECD7F77270DD4440055A951 /* Restaurant.swift in Sources */ = {isa = PBXBuildFile; fileRef = 5ECD7F76270DD4440055A951 /* Restaurant.swift */; };
		5ECD7F79270DD4DA0055A951 /* RestaurantCell.swift in Sources */ = {isa = PBXBuildFile; fileRef = 5ECD7F78270DD4DA0055A951 /* RestaurantCell.swift */; };
		5ECD7F7B270EFE020055A951 /* RestaurantsListVC.swift in Sources */ = {isa = PBXBuildFile; fileRef = 5ECD7F7A270EFE020055A951 /* RestaurantsListVC.swift */; };
		5ECD7F7D270EFE500055A951 /* RestaurantsMenuVC.swift in Sources */ = {isa = PBXBuildFile; fileRef = 5ECD7F7C270EFE500055A951 /* RestaurantsMenuVC.swift */; };
		5ECD7F7F270F02C90055A951 /* MenuCell.swift in Sources */ = {isa = PBXBuildFile; fileRef = 5ECD7F7E270F02C90055A951 /* MenuCell.swift */; };
/* End PBXBuildFile section */

/* Begin PBXFileReference section */
		5ECD7F5F270DD4140055A951 /* jahez pro.app */ = {isa = PBXFileReference; explicitFileType = wrapper.application; includeInIndex = 0; path = "jahez pro.app"; sourceTree = BUILT_PRODUCTS_DIR; };
		5ECD7F62270DD4140055A951 /* AppDelegate.swift */ = {isa = PBXFileReference; lastKnownFileType = sourcecode.swift; path = AppDelegate.swift; sourceTree = "<group>"; };
		5ECD7F64270DD4140055A951 /* SceneDelegate.swift */ = {isa = PBXFileReference; lastKnownFileType = sourcecode.swift; path = SceneDelegate.swift; sourceTree = "<group>"; };
		5ECD7F69270DD4140055A951 /* Base */ = {isa = PBXFileReference; lastKnownFileType = file.storyboard; name = Base; path = Base.lproj/Main.storyboard; sourceTree = "<group>"; };
		5ECD7F6B270DD4150055A951 /* Assets.xcassets */ = {isa = PBXFileReference; lastKnownFileType = folder.assetcatalog; path = Assets.xcassets; sourceTree = "<group>"; };
		5ECD7F6E270DD4150055A951 /* Base */ = {isa = PBXFileReference; lastKnownFileType = file.storyboard; name = Base; path = Base.lproj/LaunchScreen.storyboard; sourceTree = "<group>"; };
		5ECD7F70270DD4150055A951 /* Info.plist */ = {isa = PBXFileReference; lastKnownFileType = text.plist.xml; path = Info.plist; sourceTree = "<group>"; };
		5ECD7F76270DD4440055A951 /* Restaurant.swift */ = {isa = PBXFileReference; lastKnownFileType = sourcecode.swift; path = Restaurant.swift; sourceTree = "<group>"; };
		5ECD7F78270DD4DA0055A951 /* RestaurantCell.swift */ = {isa = PBXFileReference; lastKnownFileType = sourcecode.swift; path = RestaurantCell.swift; sourceTree = "<group>"; };
		5ECD7F7A270EFE020055A951 /* RestaurantsListVC.swift */ = {isa = PBXFileReference; lastKnownFileType = sourcecode.swift; path = RestaurantsListVC.swift; sourceTree = "<group>"; };
		5ECD7F7C270EFE500055A951 /* RestaurantsMenuVC.swift */ = {isa = PBXFileReference; lastKnownFileType = sourcecode.swift; path = RestaurantsMenuVC.swift; sourceTree = "<group>"; };
		5ECD7F7E270F02C90055A951 /* MenuCell.swift */ = {isa = PBXFileReference; lastKnownFileType = sourcecode.swift; path = MenuCell.swift; sourceTree = "<group>"; };
/* End PBXFileReference section */

/* Begin PBXFrameworksBuildPhase section */
		5ECD7F5C270DD4140055A951 /* Frameworks */ = {
			isa = PBXFrameworksBuildPhase;
			buildActionMask = 2147483647;
			files = (
			);
			runOnlyForDeploymentPostprocessing = 0;
		};
/* End PBXFrameworksBuildPhase section */

/* Begin PBXGroup section */
		5ECD7F56270DD4140055A951 = {
			isa = PBXGroup;
			children = (
				5ECD7F61270DD4140055A951 /* jahez pro */,
				5ECD7F60270DD4140055A951 /* Products */,
			);
			sourceTree = "<group>";
		};
		5ECD7F60270DD4140055A951 /* Products */ = {
			isa = PBXGroup;
			children = (
				5ECD7F5F270DD4140055A951 /* jahez pro.app */,
			);
			name = Products;
			sourceTree = "<group>";
		};
		5ECD7F61270DD4140055A951 /* jahez pro */ = {
			isa = PBXGroup;
			children = (
				5ECD7F62270DD4140055A951 /* AppDelegate.swift */,
				5ECD7F64270DD4140055A951 /* SceneDelegate.swift */,
				5ECD7F6B270DD4150055A951 /* Assets.xcassets */,
				5ECD7F6D270DD4150055A951 /* LaunchScreen.storyboard */,
				5ECD7F70270DD4150055A951 /* Info.plist */,
				5ECD7F76270DD4440055A951 /* Restaurant.swift */,
				5ECD7F7A270EFE020055A951 /* RestaurantsListVC.swift */,
				5ECD7F78270DD4DA0055A951 /* RestaurantCell.swift */,
				5ECD7F7C270EFE500055A951 /* RestaurantsMenuVC.swift */,
				5ECD7F7E270F02C90055A951 /* MenuCell.swift */,
				5ECD7F68270DD4140055A951 /* Main.storyboard */,
			);
			path = "jahez pro";
			sourceTree = "<group>";
		};
/* End PBXGroup section */

/* Begin PBXNativeTarget section */
		5ECD7F5E270DD4140055A951 /* jahez pro */ = {
			isa = PBXNativeTarget;
			buildConfigurationList = 5ECD7F73270DD4150055A951 /* Build configuration list for PBXNativeTarget "jahez pro" */;
			buildPhases = (
				5ECD7F5B270DD4140055A951 /* Sources */,
				5ECD7F5C270DD4140055A951 /* Frameworks */,
				5ECD7F5D270DD4140055A951 /* Resources */,
			);
			buildRules = (
			);
			dependencies = (
			);
			name = "jahez pro";
			productName = "jahez pro";
			productReference = 5ECD7F5F270DD4140055A951 /* jahez pro.app */;
			productType = "com.apple.product-type.application";
		};
/* End PBXNativeTarget section */

/* Begin PBXProject section */
		5ECD7F57270DD4140055A951 /* Project object */ = {
			isa = PBXProject;
			attributes = {
				BuildIndependentTargetsInParallel = 1;
				LastSwiftUpdateCheck = 1300;
				LastUpgradeCheck = 1300;
				TargetAttributes = {
					5ECD7F5E270DD4140055A951 = {
						CreatedOnToolsVersion = 13.0;
					};
				};
			};
			buildConfigurationList = 5ECD7F5A270DD4140055A951 /* Build configuration list for PBXProject "jahez pro" */;
			compatibilityVersion = "Xcode 13.0";
			developmentRegion = en;
			hasScannedForEncodings = 0;
			knownRegions = (
				en,
				Base,
			);
			mainGroup = 5ECD7F56270DD4140055A951;
			productRefGroup = 5ECD7F60270DD4140055A951 /* Products */;
			projectDirPath = "";
			projectRoot = "";
			targets = (
				5ECD7F5E270DD4140055A951 /* jahez pro */,
			);
		};
/* End PBXProject section */

/* Begin PBXResourcesBuildPhase section */
		5ECD7F5D270DD4140055A951 /* Resources */ = {
			isa = PBXResourcesBuildPhase;
			buildActionMask = 2147483647;
			files = (
				5ECD7F6F270DD4150055A951 /* LaunchScreen.storyboard in Resources */,
				5ECD7F6C270DD4150055A951 /* Assets.xcassets in Resources */,
				5ECD7F6A270DD4140055A951 /* Main.storyboard in Resources */,
			);
			runOnlyForDeploymentPostprocessing = 0;
		};
/* End PBXResourcesBuildPhase section */

/* Begin PBXSourcesBuildPhase section */
		5ECD7F5B270DD4140055A951 /* Sources */ = {
			isa = PBXSourcesBuildPhase;
			buildActionMask = 2147483647;
			files = (
				5ECD7F79270DD4DA0055A951 /* RestaurantCell.swift in Sources */,
				5ECD7F7F270F02C90055A951 /* MenuCell.swift in Sources */,
				5ECD7F7B270EFE020055A951 /* RestaurantsListVC.swift in Sources */,
				5ECD7F77270DD4440055A951 /* Restaurant.swift in Sources */,
				5ECD7F7D270EFE500055A951 /* RestaurantsMenuVC.swift in Sources */,
				5ECD7F63270DD4140055A951 /* AppDelegate.swift in Sources */,
				5ECD7F65270DD4140055A951 /* SceneDelegate.swift in Sources */,
			);
			runOnlyForDeploymentPostprocessing = 0;
		};
/* End PBXSourcesBuildPhase section */

/* Begin PBXVariantGroup section */
		5ECD7F68270DD4140055A951 /* Main.storyboard */ = {
			isa = PBXVariantGroup;
			children = (
				5ECD7F69270DD4140055A951 /* Base */,
			);
			name = Main.storyboard;
			sourceTree = "<group>";
		};
		5ECD7F6D270DD4150055A951 /* LaunchScreen.storyboard */ = {
			isa = PBXVariantGroup;
			children = (
				5ECD7F6E270DD4150055A951 /* Base */,
			);
			name = LaunchScreen.storyboard;
			sourceTree = "<group>";
		};
/* End PBXVariantGroup section */

/* Begin XCBuildConfiguration section */
		5ECD7F71270DD4150055A951 /* Debug */ = {
			isa = XCBuildConfiguration;
			buildSettings = {
				ALWAYS_SEARCH_USER_PATHS = NO;
				CLANG_ANALYZER_NONNULL = YES;
				CLANG_ANALYZER_NUMBER_OBJECT_CONVERSION = YES_AGGRESSIVE;
				CLANG_CXX_LANGUAGE_STANDARD = "gnu++17";
				CLANG_CXX_LIBRARY = "libc++";
				CLANG_ENABLE_MODULES = YES;
				CLANG_ENABLE_OBJC_ARC = YES;
				CLANG_ENABLE_OBJC_WEAK = YES;
				CLANG_WARN_BLOCK_CAPTURE_AUTORELEASING = YES;
				CLANG_WARN_BOOL_CONVERSION = YES;
				CLANG_WARN_COMMA = YES;
				CLANG_WARN_CONSTANT_CONVERSION = YES;
				CLANG_WARN_DEPRECATED_OBJC_IMPLEMENTATIONS = YES;
				CLANG_WARN_DIRECT_OBJC_ISA_USAGE = YES_ERROR;
				CLANG_WARN_DOCUMENTATION_COMMENTS = YES;
				CLANG_WARN_EMPTY_BODY = YES;
				CLANG_WARN_ENUM_CONVERSION = YES;
				CLANG_WARN_INFINITE_RECURSION = YES;
				CLANG_WARN_INT_CONVERSION = YES;
				CLANG_WARN_NON_LITERAL_NULL_CONVERSION = YES;
				CLANG_WARN_OBJC_IMPLICIT_RETAIN_SELF = YES;
				CLANG_WARN_OBJC_LITERAL_CONVERSION = YES;
				CLANG_WARN_OBJC_ROOT_CLASS = YES_ERROR;
				CLANG_WARN_QUOTED_INCLUDE_IN_FRAMEWORK_HEADER = YES;
				CLANG_WARN_RANGE_LOOP_ANALYSIS = YES;
				CLANG_WARN_STRICT_PROTOTYPES = YES;
				CLANG_WARN_SUSPICIOUS_MOVE = YES;
				CLANG_WARN_UNGUARDED_AVAILABILITY = YES_AGGRESSIVE;
				CLANG_WARN_UNREACHABLE_CODE = YES;
				CLANG_WARN__DUPLICATE_METHOD_MATCH = YES;
				COPY_PHASE_STRIP = NO;
				DEBUG_INFORMATION_FORMAT = dwarf;
				ENABLE_STRICT_OBJC_MSGSEND = YES;
				ENABLE_TESTABILITY = YES;
				GCC_C_LANGUAGE_STANDARD = gnu11;
				GCC_DYNAMIC_NO_PIC = NO;
				GCC_NO_COMMON_BLOCKS = YES;
				GCC_OPTIMIZATION_LEVEL = 0;
				GCC_PREPROCESSOR_DEFINITIONS = (
					"DEBUG=1",
					"$(inherited)",
				);
				GCC_WARN_64_TO_32_BIT_CONVERSION = YES;
				GCC_WARN_ABOUT_RETURN_TYPE = YES_ERROR;
				GCC_WARN_UNDECLARED_SELECTOR = YES;
				GCC_WARN_UNINITIALIZED_AUTOS = YES_AGGRESSIVE;
				GCC_WARN_UNUSED_FUNCTION = YES;
				GCC_WARN_UNUSED_VARIABLE = YES;
				IPHONEOS_DEPLOYMENT_TARGET = 15.0;
				MTL_ENABLE_DEBUG_INFO = INCLUDE_SOURCE;
				MTL_FAST_MATH = YES;
				ONLY_ACTIVE_ARCH = YES;
				SDKROOT = iphoneos;
				SWIFT_ACTIVE_COMPILATION_CONDITIONS = DEBUG;
				SWIFT_OPTIMIZATION_LEVEL = "-Onone";
			};
			name = Debug;
		};
		5ECD7F72270DD4150055A951 /* Release */ = {
			isa = XCBuildConfiguration;
			buildSettings = {
				ALWAYS_SEARCH_USER_PATHS = NO;
				CLANG_ANALYZER_NONNULL = YES;
				CLANG_ANALYZER_NUMBER_OBJECT_CONVERSION = YES_AGGRESSIVE;
				CLANG_CXX_LANGUAGE_STANDARD = "gnu++17";
				CLANG_CXX_LIBRARY = "libc++";
				CLANG_ENABLE_MODULES = YES;
				CLANG_ENABLE_OBJC_ARC = YES;
				CLANG_ENABLE_OBJC_WEAK = YES;
				CLANG_WARN_BLOCK_CAPTURE_AUTORELEASING = YES;
				CLANG_WARN_BOOL_CONVERSION = YES;
				CLANG_WARN_COMMA = YES;
				CLANG_WARN_CONSTANT_CONVERSION = YES;
				CLANG_WARN_DEPRECATED_OBJC_IMPLEMENTATIONS = YES;
				CLANG_WARN_DIRECT_OBJC_ISA_USAGE = YES_ERROR;
				CLANG_WARN_DOCUMENTATION_COMMENTS = YES;
				CLANG_WARN_EMPTY_BODY = YES;
				CLANG_WARN_ENUM_CONVERSION = YES;
				CLANG_WARN_INFINITE_RECURSION = YES;
				CLANG_WARN_INT_CONVERSION = YES;
				CLANG_WARN_NON_LITERAL_NULL_CONVERSION = YES;
				CLANG_WARN_OBJC_IMPLICIT_RETAIN_SELF = YES;
				CLANG_WARN_OBJC_LITERAL_CONVERSION = YES;
				CLANG_WARN_OBJC_ROOT_CLASS = YES_ERROR;
				CLANG_WARN_QUOTED_INCLUDE_IN_FRAMEWORK_HEADER = YES;
				CLANG_WARN_RANGE_LOOP_ANALYSIS = YES;
				CLANG_WARN_STRICT_PROTOTYPES = YES;
				CLANG_WARN_SUSPICIOUS_MOVE = YES;
				CLANG_WARN_UNGUARDED_AVAILABILITY = YES_AGGRESSIVE;
				CLANG_WARN_UNREACHABLE_CODE = YES;
				CLANG_WARN__DUPLICATE_METHOD_MATCH = YES;
				COPY_PHASE_STRIP = NO;
				DEBUG_INFORMATION_FORMAT = "dwarf-with-dsym";
				ENABLE_NS_ASSERTIONS = NO;
				ENABLE_STRICT_OBJC_MSGSEND = YES;
				GCC_C_LANGUAGE_STANDARD = gnu11;
				GCC_NO_COMMON_BLOCKS = YES;
				GCC_WARN_64_TO_32_BIT_CONVERSION = YES;
				GCC_WARN_ABOUT_RETURN_TYPE = YES_ERROR;
				GCC_WARN_UNDECLARED_SELECTOR = YES;
				GCC_WARN_UNINITIALIZED_AUTOS = YES_AGGRESSIVE;
				GCC_WARN_UNUSED_FUNCTION = YES;
				GCC_WARN_UNUSED_VARIABLE = YES;
				IPHONEOS_DEPLOYMENT_TARGET = 15.0;
				MTL_ENABLE_DEBUG_INFO = NO;
				MTL_FAST_MATH = YES;
				SDKROOT = iphoneos;
				SWIFT_COMPILATION_MODE = wholemodule;
				SWIFT_OPTIMIZATION_LEVEL = "-O";
				VALIDATE_PRODUCT = YES;
			};
			name = Release;
		};
		5ECD7F74270DD4150055A951 /* Debug */ = {
			isa = XCBuildConfiguration;
			buildSettings = {
				ASSETCATALOG_COMPILER_APPICON_NAME = AppIcon;
				ASSETCATALOG_COMPILER_GLOBAL_ACCENT_COLOR_NAME = AccentColor;
				CODE_SIGN_STYLE = Automatic;
				CURRENT_PROJECT_VERSION = 1;
				DEVELOPMENT_TEAM = 8DP7WP5D27;
				GENERATE_INFOPLIST_FILE = YES;
				INFOPLIST_FILE = "jahez pro/Info.plist";
				INFOPLIST_KEY_UIApplicationSupportsIndirectInputEvents = YES;
				INFOPLIST_KEY_UILaunchStoryboardName = LaunchScreen;
				INFOPLIST_KEY_UIMainStoryboardFile = Main;
				INFOPLIST_KEY_UISupportedInterfaceOrientations_iPad = "UIInterfaceOrientationPortrait UIInterfaceOrientationPortraitUpsideDown UIInterfaceOrientationLandscapeLeft UIInterfaceOrientationLandscapeRight";
				INFOPLIST_KEY_UISupportedInterfaceOrientations_iPhone = "UIInterfaceOrientationPortrait UIInterfaceOrientationLandscapeLeft UIInterfaceOrientationLandscapeRight";
				LD_RUNPATH_SEARCH_PATHS = (
					"$(inherited)",
					"@executable_path/Frameworks",
				);
				MARKETING_VERSION = 1.0;
				PRODUCT_BUNDLE_IDENTIFIER = "SA.HASSANBIHAN.jahez-pro";
				PRODUCT_NAME = "$(TARGET_NAME)";
				SWIFT_EMIT_LOC_STRINGS = YES;
				SWIFT_VERSION = 5.0;
				TARGETED_DEVICE_FAMILY = "1,2";
			};
			name = Debug;
		};
		5ECD7F75270DD4150055A951 /* Release */ = {
			isa = XCBuildConfiguration;
			buildSettings = {
				ASSETCATALOG_COMPILER_APPICON_NAME = AppIcon;
				ASSETCATALOG_COMPILER_GLOBAL_ACCENT_COLOR_NAME = AccentColor;
				CODE_SIGN_STYLE = Automatic;
				CURRENT_PROJECT_VERSION = 1;
				DEVELOPMENT_TEAM = 8DP7WP5D27;
				GENERATE_INFOPLIST_FILE = YES;
				INFOPLIST_FILE = "jahez pro/Info.plist";
				INFOPLIST_KEY_UIApplicationSupportsIndirectInputEvents = YES;
				INFOPLIST_KEY_UILaunchStoryboardName = LaunchScreen;
				INFOPLIST_KEY_UIMainStoryboardFile = Main;
				INFOPLIST_KEY_UISupportedInterfaceOrientations_iPad = "UIInterfaceOrientationPortrait UIInterfaceOrientationPortraitUpsideDown UIInterfaceOrientationLandscapeLeft UIInterfaceOrientationLandscapeRight";
				INFOPLIST_KEY_UISupportedInterfaceOrientations_iPhone = "UIInterfaceOrientationPortrait UIInterfaceOrientationLandscapeLeft UIInterfaceOrientationLandscapeRight";
				LD_RUNPATH_SEARCH_PATHS = (
					"$(inherited)",
					"@executable_path/Frameworks",
				);
				MARKETING_VERSION = 1.0;
				PRODUCT_BUNDLE_IDENTIFIER = "SA.HASSANBIHAN.jahez-pro";
				PRODUCT_NAME = "$(TARGET_NAME)";
				SWIFT_EMIT_LOC_STRINGS = YES;
				SWIFT_VERSION = 5.0;
				TARGETED_DEVICE_FAMILY = "1,2";
			};
			name = Release;
		};
/* End XCBuildConfiguration section */

/* Begin XCConfigurationList section */
		5ECD7F5A270DD4140055A951 /* Build configuration list for PBXProject "jahez pro" */ = {
			isa = XCConfigurationList;
			buildConfigurations = (
				5ECD7F71270DD4150055A951 /* Debug */,
				5ECD7F72270DD4150055A951 /* Release */,
			);
			defaultConfigurationIsVisible = 0;
			defaultConfigurationName = Release;
		};
		5ECD7F73270DD4150055A951 /* Build configuration list for PBXNativeTarget "jahez pro" */ = {
			isa = XCConfigurationList;
			buildConfigurations = (
				5ECD7F74270DD4150055A951 /* Debug */,
				5ECD7F75270DD4150055A951 /* Release */,
			);
			defaultConfigurationIsVisible = 0;
			defaultConfigurationName = Release;
		};
/* End XCConfigurationList section */
	};
	rootObject = 5ECD7F57270DD4140055A951 /* Project object */;
}
