// !$*UTF8*$!
{
	archiveVersion = 1;
	classes = {
	};
	objectVersion = 55;
	objects = {

/* Begin PBXBuildFile section */
		FAA97F3E270EC3CA00C6B498 /* AppDelegate.swift in Sources */ = {isa = PBXBuildFile; fileRef = FAA97F3D270EC3CA00C6B498 /* AppDelegate.swift */; };
		FAA97F40270EC3CA00C6B498 /* SceneDelegate.swift in Sources */ = {isa = PBXBuildFile; fileRef = FAA97F3F270EC3CA00C6B498 /* SceneDelegate.swift */; };
		FAA97F42270EC3CA00C6B498 /* ResVC.swift in Sources */ = {isa = PBXBuildFile; fileRef = FAA97F41270EC3CA00C6B498 /* ResVC.swift */; };
		FAA97F45270EC3CA00C6B498 /* Main.storyboard in Resources */ = {isa = PBXBuildFile; fileRef = FAA97F43270EC3CA00C6B498 /* Main.storyboard */; };
		FAA97F47270EC3CD00C6B498 /* Assets.xcassets in Resources */ = {isa = PBXBuildFile; fileRef = FAA97F46270EC3CD00C6B498 /* Assets.xcassets */; };
		FAA97F4A270EC3CD00C6B498 /* LaunchScreen.storyboard in Resources */ = {isa = PBXBuildFile; fileRef = FAA97F48270EC3CD00C6B498 /* LaunchScreen.storyboard */; };
		FAA97F52270EC41400C6B498 /* Data_Of_Res.swift in Sources */ = {isa = PBXBuildFile; fileRef = FAA97F51270EC41400C6B498 /* Data_Of_Res.swift */; };
		FAA97F54270F09B600C6B498 /* ResCell.swift in Sources */ = {isa = PBXBuildFile; fileRef = FAA97F53270F09B600C6B498 /* ResCell.swift */; };
		FAA97F58270F812400C6B498 /* ResMenuVc.swift in Sources */ = {isa = PBXBuildFile; fileRef = FAA97F57270F812400C6B498 /* ResMenuVc.swift */; };
		FAA97F5A270F81ED00C6B498 /* ResMenuCell.swift in Sources */ = {isa = PBXBuildFile; fileRef = FAA97F59270F81ED00C6B498 /* ResMenuCell.swift */; };
/* End PBXBuildFile section */

/* Begin PBXFileReference section */
		FAA97F3A270EC3CA00C6B498 /* jahez app.app */ = {isa = PBXFileReference; explicitFileType = wrapper.application; includeInIndex = 0; path = "jahez app.app"; sourceTree = BUILT_PRODUCTS_DIR; };
		FAA97F3D270EC3CA00C6B498 /* AppDelegate.swift */ = {isa = PBXFileReference; lastKnownFileType = sourcecode.swift; path = AppDelegate.swift; sourceTree = "<group>"; };
		FAA97F3F270EC3CA00C6B498 /* SceneDelegate.swift */ = {isa = PBXFileReference; lastKnownFileType = sourcecode.swift; path = SceneDelegate.swift; sourceTree = "<group>"; };
		FAA97F41270EC3CA00C6B498 /* ResVC.swift */ = {isa = PBXFileReference; lastKnownFileType = sourcecode.swift; path = ResVC.swift; sourceTree = "<group>"; };
		FAA97F44270EC3CA00C6B498 /* Base */ = {isa = PBXFileReference; lastKnownFileType = file.storyboard; name = Base; path = Base.lproj/Main.storyboard; sourceTree = "<group>"; };
		FAA97F46270EC3CD00C6B498 /* Assets.xcassets */ = {isa = PBXFileReference; lastKnownFileType = folder.assetcatalog; path = Assets.xcassets; sourceTree = "<group>"; };
		FAA97F49270EC3CD00C6B498 /* Base */ = {isa = PBXFileReference; lastKnownFileType = file.storyboard; name = Base; path = Base.lproj/LaunchScreen.storyboard; sourceTree = "<group>"; };
		FAA97F4B270EC3CD00C6B498 /* Info.plist */ = {isa = PBXFileReference; lastKnownFileType = text.plist.xml; path = Info.plist; sourceTree = "<group>"; };
		FAA97F51270EC41400C6B498 /* Data_Of_Res.swift */ = {isa = PBXFileReference; lastKnownFileType = sourcecode.swift; path = Data_Of_Res.swift; sourceTree = "<group>"; };
		FAA97F53270F09B600C6B498 /* ResCell.swift */ = {isa = PBXFileReference; lastKnownFileType = sourcecode.swift; path = ResCell.swift; sourceTree = "<group>"; };
		FAA97F57270F812400C6B498 /* ResMenuVc.swift */ = {isa = PBXFileReference; lastKnownFileType = sourcecode.swift; path = ResMenuVc.swift; sourceTree = "<group>"; };
		FAA97F59270F81ED00C6B498 /* ResMenuCell.swift */ = {isa = PBXFileReference; lastKnownFileType = sourcecode.swift; path = ResMenuCell.swift; sourceTree = "<group>"; };
/* End PBXFileReference section */

/* Begin PBXFrameworksBuildPhase section */
		FAA97F37270EC3CA00C6B498 /* Frameworks */ = {
			isa = PBXFrameworksBuildPhase;
			buildActionMask = 2147483647;
			files = (
			);
			runOnlyForDeploymentPostprocessing = 0;
		};
/* End PBXFrameworksBuildPhase section */

/* Begin PBXGroup section */
		FAA97F31270EC3CA00C6B498 = {
			isa = PBXGroup;
			children = (
				FAA97F3C270EC3CA00C6B498 /* jahez app */,
				FAA97F3B270EC3CA00C6B498 /* Products */,
			);
			sourceTree = "<group>";
		};
		FAA97F3B270EC3CA00C6B498 /* Products */ = {
			isa = PBXGroup;
			children = (
				FAA97F3A270EC3CA00C6B498 /* jahez app.app */,
			);
			name = Products;
			sourceTree = "<group>";
		};
		FAA97F3C270EC3CA00C6B498 /* jahez app */ = {
			isa = PBXGroup;
			children = (
				FAA97F3D270EC3CA00C6B498 /* AppDelegate.swift */,
				FAA97F3F270EC3CA00C6B498 /* SceneDelegate.swift */,
				FAA97F51270EC41400C6B498 /* Data_Of_Res.swift */,
				FAA97F56270F0A8400C6B498 /* الواجهة الثانية */,
				FAA97F55270F0A0700C6B498 /* الواجهة الاولى */,
				FAA97F43270EC3CA00C6B498 /* Main.storyboard */,
				FAA97F46270EC3CD00C6B498 /* Assets.xcassets */,
				FAA97F48270EC3CD00C6B498 /* LaunchScreen.storyboard */,
				FAA97F4B270EC3CD00C6B498 /* Info.plist */,
			);
			path = "jahez app";
			sourceTree = "<group>";
		};
		FAA97F55270F0A0700C6B498 /* الواجهة الاولى */ = {
			isa = PBXGroup;
			children = (
				FAA97F41270EC3CA00C6B498 /* ResVC.swift */,
				FAA97F53270F09B600C6B498 /* ResCell.swift */,
			);
			path = "الواجهة الاولى";
			sourceTree = "<group>";
		};
		FAA97F56270F0A8400C6B498 /* الواجهة الثانية */ = {
			isa = PBXGroup;
			children = (
				FAA97F57270F812400C6B498 /* ResMenuVc.swift */,
				FAA97F59270F81ED00C6B498 /* ResMenuCell.swift */,
			);
			path = "الواجهة الثانية";
			sourceTree = "<group>";
		};
/* End PBXGroup section */

/* Begin PBXNativeTarget section */
		FAA97F39270EC3CA00C6B498 /* jahez app */ = {
			isa = PBXNativeTarget;
			buildConfigurationList = FAA97F4E270EC3CD00C6B498 /* Build configuration list for PBXNativeTarget "jahez app" */;
			buildPhases = (
				FAA97F36270EC3CA00C6B498 /* Sources */,
				FAA97F37270EC3CA00C6B498 /* Frameworks */,
				FAA97F38270EC3CA00C6B498 /* Resources */,
			);
			buildRules = (
			);
			dependencies = (
			);
			name = "jahez app";
			productName = "jahez app";
			productReference = FAA97F3A270EC3CA00C6B498 /* jahez app.app */;
			productType = "com.apple.product-type.application";
		};
/* End PBXNativeTarget section */

/* Begin PBXProject section */
		FAA97F32270EC3CA00C6B498 /* Project object */ = {
			isa = PBXProject;
			attributes = {
				BuildIndependentTargetsInParallel = 1;
				LastSwiftUpdateCheck = 1300;
				LastUpgradeCheck = 1300;
				TargetAttributes = {
					FAA97F39270EC3CA00C6B498 = {
						CreatedOnToolsVersion = 13.0;
					};
				};
			};
			buildConfigurationList = FAA97F35270EC3CA00C6B498 /* Build configuration list for PBXProject "jahez app" */;
			compatibilityVersion = "Xcode 13.0";
			developmentRegion = en;
			hasScannedForEncodings = 0;
			knownRegions = (
				en,
				Base,
			);
			mainGroup = FAA97F31270EC3CA00C6B498;
			productRefGroup = FAA97F3B270EC3CA00C6B498 /* Products */;
			projectDirPath = "";
			projectRoot = "";
			targets = (
				FAA97F39270EC3CA00C6B498 /* jahez app */,
			);
		};
/* End PBXProject section */

/* Begin PBXResourcesBuildPhase section */
		FAA97F38270EC3CA00C6B498 /* Resources */ = {
			isa = PBXResourcesBuildPhase;
			buildActionMask = 2147483647;
			files = (
				FAA97F4A270EC3CD00C6B498 /* LaunchScreen.storyboard in Resources */,
				FAA97F47270EC3CD00C6B498 /* Assets.xcassets in Resources */,
				FAA97F45270EC3CA00C6B498 /* Main.storyboard in Resources */,
			);
			runOnlyForDeploymentPostprocessing = 0;
		};
/* End PBXResourcesBuildPhase section */

/* Begin PBXSourcesBuildPhase section */
		FAA97F36270EC3CA00C6B498 /* Sources */ = {
			isa = PBXSourcesBuildPhase;
			buildActionMask = 2147483647;
			files = (
				FAA97F42270EC3CA00C6B498 /* ResVC.swift in Sources */,
				FAA97F3E270EC3CA00C6B498 /* AppDelegate.swift in Sources */,
				FAA97F5A270F81ED00C6B498 /* ResMenuCell.swift in Sources */,
				FAA97F58270F812400C6B498 /* ResMenuVc.swift in Sources */,
				FAA97F40270EC3CA00C6B498 /* SceneDelegate.swift in Sources */,
				FAA97F52270EC41400C6B498 /* Data_Of_Res.swift in Sources */,
				FAA97F54270F09B600C6B498 /* ResCell.swift in Sources */,
			);
			runOnlyForDeploymentPostprocessing = 0;
		};
/* End PBXSourcesBuildPhase section */

/* Begin PBXVariantGroup section */
		FAA97F43270EC3CA00C6B498 /* Main.storyboard */ = {
			isa = PBXVariantGroup;
			children = (
				FAA97F44270EC3CA00C6B498 /* Base */,
			);
			name = Main.storyboard;
			sourceTree = "<group>";
		};
		FAA97F48270EC3CD00C6B498 /* LaunchScreen.storyboard */ = {
			isa = PBXVariantGroup;
			children = (
				FAA97F49270EC3CD00C6B498 /* Base */,
			);
			name = LaunchScreen.storyboard;
			sourceTree = "<group>";
		};
/* End PBXVariantGroup section */

/* Begin XCBuildConfiguration section */
		FAA97F4C270EC3CD00C6B498 /* Debug */ = {
			isa = XCBuildConfiguration;
			buildSettings = {
				ALWAYS_SEARCH_USER_PATHS = NO;
				CLANG_ANALYZER_NONNULL = YES;
				CLANG_ANALYZER_NUMBER_OBJECT_CONVERSION = YES_AGGRESSIVE;
				CLANG_CXX_LANGUAGE_STANDARD = "gnu++17";
				CLANG_CXX_LIBRARY = "libc++";
				CLANG_ENABLE_MODULES = YES;
				CLANG_ENABLE_OBJC_ARC = YES;
				CLANG_ENABLE_OBJC_WEAK = YES;
				CLANG_WARN_BLOCK_CAPTURE_AUTORELEASING = YES;
				CLANG_WARN_BOOL_CONVERSION = YES;
				CLANG_WARN_COMMA = YES;
				CLANG_WARN_CONSTANT_CONVERSION = YES;
				CLANG_WARN_DEPRECATED_OBJC_IMPLEMENTATIONS = YES;
				CLANG_WARN_DIRECT_OBJC_ISA_USAGE = YES_ERROR;
				CLANG_WARN_DOCUMENTATION_COMMENTS = YES;
				CLANG_WARN_EMPTY_BODY = YES;
				CLANG_WARN_ENUM_CONVERSION = YES;
				CLANG_WARN_INFINITE_RECURSION = YES;
				CLANG_WARN_INT_CONVERSION = YES;
				CLANG_WARN_NON_LITERAL_NULL_CONVERSION = YES;
				CLANG_WARN_OBJC_IMPLICIT_RETAIN_SELF = YES;
				CLANG_WARN_OBJC_LITERAL_CONVERSION = YES;
				CLANG_WARN_OBJC_ROOT_CLASS = YES_ERROR;
				CLANG_WARN_QUOTED_INCLUDE_IN_FRAMEWORK_HEADER = YES;
				CLANG_WARN_RANGE_LOOP_ANALYSIS = YES;
				CLANG_WARN_STRICT_PROTOTYPES = YES;
				CLANG_WARN_SUSPICIOUS_MOVE = YES;
				CLANG_WARN_UNGUARDED_AVAILABILITY = YES_AGGRESSIVE;
				CLANG_WARN_UNREACHABLE_CODE = YES;
				CLANG_WARN__DUPLICATE_METHOD_MATCH = YES;
				COPY_PHASE_STRIP = NO;
				DEBUG_INFORMATION_FORMAT = dwarf;
				ENABLE_STRICT_OBJC_MSGSEND = YES;
				ENABLE_TESTABILITY = YES;
				GCC_C_LANGUAGE_STANDARD = gnu11;
				GCC_DYNAMIC_NO_PIC = NO;
				GCC_NO_COMMON_BLOCKS = YES;
				GCC_OPTIMIZATION_LEVEL = 0;
				GCC_PREPROCESSOR_DEFINITIONS = (
					"DEBUG=1",
					"$(inherited)",
				);
				GCC_WARN_64_TO_32_BIT_CONVERSION = YES;
				GCC_WARN_ABOUT_RETURN_TYPE = YES_ERROR;
				GCC_WARN_UNDECLARED_SELECTOR = YES;
				GCC_WARN_UNINITIALIZED_AUTOS = YES_AGGRESSIVE;
				GCC_WARN_UNUSED_FUNCTION = YES;
				GCC_WARN_UNUSED_VARIABLE = YES;
				IPHONEOS_DEPLOYMENT_TARGET = 15.0;
				MTL_ENABLE_DEBUG_INFO = INCLUDE_SOURCE;
				MTL_FAST_MATH = YES;
				ONLY_ACTIVE_ARCH = YES;
				SDKROOT = iphoneos;
				SWIFT_ACTIVE_COMPILATION_CONDITIONS = DEBUG;
				SWIFT_OPTIMIZATION_LEVEL = "-Onone";
			};
			name = Debug;
		};
		FAA97F4D270EC3CD00C6B498 /* Release */ = {
			isa = XCBuildConfiguration;
			buildSettings = {
				ALWAYS_SEARCH_USER_PATHS = NO;
				CLANG_ANALYZER_NONNULL = YES;
				CLANG_ANALYZER_NUMBER_OBJECT_CONVERSION = YES_AGGRESSIVE;
				CLANG_CXX_LANGUAGE_STANDARD = "gnu++17";
				CLANG_CXX_LIBRARY = "libc++";
				CLANG_ENABLE_MODULES = YES;
				CLANG_ENABLE_OBJC_ARC = YES;
				CLANG_ENABLE_OBJC_WEAK = YES;
				CLANG_WARN_BLOCK_CAPTURE_AUTORELEASING = YES;
				CLANG_WARN_BOOL_CONVERSION = YES;
				CLANG_WARN_COMMA = YES;
				CLANG_WARN_CONSTANT_CONVERSION = YES;
				CLANG_WARN_DEPRECATED_OBJC_IMPLEMENTATIONS = YES;
				CLANG_WARN_DIRECT_OBJC_ISA_USAGE = YES_ERROR;
				CLANG_WARN_DOCUMENTATION_COMMENTS = YES;
				CLANG_WARN_EMPTY_BODY = YES;
				CLANG_WARN_ENUM_CONVERSION = YES;
				CLANG_WARN_INFINITE_RECURSION = YES;
				CLANG_WARN_INT_CONVERSION = YES;
				CLANG_WARN_NON_LITERAL_NULL_CONVERSION = YES;
				CLANG_WARN_OBJC_IMPLICIT_RETAIN_SELF = YES;
				CLANG_WARN_OBJC_LITERAL_CONVERSION = YES;
				CLANG_WARN_OBJC_ROOT_CLASS = YES_ERROR;
				CLANG_WARN_QUOTED_INCLUDE_IN_FRAMEWORK_HEADER = YES;
				CLANG_WARN_RANGE_LOOP_ANALYSIS = YES;
				CLANG_WARN_STRICT_PROTOTYPES = YES;
				CLANG_WARN_SUSPICIOUS_MOVE = YES;
				CLANG_WARN_UNGUARDED_AVAILABILITY = YES_AGGRESSIVE;
				CLANG_WARN_UNREACHABLE_CODE = YES;
				CLANG_WARN__DUPLICATE_METHOD_MATCH = YES;
				COPY_PHASE_STRIP = NO;
				DEBUG_INFORMATION_FORMAT = "dwarf-with-dsym";
				ENABLE_NS_ASSERTIONS = NO;
				ENABLE_STRICT_OBJC_MSGSEND = YES;
				GCC_C_LANGUAGE_STANDARD = gnu11;
				GCC_NO_COMMON_BLOCKS = YES;
				GCC_WARN_64_TO_32_BIT_CONVERSION = YES;
				GCC_WARN_ABOUT_RETURN_TYPE = YES_ERROR;
				GCC_WARN_UNDECLARED_SELECTOR = YES;
				GCC_WARN_UNINITIALIZED_AUTOS = YES_AGGRESSIVE;
				GCC_WARN_UNUSED_FUNCTION = YES;
				GCC_WARN_UNUSED_VARIABLE = YES;
				IPHONEOS_DEPLOYMENT_TARGET = 15.0;
				MTL_ENABLE_DEBUG_INFO = NO;
				MTL_FAST_MATH = YES;
				SDKROOT = iphoneos;
				SWIFT_COMPILATION_MODE = wholemodule;
				SWIFT_OPTIMIZATION_LEVEL = "-O";
				VALIDATE_PRODUCT = YES;
			};
			name = Release;
		};
		FAA97F4F270EC3CD00C6B498 /* Debug */ = {
			isa = XCBuildConfiguration;
			buildSettings = {
				ASSETCATALOG_COMPILER_APPICON_NAME = AppIcon;
				ASSETCATALOG_COMPILER_GLOBAL_ACCENT_COLOR_NAME = AccentColor;
				CODE_SIGN_STYLE = Automatic;
				CURRENT_PROJECT_VERSION = 1;
				DEVELOPMENT_TEAM = WNNDZRPYU3;
				GENERATE_INFOPLIST_FILE = YES;
				INFOPLIST_FILE = "jahez app/Info.plist";
				INFOPLIST_KEY_UIApplicationSupportsIndirectInputEvents = YES;
				INFOPLIST_KEY_UILaunchStoryboardName = LaunchScreen;
				INFOPLIST_KEY_UIMainStoryboardFile = Main;
				INFOPLIST_KEY_UISupportedInterfaceOrientations_iPad = "UIInterfaceOrientationPortrait UIInterfaceOrientationPortraitUpsideDown UIInterfaceOrientationLandscapeLeft UIInterfaceOrientationLandscapeRight";
				INFOPLIST_KEY_UISupportedInterfaceOrientations_iPhone = "UIInterfaceOrientationPortrait UIInterfaceOrientationLandscapeLeft UIInterfaceOrientationLandscapeRight";
				LD_RUNPATH_SEARCH_PATHS = (
					"$(inherited)",
					"@executable_path/Frameworks",
				);
				MARKETING_VERSION = 1.0;
				PRODUCT_BUNDLE_IDENTIFIER = "sa.waleed.jahez-app";
				PRODUCT_NAME = "$(TARGET_NAME)";
				SWIFT_EMIT_LOC_STRINGS = YES;
				SWIFT_VERSION = 5.0;
				TARGETED_DEVICE_FAMILY = "1,2";
			};
			name = Debug;
		};
		FAA97F50270EC3CD00C6B498 /* Release */ = {
			isa = XCBuildConfiguration;
			buildSettings = {
				ASSETCATALOG_COMPILER_APPICON_NAME = AppIcon;
				ASSETCATALOG_COMPILER_GLOBAL_ACCENT_COLOR_NAME = AccentColor;
				CODE_SIGN_STYLE = Automatic;
				CURRENT_PROJECT_VERSION = 1;
				DEVELOPMENT_TEAM = WNNDZRPYU3;
				GENERATE_INFOPLIST_FILE = YES;
				INFOPLIST_FILE = "jahez app/Info.plist";
				INFOPLIST_KEY_UIApplicationSupportsIndirectInputEvents = YES;
				INFOPLIST_KEY_UILaunchStoryboardName = LaunchScreen;
				INFOPLIST_KEY_UIMainStoryboardFile = Main;
				INFOPLIST_KEY_UISupportedInterfaceOrientations_iPad = "UIInterfaceOrientationPortrait UIInterfaceOrientationPortraitUpsideDown UIInterfaceOrientationLandscapeLeft UIInterfaceOrientationLandscapeRight";
				INFOPLIST_KEY_UISupportedInterfaceOrientations_iPhone = "UIInterfaceOrientationPortrait UIInterfaceOrientationLandscapeLeft UIInterfaceOrientationLandscapeRight";
				LD_RUNPATH_SEARCH_PATHS = (
					"$(inherited)",
					"@executable_path/Frameworks",
				);
				MARKETING_VERSION = 1.0;
				PRODUCT_BUNDLE_IDENTIFIER = "sa.waleed.jahez-app";
				PRODUCT_NAME = "$(TARGET_NAME)";
				SWIFT_EMIT_LOC_STRINGS = YES;
				SWIFT_VERSION = 5.0;
				TARGETED_DEVICE_FAMILY = "1,2";
			};
			name = Release;
		};
/* End XCBuildConfiguration section */

/* Begin XCConfigurationList section */
		FAA97F35270EC3CA00C6B498 /* Build configuration list for PBXProject "jahez app" */ = {
			isa = XCConfigurationList;
			buildConfigurations = (
				FAA97F4C270EC3CD00C6B498 /* Debug */,
				FAA97F4D270EC3CD00C6B498 /* Release */,
			);
			defaultConfigurationIsVisible = 0;
			defaultConfigurationName = Release;
		};
		FAA97F4E270EC3CD00C6B498 /* Build configuration list for PBXNativeTarget "jahez app" */ = {
			isa = XCConfigurationList;
			buildConfigurations = (
				FAA97F4F270EC3CD00C6B498 /* Debug */,
				FAA97F50270EC3CD00C6B498 /* Release */,
			);
			defaultConfigurationIsVisible = 0;
			defaultConfigurationName = Release;
		};
/* End XCConfigurationList section */
	};
	rootObject = FAA97F32270EC3CA00C6B498 /* Project object */;
}
