// !$*UTF8*$!
{
	archiveVersion = 1;
	classes = {
	};
	objectVersion = 55;
	objects = {

/* Begin PBXBuildFile section */
		1F5EB29B2712C18500C37B54 /* AppDelegate.swift in Sources */ = {isa = PBXBuildFile; fileRef = 1F5EB29A2712C18500C37B54 /* AppDelegate.swift */; };
		1F5EB29D2712C18500C37B54 /* SceneDelegate.swift in Sources */ = {isa = PBXBuildFile; fileRef = 1F5EB29C2712C18500C37B54 /* SceneDelegate.swift */; };
		1F5EB2A22712C18500C37B54 /* Main.storyboard in Resources */ = {isa = PBXBuildFile; fileRef = 1F5EB2A02712C18500C37B54 /* Main.storyboard */; };
		1F5EB2A42712C18A00C37B54 /* Assets.xcassets in Resources */ = {isa = PBXBuildFile; fileRef = 1F5EB2A32712C18A00C37B54 /* Assets.xcassets */; };
		1F5EB2A72712C18A00C37B54 /* LaunchScreen.storyboard in Resources */ = {isa = PBXBuildFile; fileRef = 1F5EB2A52712C18A00C37B54 /* LaunchScreen.storyboard */; };
		1F5EB2AF2712CDE700C37B54 /* VC1.swift in Sources */ = {isa = PBXBuildFile; fileRef = 1F5EB2AE2712CDE700C37B54 /* VC1.swift */; };
		1F5EB2B12712CE1100C37B54 /* VC2.swift in Sources */ = {isa = PBXBuildFile; fileRef = 1F5EB2B02712CE1100C37B54 /* VC2.swift */; };
		1F5EB2B32712D0E600C37B54 /* Cell1.swift in Sources */ = {isa = PBXBuildFile; fileRef = 1F5EB2B22712D0E600C37B54 /* Cell1.swift */; };
		1F5EB2B52712D0FF00C37B54 /* Cell2.swift in Sources */ = {isa = PBXBuildFile; fileRef = 1F5EB2B42712D0FF00C37B54 /* Cell2.swift */; };
		1F5EB2B72712DA8200C37B54 /* Data.swift in Sources */ = {isa = PBXBuildFile; fileRef = 1F5EB2B62712DA8200C37B54 /* Data.swift */; };
/* End PBXBuildFile section */

/* Begin PBXFileReference section */
		1F5EB2972712C18500C37B54 /* marsool.app */ = {isa = PBXFileReference; explicitFileType = wrapper.application; includeInIndex = 0; path = marsool.app; sourceTree = BUILT_PRODUCTS_DIR; };
		1F5EB29A2712C18500C37B54 /* AppDelegate.swift */ = {isa = PBXFileReference; lastKnownFileType = sourcecode.swift; path = AppDelegate.swift; sourceTree = "<group>"; };
		1F5EB29C2712C18500C37B54 /* SceneDelegate.swift */ = {isa = PBXFileReference; lastKnownFileType = sourcecode.swift; path = SceneDelegate.swift; sourceTree = "<group>"; };
		1F5EB2A12712C18500C37B54 /* Base */ = {isa = PBXFileReference; lastKnownFileType = file.storyboard; name = Base; path = Base.lproj/Main.storyboard; sourceTree = "<group>"; };
		1F5EB2A32712C18A00C37B54 /* Assets.xcassets */ = {isa = PBXFileReference; lastKnownFileType = folder.assetcatalog; path = Assets.xcassets; sourceTree = "<group>"; };
		1F5EB2A62712C18A00C37B54 /* Base */ = {isa = PBXFileReference; lastKnownFileType = file.storyboard; name = Base; path = Base.lproj/LaunchScreen.storyboard; sourceTree = "<group>"; };
		1F5EB2A82712C18A00C37B54 /* Info.plist */ = {isa = PBXFileReference; lastKnownFileType = text.plist.xml; path = Info.plist; sourceTree = "<group>"; };
		1F5EB2AE2712CDE700C37B54 /* VC1.swift */ = {isa = PBXFileReference; lastKnownFileType = sourcecode.swift; path = VC1.swift; sourceTree = "<group>"; };
		1F5EB2B02712CE1100C37B54 /* VC2.swift */ = {isa = PBXFileReference; lastKnownFileType = sourcecode.swift; path = VC2.swift; sourceTree = "<group>"; };
		1F5EB2B22712D0E600C37B54 /* Cell1.swift */ = {isa = PBXFileReference; lastKnownFileType = sourcecode.swift; path = Cell1.swift; sourceTree = "<group>"; };
		1F5EB2B42712D0FF00C37B54 /* Cell2.swift */ = {isa = PBXFileReference; lastKnownFileType = sourcecode.swift; path = Cell2.swift; sourceTree = "<group>"; };
		1F5EB2B62712DA8200C37B54 /* Data.swift */ = {isa = PBXFileReference; lastKnownFileType = sourcecode.swift; path = Data.swift; sourceTree = "<group>"; };
/* End PBXFileReference section */

/* Begin PBXFrameworksBuildPhase section */
		1F5EB2942712C18500C37B54 /* Frameworks */ = {
			isa = PBXFrameworksBuildPhase;
			buildActionMask = 2147483647;
			files = (
			);
			runOnlyForDeploymentPostprocessing = 0;
		};
/* End PBXFrameworksBuildPhase section */

/* Begin PBXGroup section */
		1F5EB28E2712C18500C37B54 = {
			isa = PBXGroup;
			children = (
				1F5EB2992712C18500C37B54 /* marsool */,
				1F5EB2982712C18500C37B54 /* Products */,
			);
			sourceTree = "<group>";
		};
		1F5EB2982712C18500C37B54 /* Products */ = {
			isa = PBXGroup;
			children = (
				1F5EB2972712C18500C37B54 /* marsool.app */,
			);
			name = Products;
			sourceTree = "<group>";
		};
		1F5EB2992712C18500C37B54 /* marsool */ = {
			isa = PBXGroup;
			children = (
				1F5EB2AE2712CDE700C37B54 /* VC1.swift */,
				1F5EB2B22712D0E600C37B54 /* Cell1.swift */,
				1F5EB2B02712CE1100C37B54 /* VC2.swift */,
				1F5EB2B42712D0FF00C37B54 /* Cell2.swift */,
				1F5EB29A2712C18500C37B54 /* AppDelegate.swift */,
				1F5EB29C2712C18500C37B54 /* SceneDelegate.swift */,
				1F5EB2A02712C18500C37B54 /* Main.storyboard */,
				1F5EB2B62712DA8200C37B54 /* Data.swift */,
				1F5EB2A32712C18A00C37B54 /* Assets.xcassets */,
				1F5EB2A52712C18A00C37B54 /* LaunchScreen.storyboard */,
				1F5EB2A82712C18A00C37B54 /* Info.plist */,
			);
			path = marsool;
			sourceTree = "<group>";
		};
/* End PBXGroup section */

/* Begin PBXNativeTarget section */
		1F5EB2962712C18500C37B54 /* marsool */ = {
			isa = PBXNativeTarget;
			buildConfigurationList = 1F5EB2AB2712C18A00C37B54 /* Build configuration list for PBXNativeTarget "marsool" */;
			buildPhases = (
				1F5EB2932712C18500C37B54 /* Sources */,
				1F5EB2942712C18500C37B54 /* Frameworks */,
				1F5EB2952712C18500C37B54 /* Resources */,
			);
			buildRules = (
			);
			dependencies = (
			);
			name = marsool;
			productName = marsool;
			productReference = 1F5EB2972712C18500C37B54 /* marsool.app */;
			productType = "com.apple.product-type.application";
		};
/* End PBXNativeTarget section */

/* Begin PBXProject section */
		1F5EB28F2712C18500C37B54 /* Project object */ = {
			isa = PBXProject;
			attributes = {
				BuildIndependentTargetsInParallel = 1;
				LastSwiftUpdateCheck = 1300;
				LastUpgradeCheck = 1300;
				TargetAttributes = {
					1F5EB2962712C18500C37B54 = {
						CreatedOnToolsVersion = 13.0;
					};
				};
			};
			buildConfigurationList = 1F5EB2922712C18500C37B54 /* Build configuration list for PBXProject "marsool" */;
			compatibilityVersion = "Xcode 13.0";
			developmentRegion = en;
			hasScannedForEncodings = 0;
			knownRegions = (
				en,
				Base,
			);
			mainGroup = 1F5EB28E2712C18500C37B54;
			productRefGroup = 1F5EB2982712C18500C37B54 /* Products */;
			projectDirPath = "";
			projectRoot = "";
			targets = (
				1F5EB2962712C18500C37B54 /* marsool */,
			);
		};
/* End PBXProject section */

/* Begin PBXResourcesBuildPhase section */
		1F5EB2952712C18500C37B54 /* Resources */ = {
			isa = PBXResourcesBuildPhase;
			buildActionMask = 2147483647;
			files = (
				1F5EB2A72712C18A00C37B54 /* LaunchScreen.storyboard in Resources */,
				1F5EB2A42712C18A00C37B54 /* Assets.xcassets in Resources */,
				1F5EB2A22712C18500C37B54 /* Main.storyboard in Resources */,
			);
			runOnlyForDeploymentPostprocessing = 0;
		};
/* End PBXResourcesBuildPhase section */

/* Begin PBXSourcesBuildPhase section */
		1F5EB2932712C18500C37B54 /* Sources */ = {
			isa = PBXSourcesBuildPhase;
			buildActionMask = 2147483647;
			files = (
				1F5EB2B72712DA8200C37B54 /* Data.swift in Sources */,
				1F5EB2B52712D0FF00C37B54 /* Cell2.swift in Sources */,
				1F5EB2B32712D0E600C37B54 /* Cell1.swift in Sources */,
				1F5EB2AF2712CDE700C37B54 /* VC1.swift in Sources */,
				1F5EB29B2712C18500C37B54 /* AppDelegate.swift in Sources */,
				1F5EB29D2712C18500C37B54 /* SceneDelegate.swift in Sources */,
				1F5EB2B12712CE1100C37B54 /* VC2.swift in Sources */,
			);
			runOnlyForDeploymentPostprocessing = 0;
		};
/* End PBXSourcesBuildPhase section */

/* Begin PBXVariantGroup section */
		1F5EB2A02712C18500C37B54 /* Main.storyboard */ = {
			isa = PBXVariantGroup;
			children = (
				1F5EB2A12712C18500C37B54 /* Base */,
			);
			name = Main.storyboard;
			sourceTree = "<group>";
		};
		1F5EB2A52712C18A00C37B54 /* LaunchScreen.storyboard */ = {
			isa = PBXVariantGroup;
			children = (
				1F5EB2A62712C18A00C37B54 /* Base */,
			);
			name = LaunchScreen.storyboard;
			sourceTree = "<group>";
		};
/* End PBXVariantGroup section */

/* Begin XCBuildConfiguration section */
		1F5EB2A92712C18A00C37B54 /* Debug */ = {
			isa = XCBuildConfiguration;
			buildSettings = {
				ALWAYS_SEARCH_USER_PATHS = NO;
				CLANG_ANALYZER_NONNULL = YES;
				CLANG_ANALYZER_NUMBER_OBJECT_CONVERSION = YES_AGGRESSIVE;
				CLANG_CXX_LANGUAGE_STANDARD = "gnu++17";
				CLANG_CXX_LIBRARY = "libc++";
				CLANG_ENABLE_MODULES = YES;
				CLANG_ENABLE_OBJC_ARC = YES;
				CLANG_ENABLE_OBJC_WEAK = YES;
				CLANG_WARN_BLOCK_CAPTURE_AUTORELEASING = YES;
				CLANG_WARN_BOOL_CONVERSION = YES;
				CLANG_WARN_COMMA = YES;
				CLANG_WARN_CONSTANT_CONVERSION = YES;
				CLANG_WARN_DEPRECATED_OBJC_IMPLEMENTATIONS = YES;
				CLANG_WARN_DIRECT_OBJC_ISA_USAGE = YES_ERROR;
				CLANG_WARN_DOCUMENTATION_COMMENTS = YES;
				CLANG_WARN_EMPTY_BODY = YES;
				CLANG_WARN_ENUM_CONVERSION = YES;
				CLANG_WARN_INFINITE_RECURSION = YES;
				CLANG_WARN_INT_CONVERSION = YES;
				CLANG_WARN_NON_LITERAL_NULL_CONVERSION = YES;
				CLANG_WARN_OBJC_IMPLICIT_RETAIN_SELF = YES;
				CLANG_WARN_OBJC_LITERAL_CONVERSION = YES;
				CLANG_WARN_OBJC_ROOT_CLASS = YES_ERROR;
				CLANG_WARN_QUOTED_INCLUDE_IN_FRAMEWORK_HEADER = YES;
				CLANG_WARN_RANGE_LOOP_ANALYSIS = YES;
				CLANG_WARN_STRICT_PROTOTYPES = YES;
				CLANG_WARN_SUSPICIOUS_MOVE = YES;
				CLANG_WARN_UNGUARDED_AVAILABILITY = YES_AGGRESSIVE;
				CLANG_WARN_UNREACHABLE_CODE = YES;
				CLANG_WARN__DUPLICATE_METHOD_MATCH = YES;
				COPY_PHASE_STRIP = NO;
				DEBUG_INFORMATION_FORMAT = dwarf;
				ENABLE_STRICT_OBJC_MSGSEND = YES;
				ENABLE_TESTABILITY = YES;
				GCC_C_LANGUAGE_STANDARD = gnu11;
				GCC_DYNAMIC_NO_PIC = NO;
				GCC_NO_COMMON_BLOCKS = YES;
				GCC_OPTIMIZATION_LEVEL = 0;
				GCC_PREPROCESSOR_DEFINITIONS = (
					"DEBUG=1",
					"$(inherited)",
				);
				GCC_WARN_64_TO_32_BIT_CONVERSION = YES;
				GCC_WARN_ABOUT_RETURN_TYPE = YES_ERROR;
				GCC_WARN_UNDECLARED_SELECTOR = YES;
				GCC_WARN_UNINITIALIZED_AUTOS = YES_AGGRESSIVE;
				GCC_WARN_UNUSED_FUNCTION = YES;
				GCC_WARN_UNUSED_VARIABLE = YES;
				IPHONEOS_DEPLOYMENT_TARGET = 15.0;
				MTL_ENABLE_DEBUG_INFO = INCLUDE_SOURCE;
				MTL_FAST_MATH = YES;
				ONLY_ACTIVE_ARCH = YES;
				SDKROOT = iphoneos;
				SWIFT_ACTIVE_COMPILATION_CONDITIONS = DEBUG;
				SWIFT_OPTIMIZATION_LEVEL = "-Onone";
			};
			name = Debug;
		};
		1F5EB2AA2712C18A00C37B54 /* Release */ = {
			isa = XCBuildConfiguration;
			buildSettings = {
				ALWAYS_SEARCH_USER_PATHS = NO;
				CLANG_ANALYZER_NONNULL = YES;
				CLANG_ANALYZER_NUMBER_OBJECT_CONVERSION = YES_AGGRESSIVE;
				CLANG_CXX_LANGUAGE_STANDARD = "gnu++17";
				CLANG_CXX_LIBRARY = "libc++";
				CLANG_ENABLE_MODULES = YES;
				CLANG_ENABLE_OBJC_ARC = YES;
				CLANG_ENABLE_OBJC_WEAK = YES;
				CLANG_WARN_BLOCK_CAPTURE_AUTORELEASING = YES;
				CLANG_WARN_BOOL_CONVERSION = YES;
				CLANG_WARN_COMMA = YES;
				CLANG_WARN_CONSTANT_CONVERSION = YES;
				CLANG_WARN_DEPRECATED_OBJC_IMPLEMENTATIONS = YES;
				CLANG_WARN_DIRECT_OBJC_ISA_USAGE = YES_ERROR;
				CLANG_WARN_DOCUMENTATION_COMMENTS = YES;
				CLANG_WARN_EMPTY_BODY = YES;
				CLANG_WARN_ENUM_CONVERSION = YES;
				CLANG_WARN_INFINITE_RECURSION = YES;
				CLANG_WARN_INT_CONVERSION = YES;
				CLANG_WARN_NON_LITERAL_NULL_CONVERSION = YES;
				CLANG_WARN_OBJC_IMPLICIT_RETAIN_SELF = YES;
				CLANG_WARN_OBJC_LITERAL_CONVERSION = YES;
				CLANG_WARN_OBJC_ROOT_CLASS = YES_ERROR;
				CLANG_WARN_QUOTED_INCLUDE_IN_FRAMEWORK_HEADER = YES;
				CLANG_WARN_RANGE_LOOP_ANALYSIS = YES;
				CLANG_WARN_STRICT_PROTOTYPES = YES;
				CLANG_WARN_SUSPICIOUS_MOVE = YES;
				CLANG_WARN_UNGUARDED_AVAILABILITY = YES_AGGRESSIVE;
				CLANG_WARN_UNREACHABLE_CODE = YES;
				CLANG_WARN__DUPLICATE_METHOD_MATCH = YES;
				COPY_PHASE_STRIP = NO;
				DEBUG_INFORMATION_FORMAT = "dwarf-with-dsym";
				ENABLE_NS_ASSERTIONS = NO;
				ENABLE_STRICT_OBJC_MSGSEND = YES;
				GCC_C_LANGUAGE_STANDARD = gnu11;
				GCC_NO_COMMON_BLOCKS = YES;
				GCC_WARN_64_TO_32_BIT_CONVERSION = YES;
				GCC_WARN_ABOUT_RETURN_TYPE = YES_ERROR;
				GCC_WARN_UNDECLARED_SELECTOR = YES;
				GCC_WARN_UNINITIALIZED_AUTOS = YES_AGGRESSIVE;
				GCC_WARN_UNUSED_FUNCTION = YES;
				GCC_WARN_UNUSED_VARIABLE = YES;
				IPHONEOS_DEPLOYMENT_TARGET = 15.0;
				MTL_ENABLE_DEBUG_INFO = NO;
				MTL_FAST_MATH = YES;
				SDKROOT = iphoneos;
				SWIFT_COMPILATION_MODE = wholemodule;
				SWIFT_OPTIMIZATION_LEVEL = "-O";
				VALIDATE_PRODUCT = YES;
			};
			name = Release;
		};
		1F5EB2AC2712C18A00C37B54 /* Debug */ = {
			isa = XCBuildConfiguration;
			buildSettings = {
				ASSETCATALOG_COMPILER_APPICON_NAME = AppIcon;
				ASSETCATALOG_COMPILER_GLOBAL_ACCENT_COLOR_NAME = AccentColor;
				CODE_SIGN_STYLE = Automatic;
				CURRENT_PROJECT_VERSION = 1;
				DEVELOPMENT_TEAM = VVJKC8N3PQ;
				GENERATE_INFOPLIST_FILE = YES;
				INFOPLIST_FILE = marsool/Info.plist;
				INFOPLIST_KEY_UIApplicationSupportsIndirectInputEvents = YES;
				INFOPLIST_KEY_UILaunchStoryboardName = LaunchScreen;
				INFOPLIST_KEY_UIMainStoryboardFile = Main;
				INFOPLIST_KEY_UISupportedInterfaceOrientations_iPad = "UIInterfaceOrientationPortrait UIInterfaceOrientationPortraitUpsideDown UIInterfaceOrientationLandscapeLeft UIInterfaceOrientationLandscapeRight";
				INFOPLIST_KEY_UISupportedInterfaceOrientations_iPhone = "UIInterfaceOrientationPortrait UIInterfaceOrientationLandscapeLeft UIInterfaceOrientationLandscapeRight";
				LD_RUNPATH_SEARCH_PATHS = (
					"$(inherited)",
					"@executable_path/Frameworks",
				);
				MARKETING_VERSION = 1.0;
				PRODUCT_BUNDLE_IDENTIFIER = "com.sara-alzhrani.marsool";
				PRODUCT_NAME = "$(TARGET_NAME)";
				SWIFT_EMIT_LOC_STRINGS = YES;
				SWIFT_VERSION = 5.0;
				TARGETED_DEVICE_FAMILY = "1,2";
			};
			name = Debug;
		};
		1F5EB2AD2712C18A00C37B54 /* Release */ = {
			isa = XCBuildConfiguration;
			buildSettings = {
				ASSETCATALOG_COMPILER_APPICON_NAME = AppIcon;
				ASSETCATALOG_COMPILER_GLOBAL_ACCENT_COLOR_NAME = AccentColor;
				CODE_SIGN_STYLE = Automatic;
				CURRENT_PROJECT_VERSION = 1;
				DEVELOPMENT_TEAM = VVJKC8N3PQ;
				GENERATE_INFOPLIST_FILE = YES;
				INFOPLIST_FILE = marsool/Info.plist;
				INFOPLIST_KEY_UIApplicationSupportsIndirectInputEvents = YES;
				INFOPLIST_KEY_UILaunchStoryboardName = LaunchScreen;
				INFOPLIST_KEY_UIMainStoryboardFile = Main;
				INFOPLIST_KEY_UISupportedInterfaceOrientations_iPad = "UIInterfaceOrientationPortrait UIInterfaceOrientationPortraitUpsideDown UIInterfaceOrientationLandscapeLeft UIInterfaceOrientationLandscapeRight";
				INFOPLIST_KEY_UISupportedInterfaceOrientations_iPhone = "UIInterfaceOrientationPortrait UIInterfaceOrientationLandscapeLeft UIInterfaceOrientationLandscapeRight";
				LD_RUNPATH_SEARCH_PATHS = (
					"$(inherited)",
					"@executable_path/Frameworks",
				);
				MARKETING_VERSION = 1.0;
				PRODUCT_BUNDLE_IDENTIFIER = "com.sara-alzhrani.marsool";
				PRODUCT_NAME = "$(TARGET_NAME)";
				SWIFT_EMIT_LOC_STRINGS = YES;
				SWIFT_VERSION = 5.0;
				TARGETED_DEVICE_FAMILY = "1,2";
			};
			name = Release;
		};
/* End XCBuildConfiguration section */

/* Begin XCConfigurationList section */
		1F5EB2922712C18500C37B54 /* Build configuration list for PBXProject "marsool" */ = {
			isa = XCConfigurationList;
			buildConfigurations = (
				1F5EB2A92712C18A00C37B54 /* Debug */,
				1F5EB2AA2712C18A00C37B54 /* Release */,
			);
			defaultConfigurationIsVisible = 0;
			defaultConfigurationName = Release;
		};
		1F5EB2AB2712C18A00C37B54 /* Build configuration list for PBXNativeTarget "marsool" */ = {
			isa = XCConfigurationList;
			buildConfigurations = (
				1F5EB2AC2712C18A00C37B54 /* Debug */,
				1F5EB2AD2712C18A00C37B54 /* Release */,
			);
			defaultConfigurationIsVisible = 0;
			defaultConfigurationName = Release;
		};
/* End XCConfigurationList section */
	};
	rootObject = 1F5EB28F2712C18500C37B54 /* Project object */;
}
