// !$*UTF8*$!
{
	archiveVersion = 1;
	classes = {
	};
	objectVersion = 50;
	objects = {

/* Begin PBXBuildFile section */
		B5718510270F1C4D00A2CA57 /* RestaurantCell.swift in Sources */ = {isa = PBXBuildFile; fileRef = B571850F270F1C4D00A2CA57 /* RestaurantCell.swift */; };
		B5718513270F1CEF00A2CA57 /* restaurantsListVC.swift in Sources */ = {isa = PBXBuildFile; fileRef = B5718512270F1CEF00A2CA57 /* restaurantsListVC.swift */; };
		B5718518270F1D3E00A2CA57 /* MenuCell.swift in Sources */ = {isa = PBXBuildFile; fileRef = B5718517270F1D3E00A2CA57 /* MenuCell.swift */; };
		B571851A270F35D900A2CA57 /* RestaurantMenuVC.swift in Sources */ = {isa = PBXBuildFile; fileRef = B5718519270F35D900A2CA57 /* RestaurantMenuVC.swift */; };
		B5A487BD270E1B3400EFE229 /* AppDelegate.swift in Sources */ = {isa = PBXBuildFile; fileRef = B5A487BC270E1B3400EFE229 /* AppDelegate.swift */; };
		B5A487BF270E1B3400EFE229 /* SceneDelegate.swift in Sources */ = {isa = PBXBuildFile; fileRef = B5A487BE270E1B3400EFE229 /* SceneDelegate.swift */; };
		B5A487C1270E1B3400EFE229 /* ViewController.swift in Sources */ = {isa = PBXBuildFile; fileRef = B5A487C0270E1B3400EFE229 /* ViewController.swift */; };
		B5A487C4270E1B3400EFE229 /* Main.storyboard in Resources */ = {isa = PBXBuildFile; fileRef = B5A487C2270E1B3400EFE229 /* Main.storyboard */; };
		B5A487C6270E1B3600EFE229 /* Assets.xcassets in Resources */ = {isa = PBXBuildFile; fileRef = B5A487C5270E1B3600EFE229 /* Assets.xcassets */; };
		B5A487C9270E1B3600EFE229 /* LaunchScreen.storyboard in Resources */ = {isa = PBXBuildFile; fileRef = B5A487C7270E1B3600EFE229 /* LaunchScreen.storyboard */; };
		B5A487D1270E2EFE00EFE229 /* Resturant.swift in Sources */ = {isa = PBXBuildFile; fileRef = B5A487D0270E2EFE00EFE229 /* Resturant.swift */; };
/* End PBXBuildFile section */

/* Begin PBXFileReference section */
		B571850F270F1C4D00A2CA57 /* RestaurantCell.swift */ = {isa = PBXFileReference; lastKnownFileType = sourcecode.swift; path = RestaurantCell.swift; sourceTree = "<group>"; };
		B5718512270F1CEF00A2CA57 /* restaurantsListVC.swift */ = {isa = PBXFileReference; lastKnownFileType = sourcecode.swift; path = restaurantsListVC.swift; sourceTree = "<group>"; };
		B5718517270F1D3E00A2CA57 /* MenuCell.swift */ = {isa = PBXFileReference; lastKnownFileType = sourcecode.swift; path = MenuCell.swift; sourceTree = "<group>"; };
		B5718519270F35D900A2CA57 /* RestaurantMenuVC.swift */ = {isa = PBXFileReference; lastKnownFileType = sourcecode.swift; path = RestaurantMenuVC.swift; sourceTree = "<group>"; };
		B5A487B9270E1B3400EFE229 /* FoodDeliveryApp.app */ = {isa = PBXFileReference; explicitFileType = wrapper.application; includeInIndex = 0; path = FoodDeliveryApp.app; sourceTree = BUILT_PRODUCTS_DIR; };
		B5A487BC270E1B3400EFE229 /* AppDelegate.swift */ = {isa = PBXFileReference; lastKnownFileType = sourcecode.swift; path = AppDelegate.swift; sourceTree = "<group>"; };
		B5A487BE270E1B3400EFE229 /* SceneDelegate.swift */ = {isa = PBXFileReference; lastKnownFileType = sourcecode.swift; path = SceneDelegate.swift; sourceTree = "<group>"; };
		B5A487C0270E1B3400EFE229 /* ViewController.swift */ = {isa = PBXFileReference; lastKnownFileType = sourcecode.swift; path = ViewController.swift; sourceTree = "<group>"; };
		B5A487C3270E1B3400EFE229 /* Base */ = {isa = PBXFileReference; lastKnownFileType = file.storyboard; name = Base; path = Base.lproj/Main.storyboard; sourceTree = "<group>"; };
		B5A487C5270E1B3600EFE229 /* Assets.xcassets */ = {isa = PBXFileReference; lastKnownFileType = folder.assetcatalog; path = Assets.xcassets; sourceTree = "<group>"; };
		B5A487C8270E1B3600EFE229 /* Base */ = {isa = PBXFileReference; lastKnownFileType = file.storyboard; name = Base; path = Base.lproj/LaunchScreen.storyboard; sourceTree = "<group>"; };
		B5A487CA270E1B3600EFE229 /* Info.plist */ = {isa = PBXFileReference; lastKnownFileType = text.plist.xml; path = Info.plist; sourceTree = "<group>"; };
		B5A487D0270E2EFE00EFE229 /* Resturant.swift */ = {isa = PBXFileReference; lastKnownFileType = sourcecode.swift; path = Resturant.swift; sourceTree = "<group>"; };
/* End PBXFileReference section */

/* Begin PBXFrameworksBuildPhase section */
		B5A487B6270E1B3400EFE229 /* Frameworks */ = {
			isa = PBXFrameworksBuildPhase;
			buildActionMask = 2147483647;
			files = (
			);
			runOnlyForDeploymentPostprocessing = 0;
		};
/* End PBXFrameworksBuildPhase section */

/* Begin PBXGroup section */
		B5718511270F1CB600A2CA57 /* Group1 */ = {
			isa = PBXGroup;
			children = (
				B5718512270F1CEF00A2CA57 /* restaurantsListVC.swift */,
				B571850F270F1C4D00A2CA57 /* RestaurantCell.swift */,
			);
			path = Group1;
			sourceTree = "<group>";
		};
		B5718514270F1CFB00A2CA57 /*  Group2 */ = {
			isa = PBXGroup;
			children = (
				B5718519270F35D900A2CA57 /* RestaurantMenuVC.swift */,
				B5718517270F1D3E00A2CA57 /* MenuCell.swift */,
			);
			path = " Group2";
			sourceTree = "<group>";
		};
		B5A487B0270E1B3400EFE229 = {
			isa = PBXGroup;
			children = (
				B5A487BB270E1B3400EFE229 /* FoodDeliveryApp */,
				B5A487BA270E1B3400EFE229 /* Products */,
			);
			sourceTree = "<group>";
		};
		B5A487BA270E1B3400EFE229 /* Products */ = {
			isa = PBXGroup;
			children = (
				B5A487B9270E1B3400EFE229 /* FoodDeliveryApp.app */,
			);
			name = Products;
			sourceTree = "<group>";
		};
		B5A487BB270E1B3400EFE229 /* FoodDeliveryApp */ = {
			isa = PBXGroup;
			children = (
				B5718511270F1CB600A2CA57 /* Group1 */,
				B5718514270F1CFB00A2CA57 /*  Group2 */,
				B5A487BC270E1B3400EFE229 /* AppDelegate.swift */,
				B5A487BE270E1B3400EFE229 /* SceneDelegate.swift */,
				B5A487C0270E1B3400EFE229 /* ViewController.swift */,
				B5A487C2270E1B3400EFE229 /* Main.storyboard */,
				B5A487C5270E1B3600EFE229 /* Assets.xcassets */,
				B5A487C7270E1B3600EFE229 /* LaunchScreen.storyboard */,
				B5A487CA270E1B3600EFE229 /* Info.plist */,
				B5A487D0270E2EFE00EFE229 /* Resturant.swift */,
			);
			path = FoodDeliveryApp;
			sourceTree = "<group>";
		};
/* End PBXGroup section */

/* Begin PBXNativeTarget section */
		B5A487B8270E1B3400EFE229 /* FoodDeliveryApp */ = {
			isa = PBXNativeTarget;
			buildConfigurationList = B5A487CD270E1B3600EFE229 /* Build configuration list for PBXNativeTarget "FoodDeliveryApp" */;
			buildPhases = (
				B5A487B5270E1B3400EFE229 /* Sources */,
				B5A487B6270E1B3400EFE229 /* Frameworks */,
				B5A487B7270E1B3400EFE229 /* Resources */,
			);
			buildRules = (
			);
			dependencies = (
			);
			name = FoodDeliveryApp;
			productName = FoodDeliveryApp;
			productReference = B5A487B9270E1B3400EFE229 /* FoodDeliveryApp.app */;
			productType = "com.apple.product-type.application";
		};
/* End PBXNativeTarget section */

/* Begin PBXProject section */
		B5A487B1270E1B3400EFE229 /* Project object */ = {
			isa = PBXProject;
			attributes = {
				LastSwiftUpdateCheck = 1250;
				LastUpgradeCheck = 1250;
				TargetAttributes = {
					B5A487B8270E1B3400EFE229 = {
						CreatedOnToolsVersion = 12.5.1;
					};
				};
			};
			buildConfigurationList = B5A487B4270E1B3400EFE229 /* Build configuration list for PBXProject "FoodDeliveryApp" */;
			compatibilityVersion = "Xcode 9.3";
			developmentRegion = en;
			hasScannedForEncodings = 0;
			knownRegions = (
				en,
				Base,
			);
			mainGroup = B5A487B0270E1B3400EFE229;
			productRefGroup = B5A487BA270E1B3400EFE229 /* Products */;
			projectDirPath = "";
			projectRoot = "";
			targets = (
				B5A487B8270E1B3400EFE229 /* FoodDeliveryApp */,
			);
		};
/* End PBXProject section */

/* Begin PBXResourcesBuildPhase section */
		B5A487B7270E1B3400EFE229 /* Resources */ = {
			isa = PBXResourcesBuildPhase;
			buildActionMask = 2147483647;
			files = (
				B5A487C9270E1B3600EFE229 /* LaunchScreen.storyboard in Resources */,
				B5A487C6270E1B3600EFE229 /* Assets.xcassets in Resources */,
				B5A487C4270E1B3400EFE229 /* Main.storyboard in Resources */,
			);
			runOnlyForDeploymentPostprocessing = 0;
		};
/* End PBXResourcesBuildPhase section */

/* Begin PBXSourcesBuildPhase section */
		B5A487B5270E1B3400EFE229 /* Sources */ = {
			isa = PBXSourcesBuildPhase;
			buildActionMask = 2147483647;
			files = (
				B571851A270F35D900A2CA57 /* RestaurantMenuVC.swift in Sources */,
				B5718513270F1CEF00A2CA57 /* restaurantsListVC.swift in Sources */,
				B5718510270F1C4D00A2CA57 /* RestaurantCell.swift in Sources */,
				B5718518270F1D3E00A2CA57 /* MenuCell.swift in Sources */,
				B5A487C1270E1B3400EFE229 /* ViewController.swift in Sources */,
				B5A487BD270E1B3400EFE229 /* AppDelegate.swift in Sources */,
				B5A487D1270E2EFE00EFE229 /* Resturant.swift in Sources */,
				B5A487BF270E1B3400EFE229 /* SceneDelegate.swift in Sources */,
			);
			runOnlyForDeploymentPostprocessing = 0;
		};
/* End PBXSourcesBuildPhase section */

/* Begin PBXVariantGroup section */
		B5A487C2270E1B3400EFE229 /* Main.storyboard */ = {
			isa = PBXVariantGroup;
			children = (
				B5A487C3270E1B3400EFE229 /* Base */,
			);
			name = Main.storyboard;
			sourceTree = "<group>";
		};
		B5A487C7270E1B3600EFE229 /* LaunchScreen.storyboard */ = {
			isa = PBXVariantGroup;
			children = (
				B5A487C8270E1B3600EFE229 /* Base */,
			);
			name = LaunchScreen.storyboard;
			sourceTree = "<group>";
		};
/* End PBXVariantGroup section */

/* Begin XCBuildConfiguration section */
		B5A487CB270E1B3600EFE229 /* Debug */ = {
			isa = XCBuildConfiguration;
			buildSettings = {
				ALWAYS_SEARCH_USER_PATHS = NO;
				CLANG_ANALYZER_NONNULL = YES;
				CLANG_ANALYZER_NUMBER_OBJECT_CONVERSION = YES_AGGRESSIVE;
				CLANG_CXX_LANGUAGE_STANDARD = "gnu++14";
				CLANG_CXX_LIBRARY = "libc++";
				CLANG_ENABLE_MODULES = YES;
				CLANG_ENABLE_OBJC_ARC = YES;
				CLANG_ENABLE_OBJC_WEAK = YES;
				CLANG_WARN_BLOCK_CAPTURE_AUTORELEASING = YES;
				CLANG_WARN_BOOL_CONVERSION = YES;
				CLANG_WARN_COMMA = YES;
				CLANG_WARN_CONSTANT_CONVERSION = YES;
				CLANG_WARN_DEPRECATED_OBJC_IMPLEMENTATIONS = YES;
				CLANG_WARN_DIRECT_OBJC_ISA_USAGE = YES_ERROR;
				CLANG_WARN_DOCUMENTATION_COMMENTS = YES;
				CLANG_WARN_EMPTY_BODY = YES;
				CLANG_WARN_ENUM_CONVERSION = YES;
				CLANG_WARN_INFINITE_RECURSION = YES;
				CLANG_WARN_INT_CONVERSION = YES;
				CLANG_WARN_NON_LITERAL_NULL_CONVERSION = YES;
				CLANG_WARN_OBJC_IMPLICIT_RETAIN_SELF = YES;
				CLANG_WARN_OBJC_LITERAL_CONVERSION = YES;
				CLANG_WARN_OBJC_ROOT_CLASS = YES_ERROR;
				CLANG_WARN_QUOTED_INCLUDE_IN_FRAMEWORK_HEADER = YES;
				CLANG_WARN_RANGE_LOOP_ANALYSIS = YES;
				CLANG_WARN_STRICT_PROTOTYPES = YES;
				CLANG_WARN_SUSPICIOUS_MOVE = YES;
				CLANG_WARN_UNGUARDED_AVAILABILITY = YES_AGGRESSIVE;
				CLANG_WARN_UNREACHABLE_CODE = YES;
				CLANG_WARN__DUPLICATE_METHOD_MATCH = YES;
				COPY_PHASE_STRIP = NO;
				DEBUG_INFORMATION_FORMAT = dwarf;
				ENABLE_STRICT_OBJC_MSGSEND = YES;
				ENABLE_TESTABILITY = YES;
				GCC_C_LANGUAGE_STANDARD = gnu11;
				GCC_DYNAMIC_NO_PIC = NO;
				GCC_NO_COMMON_BLOCKS = YES;
				GCC_OPTIMIZATION_LEVEL = 0;
				GCC_PREPROCESSOR_DEFINITIONS = (
					"DEBUG=1",
					"$(inherited)",
				);
				GCC_WARN_64_TO_32_BIT_CONVERSION = YES;
				GCC_WARN_ABOUT_RETURN_TYPE = YES_ERROR;
				GCC_WARN_UNDECLARED_SELECTOR = YES;
				GCC_WARN_UNINITIALIZED_AUTOS = YES_AGGRESSIVE;
				GCC_WARN_UNUSED_FUNCTION = YES;
				GCC_WARN_UNUSED_VARIABLE = YES;
				IPHONEOS_DEPLOYMENT_TARGET = 14.5;
				MTL_ENABLE_DEBUG_INFO = INCLUDE_SOURCE;
				MTL_FAST_MATH = YES;
				ONLY_ACTIVE_ARCH = YES;
				SDKROOT = iphoneos;
				SWIFT_ACTIVE_COMPILATION_CONDITIONS = DEBUG;
				SWIFT_OPTIMIZATION_LEVEL = "-Onone";
			};
			name = Debug;
		};
		B5A487CC270E1B3600EFE229 /* Release */ = {
			isa = XCBuildConfiguration;
			buildSettings = {
				ALWAYS_SEARCH_USER_PATHS = NO;
				CLANG_ANALYZER_NONNULL = YES;
				CLANG_ANALYZER_NUMBER_OBJECT_CONVERSION = YES_AGGRESSIVE;
				CLANG_CXX_LANGUAGE_STANDARD = "gnu++14";
				CLANG_CXX_LIBRARY = "libc++";
				CLANG_ENABLE_MODULES = YES;
				CLANG_ENABLE_OBJC_ARC = YES;
				CLANG_ENABLE_OBJC_WEAK = YES;
				CLANG_WARN_BLOCK_CAPTURE_AUTORELEASING = YES;
				CLANG_WARN_BOOL_CONVERSION = YES;
				CLANG_WARN_COMMA = YES;
				CLANG_WARN_CONSTANT_CONVERSION = YES;
				CLANG_WARN_DEPRECATED_OBJC_IMPLEMENTATIONS = YES;
				CLANG_WARN_DIRECT_OBJC_ISA_USAGE = YES_ERROR;
				CLANG_WARN_DOCUMENTATION_COMMENTS = YES;
				CLANG_WARN_EMPTY_BODY = YES;
				CLANG_WARN_ENUM_CONVERSION = YES;
				CLANG_WARN_INFINITE_RECURSION = YES;
				CLANG_WARN_INT_CONVERSION = YES;
				CLANG_WARN_NON_LITERAL_NULL_CONVERSION = YES;
				CLANG_WARN_OBJC_IMPLICIT_RETAIN_SELF = YES;
				CLANG_WARN_OBJC_LITERAL_CONVERSION = YES;
				CLANG_WARN_OBJC_ROOT_CLASS = YES_ERROR;
				CLANG_WARN_QUOTED_INCLUDE_IN_FRAMEWORK_HEADER = YES;
				CLANG_WARN_RANGE_LOOP_ANALYSIS = YES;
				CLANG_WARN_STRICT_PROTOTYPES = YES;
				CLANG_WARN_SUSPICIOUS_MOVE = YES;
				CLANG_WARN_UNGUARDED_AVAILABILITY = YES_AGGRESSIVE;
				CLANG_WARN_UNREACHABLE_CODE = YES;
				CLANG_WARN__DUPLICATE_METHOD_MATCH = YES;
				COPY_PHASE_STRIP = NO;
				DEBUG_INFORMATION_FORMAT = "dwarf-with-dsym";
				ENABLE_NS_ASSERTIONS = NO;
				ENABLE_STRICT_OBJC_MSGSEND = YES;
				GCC_C_LANGUAGE_STANDARD = gnu11;
				GCC_NO_COMMON_BLOCKS = YES;
				GCC_WARN_64_TO_32_BIT_CONVERSION = YES;
				GCC_WARN_ABOUT_RETURN_TYPE = YES_ERROR;
				GCC_WARN_UNDECLARED_SELECTOR = YES;
				GCC_WARN_UNINITIALIZED_AUTOS = YES_AGGRESSIVE;
				GCC_WARN_UNUSED_FUNCTION = YES;
				GCC_WARN_UNUSED_VARIABLE = YES;
				IPHONEOS_DEPLOYMENT_TARGET = 14.5;
				MTL_ENABLE_DEBUG_INFO = NO;
				MTL_FAST_MATH = YES;
				SDKROOT = iphoneos;
				SWIFT_COMPILATION_MODE = wholemodule;
				SWIFT_OPTIMIZATION_LEVEL = "-O";
				VALIDATE_PRODUCT = YES;
			};
			name = Release;
		};
		B5A487CE270E1B3600EFE229 /* Debug */ = {
			isa = XCBuildConfiguration;
			buildSettings = {
				ASSETCATALOG_COMPILER_APPICON_NAME = AppIcon;
				ASSETCATALOG_COMPILER_GLOBAL_ACCENT_COLOR_NAME = AccentColor;
				CODE_SIGN_STYLE = Automatic;
				DEVELOPMENT_TEAM = 88QY68DD2P;
				INFOPLIST_FILE = FoodDeliveryApp/Info.plist;
				LD_RUNPATH_SEARCH_PATHS = (
					"$(inherited)",
					"@executable_path/Frameworks",
				);
				PRODUCT_BUNDLE_IDENTIFIER = com.deemaalkamdi.FoodDeliveryApp;
				PRODUCT_NAME = "$(TARGET_NAME)";
				SWIFT_VERSION = 5.0;
				TARGETED_DEVICE_FAMILY = "1,2";
			};
			name = Debug;
		};
		B5A487CF270E1B3600EFE229 /* Release */ = {
			isa = XCBuildConfiguration;
			buildSettings = {
				ASSETCATALOG_COMPILER_APPICON_NAME = AppIcon;
				ASSETCATALOG_COMPILER_GLOBAL_ACCENT_COLOR_NAME = AccentColor;
				CODE_SIGN_STYLE = Automatic;
				DEVELOPMENT_TEAM = 88QY68DD2P;
				INFOPLIST_FILE = FoodDeliveryApp/Info.plist;
				LD_RUNPATH_SEARCH_PATHS = (
					"$(inherited)",
					"@executable_path/Frameworks",
				);
				PRODUCT_BUNDLE_IDENTIFIER = com.deemaalkamdi.FoodDeliveryApp;
				PRODUCT_NAME = "$(TARGET_NAME)";
				SWIFT_VERSION = 5.0;
				TARGETED_DEVICE_FAMILY = "1,2";
			};
			name = Release;
		};
/* End XCBuildConfiguration section */

/* Begin XCConfigurationList section */
		B5A487B4270E1B3400EFE229 /* Build configuration list for PBXProject "FoodDeliveryApp" */ = {
			isa = XCConfigurationList;
			buildConfigurations = (
				B5A487CB270E1B3600EFE229 /* Debug */,
				B5A487CC270E1B3600EFE229 /* Release */,
			);
			defaultConfigurationIsVisible = 0;
			defaultConfigurationName = Release;
		};
		B5A487CD270E1B3600EFE229 /* Build configuration list for PBXNativeTarget "FoodDeliveryApp" */ = {
			isa = XCConfigurationList;
			buildConfigurations = (
				B5A487CE270E1B3600EFE229 /* Debug */,
				B5A487CF270E1B3600EFE229 /* Release */,
			);
			defaultConfigurationIsVisible = 0;
			defaultConfigurationName = Release;
		};
/* End XCConfigurationList section */
	};
	rootObject = B5A487B1270E1B3400EFE229 /* Project object */;
}
