// !$*UTF8*$!
{
	archiveVersion = 1;
	classes = {
	};
	objectVersion = 55;
	objects = {

/* Begin PBXBuildFile section */
		FABC3B2B2712C09500AC697E /* AppDelegate.swift in Sources */ = {isa = PBXBuildFile; fileRef = FABC3B2A2712C09500AC697E /* AppDelegate.swift */; };
		FABC3B2D2712C09500AC697E /* SceneDelegate.swift in Sources */ = {isa = PBXBuildFile; fileRef = FABC3B2C2712C09500AC697E /* SceneDelegate.swift */; };
		FABC3B322712C09500AC697E /* Main.storyboard in Resources */ = {isa = PBXBuildFile; fileRef = FABC3B302712C09500AC697E /* Main.storyboard */; };
		FABC3B342712C09800AC697E /* Assets.xcassets in Resources */ = {isa = PBXBuildFile; fileRef = FABC3B332712C09800AC697E /* Assets.xcassets */; };
		FABC3B372712C09800AC697E /* LaunchScreen.storyboard in Resources */ = {isa = PBXBuildFile; fileRef = FABC3B352712C09800AC697E /* LaunchScreen.storyboard */; };
		FABC3B3F2712CDD300AC697E /* VC1.swift in Sources */ = {isa = PBXBuildFile; fileRef = FABC3B3E2712CDD300AC697E /* VC1.swift */; };
		FABC3B412712CE0600AC697E /* VC2.swift in Sources */ = {isa = PBXBuildFile; fileRef = FABC3B402712CE0600AC697E /* VC2.swift */; };
		FABC3B432712D0E900AC697E /* Cell1.swift in Sources */ = {isa = PBXBuildFile; fileRef = FABC3B422712D0E900AC697E /* Cell1.swift */; };
		FABC3B452712D10400AC697E /* Cell2.swift in Sources */ = {isa = PBXBuildFile; fileRef = FABC3B442712D10400AC697E /* Cell2.swift */; };
		FABC3B472712DA8600AC697E /* Data.swift in Sources */ = {isa = PBXBuildFile; fileRef = FABC3B462712DA8600AC697E /* Data.swift */; };
/* End PBXBuildFile section */

/* Begin PBXFileReference section */
		FABC3B272712C09500AC697E /* jaheez12.app */ = {isa = PBXFileReference; explicitFileType = wrapper.application; includeInIndex = 0; path = jaheez12.app; sourceTree = BUILT_PRODUCTS_DIR; };
		FABC3B2A2712C09500AC697E /* AppDelegate.swift */ = {isa = PBXFileReference; lastKnownFileType = sourcecode.swift; path = AppDelegate.swift; sourceTree = "<group>"; };
		FABC3B2C2712C09500AC697E /* SceneDelegate.swift */ = {isa = PBXFileReference; lastKnownFileType = sourcecode.swift; path = SceneDelegate.swift; sourceTree = "<group>"; };
		FABC3B312712C09500AC697E /* Base */ = {isa = PBXFileReference; lastKnownFileType = file.storyboard; name = Base; path = Base.lproj/Main.storyboard; sourceTree = "<group>"; };
		FABC3B332712C09800AC697E /* Assets.xcassets */ = {isa = PBXFileReference; lastKnownFileType = folder.assetcatalog; path = Assets.xcassets; sourceTree = "<group>"; };
		FABC3B362712C09800AC697E /* Base */ = {isa = PBXFileReference; lastKnownFileType = file.storyboard; name = Base; path = Base.lproj/LaunchScreen.storyboard; sourceTree = "<group>"; };
		FABC3B382712C09800AC697E /* Info.plist */ = {isa = PBXFileReference; lastKnownFileType = text.plist.xml; path = Info.plist; sourceTree = "<group>"; };
		FABC3B3E2712CDD300AC697E /* VC1.swift */ = {isa = PBXFileReference; lastKnownFileType = sourcecode.swift; path = VC1.swift; sourceTree = "<group>"; };
		FABC3B402712CE0600AC697E /* VC2.swift */ = {isa = PBXFileReference; lastKnownFileType = sourcecode.swift; path = VC2.swift; sourceTree = "<group>"; };
		FABC3B422712D0E900AC697E /* Cell1.swift */ = {isa = PBXFileReference; lastKnownFileType = sourcecode.swift; path = Cell1.swift; sourceTree = "<group>"; };
		FABC3B442712D10400AC697E /* Cell2.swift */ = {isa = PBXFileReference; lastKnownFileType = sourcecode.swift; path = Cell2.swift; sourceTree = "<group>"; };
		FABC3B462712DA8600AC697E /* Data.swift */ = {isa = PBXFileReference; lastKnownFileType = sourcecode.swift; path = Data.swift; sourceTree = "<group>"; };
/* End PBXFileReference section */

/* Begin PBXFrameworksBuildPhase section */
		FABC3B242712C09500AC697E /* Frameworks */ = {
			isa = PBXFrameworksBuildPhase;
			buildActionMask = 2147483647;
			files = (
			);
			runOnlyForDeploymentPostprocessing = 0;
		};
/* End PBXFrameworksBuildPhase section */

/* Begin PBXGroup section */
		FABC3B1E2712C09500AC697E = {
			isa = PBXGroup;
			children = (
				FABC3B292712C09500AC697E /* jaheez12 */,
				FABC3B282712C09500AC697E /* Products */,
			);
			sourceTree = "<group>";
		};
		FABC3B282712C09500AC697E /* Products */ = {
			isa = PBXGroup;
			children = (
				FABC3B272712C09500AC697E /* jaheez12.app */,
			);
			name = Products;
			sourceTree = "<group>";
		};
		FABC3B292712C09500AC697E /* jaheez12 */ = {
			isa = PBXGroup;
			children = (
				FABC3B2A2712C09500AC697E /* AppDelegate.swift */,
				FABC3B2C2712C09500AC697E /* SceneDelegate.swift */,
				FABC3B3E2712CDD300AC697E /* VC1.swift */,
				FABC3B422712D0E900AC697E /* Cell1.swift */,
				FABC3B402712CE0600AC697E /* VC2.swift */,
				FABC3B442712D10400AC697E /* Cell2.swift */,
				FABC3B462712DA8600AC697E /* Data.swift */,
				FABC3B302712C09500AC697E /* Main.storyboard */,
				FABC3B332712C09800AC697E /* Assets.xcassets */,
				FABC3B352712C09800AC697E /* LaunchScreen.storyboard */,
				FABC3B382712C09800AC697E /* Info.plist */,
			);
			path = jaheez12;
			sourceTree = "<group>";
		};
/* End PBXGroup section */

/* Begin PBXNativeTarget section */
		FABC3B262712C09500AC697E /* jaheez12 */ = {
			isa = PBXNativeTarget;
			buildConfigurationList = FABC3B3B2712C09800AC697E /* Build configuration list for PBXNativeTarget "jaheez12" */;
			buildPhases = (
				FABC3B232712C09500AC697E /* Sources */,
				FABC3B242712C09500AC697E /* Frameworks */,
				FABC3B252712C09500AC697E /* Resources */,
			);
			buildRules = (
			);
			dependencies = (
			);
			name = jaheez12;
			productName = jaheez12;
			productReference = FABC3B272712C09500AC697E /* jaheez12.app */;
			productType = "com.apple.product-type.application";
		};
/* End PBXNativeTarget section */

/* Begin PBXProject section */
		FABC3B1F2712C09500AC697E /* Project object */ = {
			isa = PBXProject;
			attributes = {
				BuildIndependentTargetsInParallel = 1;
				LastSwiftUpdateCheck = 1300;
				LastUpgradeCheck = 1300;
				TargetAttributes = {
					FABC3B262712C09500AC697E = {
						CreatedOnToolsVersion = 13.0;
					};
				};
			};
			buildConfigurationList = FABC3B222712C09500AC697E /* Build configuration list for PBXProject "jaheez12" */;
			compatibilityVersion = "Xcode 13.0";
			developmentRegion = en;
			hasScannedForEncodings = 0;
			knownRegions = (
				en,
				Base,
			);
			mainGroup = FABC3B1E2712C09500AC697E;
			productRefGroup = FABC3B282712C09500AC697E /* Products */;
			projectDirPath = "";
			projectRoot = "";
			targets = (
				FABC3B262712C09500AC697E /* jaheez12 */,
			);
		};
/* End PBXProject section */

/* Begin PBXResourcesBuildPhase section */
		FABC3B252712C09500AC697E /* Resources */ = {
			isa = PBXResourcesBuildPhase;
			buildActionMask = 2147483647;
			files = (
				FABC3B372712C09800AC697E /* LaunchScreen.storyboard in Resources */,
				FABC3B342712C09800AC697E /* Assets.xcassets in Resources */,
				FABC3B322712C09500AC697E /* Main.storyboard in Resources */,
			);
			runOnlyForDeploymentPostprocessing = 0;
		};
/* End PBXResourcesBuildPhase section */

/* Begin PBXSourcesBuildPhase section */
		FABC3B232712C09500AC697E /* Sources */ = {
			isa = PBXSourcesBuildPhase;
			buildActionMask = 2147483647;
			files = (
				FABC3B472712DA8600AC697E /* Data.swift in Sources */,
				FABC3B452712D10400AC697E /* Cell2.swift in Sources */,
				FABC3B432712D0E900AC697E /* Cell1.swift in Sources */,
				FABC3B3F2712CDD300AC697E /* VC1.swift in Sources */,
				FABC3B2B2712C09500AC697E /* AppDelegate.swift in Sources */,
				FABC3B2D2712C09500AC697E /* SceneDelegate.swift in Sources */,
				FABC3B412712CE0600AC697E /* VC2.swift in Sources */,
			);
			runOnlyForDeploymentPostprocessing = 0;
		};
/* End PBXSourcesBuildPhase section */

/* Begin PBXVariantGroup section */
		FABC3B302712C09500AC697E /* Main.storyboard */ = {
			isa = PBXVariantGroup;
			children = (
				FABC3B312712C09500AC697E /* Base */,
			);
			name = Main.storyboard;
			sourceTree = "<group>";
		};
		FABC3B352712C09800AC697E /* LaunchScreen.storyboard */ = {
			isa = PBXVariantGroup;
			children = (
				FABC3B362712C09800AC697E /* Base */,
			);
			name = LaunchScreen.storyboard;
			sourceTree = "<group>";
		};
/* End PBXVariantGroup section */

/* Begin XCBuildConfiguration section */
		FABC3B392712C09800AC697E /* Debug */ = {
			isa = XCBuildConfiguration;
			buildSettings = {
				ALWAYS_SEARCH_USER_PATHS = NO;
				CLANG_ANALYZER_NONNULL = YES;
				CLANG_ANALYZER_NUMBER_OBJECT_CONVERSION = YES_AGGRESSIVE;
				CLANG_CXX_LANGUAGE_STANDARD = "gnu++17";
				CLANG_CXX_LIBRARY = "libc++";
				CLANG_ENABLE_MODULES = YES;
				CLANG_ENABLE_OBJC_ARC = YES;
				CLANG_ENABLE_OBJC_WEAK = YES;
				CLANG_WARN_BLOCK_CAPTURE_AUTORELEASING = YES;
				CLANG_WARN_BOOL_CONVERSION = YES;
				CLANG_WARN_COMMA = YES;
				CLANG_WARN_CONSTANT_CONVERSION = YES;
				CLANG_WARN_DEPRECATED_OBJC_IMPLEMENTATIONS = YES;
				CLANG_WARN_DIRECT_OBJC_ISA_USAGE = YES_ERROR;
				CLANG_WARN_DOCUMENTATION_COMMENTS = YES;
				CLANG_WARN_EMPTY_BODY = YES;
				CLANG_WARN_ENUM_CONVERSION = YES;
				CLANG_WARN_INFINITE_RECURSION = YES;
				CLANG_WARN_INT_CONVERSION = YES;
				CLANG_WARN_NON_LITERAL_NULL_CONVERSION = YES;
				CLANG_WARN_OBJC_IMPLICIT_RETAIN_SELF = YES;
				CLANG_WARN_OBJC_LITERAL_CONVERSION = YES;
				CLANG_WARN_OBJC_ROOT_CLASS = YES_ERROR;
				CLANG_WARN_QUOTED_INCLUDE_IN_FRAMEWORK_HEADER = YES;
				CLANG_WARN_RANGE_LOOP_ANALYSIS = YES;
				CLANG_WARN_STRICT_PROTOTYPES = YES;
				CLANG_WARN_SUSPICIOUS_MOVE = YES;
				CLANG_WARN_UNGUARDED_AVAILABILITY = YES_AGGRESSIVE;
				CLANG_WARN_UNREACHABLE_CODE = YES;
				CLANG_WARN__DUPLICATE_METHOD_MATCH = YES;
				COPY_PHASE_STRIP = NO;
				DEBUG_INFORMATION_FORMAT = dwarf;
				ENABLE_STRICT_OBJC_MSGSEND = YES;
				ENABLE_TESTABILITY = YES;
				GCC_C_LANGUAGE_STANDARD = gnu11;
				GCC_DYNAMIC_NO_PIC = NO;
				GCC_NO_COMMON_BLOCKS = YES;
				GCC_OPTIMIZATION_LEVEL = 0;
				GCC_PREPROCESSOR_DEFINITIONS = (
					"DEBUG=1",
					"$(inherited)",
				);
				GCC_WARN_64_TO_32_BIT_CONVERSION = YES;
				GCC_WARN_ABOUT_RETURN_TYPE = YES_ERROR;
				GCC_WARN_UNDECLARED_SELECTOR = YES;
				GCC_WARN_UNINITIALIZED_AUTOS = YES_AGGRESSIVE;
				GCC_WARN_UNUSED_FUNCTION = YES;
				GCC_WARN_UNUSED_VARIABLE = YES;
				IPHONEOS_DEPLOYMENT_TARGET = 15.0;
				MTL_ENABLE_DEBUG_INFO = INCLUDE_SOURCE;
				MTL_FAST_MATH = YES;
				ONLY_ACTIVE_ARCH = YES;
				SDKROOT = iphoneos;
				SWIFT_ACTIVE_COMPILATION_CONDITIONS = DEBUG;
				SWIFT_OPTIMIZATION_LEVEL = "-Onone";
			};
			name = Debug;
		};
		FABC3B3A2712C09800AC697E /* Release */ = {
			isa = XCBuildConfiguration;
			buildSettings = {
				ALWAYS_SEARCH_USER_PATHS = NO;
				CLANG_ANALYZER_NONNULL = YES;
				CLANG_ANALYZER_NUMBER_OBJECT_CONVERSION = YES_AGGRESSIVE;
				CLANG_CXX_LANGUAGE_STANDARD = "gnu++17";
				CLANG_CXX_LIBRARY = "libc++";
				CLANG_ENABLE_MODULES = YES;
				CLANG_ENABLE_OBJC_ARC = YES;
				CLANG_ENABLE_OBJC_WEAK = YES;
				CLANG_WARN_BLOCK_CAPTURE_AUTORELEASING = YES;
				CLANG_WARN_BOOL_CONVERSION = YES;
				CLANG_WARN_COMMA = YES;
				CLANG_WARN_CONSTANT_CONVERSION = YES;
				CLANG_WARN_DEPRECATED_OBJC_IMPLEMENTATIONS = YES;
				CLANG_WARN_DIRECT_OBJC_ISA_USAGE = YES_ERROR;
				CLANG_WARN_DOCUMENTATION_COMMENTS = YES;
				CLANG_WARN_EMPTY_BODY = YES;
				CLANG_WARN_ENUM_CONVERSION = YES;
				CLANG_WARN_INFINITE_RECURSION = YES;
				CLANG_WARN_INT_CONVERSION = YES;
				CLANG_WARN_NON_LITERAL_NULL_CONVERSION = YES;
				CLANG_WARN_OBJC_IMPLICIT_RETAIN_SELF = YES;
				CLANG_WARN_OBJC_LITERAL_CONVERSION = YES;
				CLANG_WARN_OBJC_ROOT_CLASS = YES_ERROR;
				CLANG_WARN_QUOTED_INCLUDE_IN_FRAMEWORK_HEADER = YES;
				CLANG_WARN_RANGE_LOOP_ANALYSIS = YES;
				CLANG_WARN_STRICT_PROTOTYPES = YES;
				CLANG_WARN_SUSPICIOUS_MOVE = YES;
				CLANG_WARN_UNGUARDED_AVAILABILITY = YES_AGGRESSIVE;
				CLANG_WARN_UNREACHABLE_CODE = YES;
				CLANG_WARN__DUPLICATE_METHOD_MATCH = YES;
				COPY_PHASE_STRIP = NO;
				DEBUG_INFORMATION_FORMAT = "dwarf-with-dsym";
				ENABLE_NS_ASSERTIONS = NO;
				ENABLE_STRICT_OBJC_MSGSEND = YES;
				GCC_C_LANGUAGE_STANDARD = gnu11;
				GCC_NO_COMMON_BLOCKS = YES;
				GCC_WARN_64_TO_32_BIT_CONVERSION = YES;
				GCC_WARN_ABOUT_RETURN_TYPE = YES_ERROR;
				GCC_WARN_UNDECLARED_SELECTOR = YES;
				GCC_WARN_UNINITIALIZED_AUTOS = YES_AGGRESSIVE;
				GCC_WARN_UNUSED_FUNCTION = YES;
				GCC_WARN_UNUSED_VARIABLE = YES;
				IPHONEOS_DEPLOYMENT_TARGET = 15.0;
				MTL_ENABLE_DEBUG_INFO = NO;
				MTL_FAST_MATH = YES;
				SDKROOT = iphoneos;
				SWIFT_COMPILATION_MODE = wholemodule;
				SWIFT_OPTIMIZATION_LEVEL = "-O";
				VALIDATE_PRODUCT = YES;
			};
			name = Release;
		};
		FABC3B3C2712C09800AC697E /* Debug */ = {
			isa = XCBuildConfiguration;
			buildSettings = {
				ASSETCATALOG_COMPILER_APPICON_NAME = AppIcon;
				ASSETCATALOG_COMPILER_GLOBAL_ACCENT_COLOR_NAME = AccentColor;
				CODE_SIGN_STYLE = Automatic;
				CURRENT_PROJECT_VERSION = 1;
				DEVELOPMENT_TEAM = WNNDZRPYU3;
				GENERATE_INFOPLIST_FILE = YES;
				INFOPLIST_FILE = jaheez12/Info.plist;
				INFOPLIST_KEY_UIApplicationSupportsIndirectInputEvents = YES;
				INFOPLIST_KEY_UILaunchStoryboardName = LaunchScreen;
				INFOPLIST_KEY_UIMainStoryboardFile = Main;
				INFOPLIST_KEY_UISupportedInterfaceOrientations_iPad = "UIInterfaceOrientationPortrait UIInterfaceOrientationPortraitUpsideDown UIInterfaceOrientationLandscapeLeft UIInterfaceOrientationLandscapeRight";
				INFOPLIST_KEY_UISupportedInterfaceOrientations_iPhone = "UIInterfaceOrientationPortrait UIInterfaceOrientationLandscapeLeft UIInterfaceOrientationLandscapeRight";
				IPHONEOS_DEPLOYMENT_TARGET = 15.0;
				LD_RUNPATH_SEARCH_PATHS = (
					"$(inherited)",
					"@executable_path/Frameworks",
				);
				MARKETING_VERSION = 1.0;
				PRODUCT_BUNDLE_IDENTIFIER = sa.waleed.jaheez12;
				PRODUCT_NAME = "$(TARGET_NAME)";
				SWIFT_EMIT_LOC_STRINGS = YES;
				SWIFT_VERSION = 5.0;
				TARGETED_DEVICE_FAMILY = "1,2";
			};
			name = Debug;
		};
		FABC3B3D2712C09800AC697E /* Release */ = {
			isa = XCBuildConfiguration;
			buildSettings = {
				ASSETCATALOG_COMPILER_APPICON_NAME = AppIcon;
				ASSETCATALOG_COMPILER_GLOBAL_ACCENT_COLOR_NAME = AccentColor;
				CODE_SIGN_STYLE = Automatic;
				CURRENT_PROJECT_VERSION = 1;
				DEVELOPMENT_TEAM = WNNDZRPYU3;
				GENERATE_INFOPLIST_FILE = YES;
				INFOPLIST_FILE = jaheez12/Info.plist;
				INFOPLIST_KEY_UIApplicationSupportsIndirectInputEvents = YES;
				INFOPLIST_KEY_UILaunchStoryboardName = LaunchScreen;
				INFOPLIST_KEY_UIMainStoryboardFile = Main;
				INFOPLIST_KEY_UISupportedInterfaceOrientations_iPad = "UIInterfaceOrientationPortrait UIInterfaceOrientationPortraitUpsideDown UIInterfaceOrientationLandscapeLeft UIInterfaceOrientationLandscapeRight";
				INFOPLIST_KEY_UISupportedInterfaceOrientations_iPhone = "UIInterfaceOrientationPortrait UIInterfaceOrientationLandscapeLeft UIInterfaceOrientationLandscapeRight";
				IPHONEOS_DEPLOYMENT_TARGET = 15.0;
				LD_RUNPATH_SEARCH_PATHS = (
					"$(inherited)",
					"@executable_path/Frameworks",
				);
				MARKETING_VERSION = 1.0;
				PRODUCT_BUNDLE_IDENTIFIER = sa.waleed.jaheez12;
				PRODUCT_NAME = "$(TARGET_NAME)";
				SWIFT_EMIT_LOC_STRINGS = YES;
				SWIFT_VERSION = 5.0;
				TARGETED_DEVICE_FAMILY = "1,2";
			};
			name = Release;
		};
/* End XCBuildConfiguration section */

/* Begin XCConfigurationList section */
		FABC3B222712C09500AC697E /* Build configuration list for PBXProject "jaheez12" */ = {
			isa = XCConfigurationList;
			buildConfigurations = (
				FABC3B392712C09800AC697E /* Debug */,
				FABC3B3A2712C09800AC697E /* Release */,
			);
			defaultConfigurationIsVisible = 0;
			defaultConfigurationName = Release;
		};
		FABC3B3B2712C09800AC697E /* Build configuration list for PBXNativeTarget "jaheez12" */ = {
			isa = XCConfigurationList;
			buildConfigurations = (
				FABC3B3C2712C09800AC697E /* Debug */,
				FABC3B3D2712C09800AC697E /* Release */,
			);
			defaultConfigurationIsVisible = 0;
			defaultConfigurationName = Release;
		};
/* End XCConfigurationList section */
	};
	rootObject = FABC3B1F2712C09500AC697E /* Project object */;
}
